
Microsoft Visual Studio Solution File, Format Version 12.00
# Visual Studio 15
VisualStudioVersion = 15.0.28307.645
MinimumVisualStudioVersion = 10.0.40219.1
Project("{FAE04EC0-301F-11D3-BF4B-00C04F79EFBC}") = "Projeto01", "Projeto01\Projeto01.csproj", "{398A23AF-D174-45D3-BF84-1DB8028995BD}"
EndProject
Project("{FAE04EC0-301F-11D3-BF4B-00C04F79EFBC}") = "Biblioteca", "Biblioteca\Biblioteca.csproj", "{1CFEE936-AFF4-42FA-ABE4-E5500971FAC7}"
EndProject
Global
	GlobalSection(SolutionConfigurationPlatforms) = preSolution
		Debug|Any CPU = Debug|Any CPU
		Release|Any CPU = Release|Any CPU
	EndGlobalSection
	GlobalSection(ProjectConfigurationPlatforms) = postSolution
		{398A23AF-D174-45D3-BF84-1DB8028995BD}.Debug|Any CPU.ActiveCfg = Debug|Any CPU
		{398A23AF-D174-45D3-BF84-1DB8028995BD}.Debug|Any CPU.Build.0 = Debug|Any CPU
		{398A23AF-D174-45D3-BF84-1DB8028995BD}.Release|Any CPU.ActiveCfg = Release|Any CPU
		{398A23AF-D174-45D3-BF84-1DB8028995BD}.Release|Any CPU.Build.0 = Release|Any CPU
		{1CFEE936-AFF4-42FA-ABE4-E5500971FAC7}.Debug|Any CPU.ActiveCfg = Debug|Any CPU
		{1CFEE936-AFF4-42FA-ABE4-E5500971FAC7}.Debug|Any CPU.Build.0 = Debug|Any CPU
		{1CFEE936-AFF4-42FA-ABE4-E5500971FAC7}.Release|Any CPU.ActiveCfg = Release|Any CPU
		{1CFEE936-AFF4-42FA-ABE4-E5500971FAC7}.Release|Any CPU.Build.0 = Release|Any CPU
	EndGlobalSection
	GlobalSection(SolutionProperties) = preSolution
		HideSolutionNode = FALSE
	EndGlobalSection
	GlobalSection(ExtensibilityGlobals) = postSolution
		SolutionGuid = {DA246B93-AA36-4B82-96A8-5AAE050E4529}
	EndGlobalSection
EndGlobal
