
Microsoft Visual Studio Solution File, Format Version 12.00
# Visual Studio 15
VisualStudioVersion = 15.0.28307.1022
MinimumVisualStudioVersion = 10.0.40219.1
Project("{FAE04EC0-301F-11D3-BF4B-00C04F79EFBC}") = "P09_Cinemix.Android", "P09_Cinemix\P09_Cinemix.Android\P09_Cinemix.Android.csproj", "{03721439-8230-4421-92AC-5D2D355D901D}"
EndProject
Project("{FAE04EC0-301F-11D3-BF4B-00C04F79EFBC}") = "P09_Cinemix.iOS", "P09_Cinemix\P09_Cinemix.iOS\P09_Cinemix.iOS.csproj", "{FBBB65F3-5F27-4C5F-A9AD-1E179774A600}"
EndProject
Project("{FAE04EC0-301F-11D3-BF4B-00C04F79EFBC}") = "P09_Cinemix.UWP", "P09_Cinemix\P09_Cinemix.UWP\P09_Cinemix.UWP.csproj", "{8BA201DF-4175-44BE-AE6A-2F068D9A63A7}"
EndProject
Project("{FAE04EC0-301F-11D3-BF4B-00C04F79EFBC}") = "P09_Cinemix", "P09_Cinemix\P09_Cinemix\P09_Cinemix.csproj", "{B2A12864-DA2D-4D55-B12C-C8A25F731306}"
EndProject
Global
	GlobalSection(SolutionConfigurationPlatforms) = preSolution
		Ad-Hoc|Any CPU = Ad-Hoc|Any CPU
		Ad-Hoc|ARM = Ad-Hoc|ARM
		Ad-Hoc|iPhone = Ad-Hoc|iPhone
		Ad-Hoc|iPhoneSimulator = Ad-Hoc|iPhoneSimulator
		Ad-Hoc|x64 = Ad-Hoc|x64
		Ad-Hoc|x86 = Ad-Hoc|x86
		AppStore|Any CPU = AppStore|Any CPU
		AppStore|ARM = AppStore|ARM
		AppStore|iPhone = AppStore|iPhone
		AppStore|iPhoneSimulator = AppStore|iPhoneSimulator
		AppStore|x64 = AppStore|x64
		AppStore|x86 = AppStore|x86
		Debug|Any CPU = Debug|Any CPU
		Debug|ARM = Debug|ARM
		Debug|iPhone = Debug|iPhone
		Debug|iPhoneSimulator = Debug|iPhoneSimulator
		Debug|x64 = Debug|x64
		Debug|x86 = Debug|x86
		Release|Any CPU = Release|Any CPU
		Release|ARM = Release|ARM
		Release|iPhone = Release|iPhone
		Release|iPhoneSimulator = Release|iPhoneSimulator
		Release|x64 = Release|x64
		Release|x86 = Release|x86
	EndGlobalSection
	GlobalSection(ProjectConfigurationPlatforms) = postSolution
		{03721439-8230-4421-92AC-5D2D355D901D}.Ad-Hoc|Any CPU.ActiveCfg = Release|Any CPU
		{03721439-8230-4421-92AC-5D2D355D901D}.Ad-Hoc|Any CPU.Build.0 = Release|Any CPU
		{03721439-8230-4421-92AC-5D2D355D901D}.Ad-Hoc|Any CPU.Deploy.0 = Release|Any CPU
		{03721439-8230-4421-92AC-5D2D355D901D}.Ad-Hoc|ARM.ActiveCfg = Release|Any CPU
		{03721439-8230-4421-92AC-5D2D355D901D}.Ad-Hoc|ARM.Build.0 = Release|Any CPU
		{03721439-8230-4421-92AC-5D2D355D901D}.Ad-Hoc|ARM.Deploy.0 = Release|Any CPU
		{03721439-8230-4421-92AC-5D2D355D901D}.Ad-Hoc|iPhone.ActiveCfg = Release|Any CPU
		{03721439-8230-4421-92AC-5D2D355D901D}.Ad-Hoc|iPhone.Build.0 = Release|Any CPU
		{03721439-8230-4421-92AC-5D2D355D901D}.Ad-Hoc|iPhone.Deploy.0 = Release|Any CPU
		{03721439-8230-4421-92AC-5D2D355D901D}.Ad-Hoc|iPhoneSimulator.ActiveCfg = Release|Any CPU
		{03721439-8230-4421-92AC-5D2D355D901D}.Ad-Hoc|iPhoneSimulator.Build.0 = Release|Any CPU
		{03721439-8230-4421-92AC-5D2D355D901D}.Ad-Hoc|iPhoneSimulator.Deploy.0 = Release|Any CPU
		{03721439-8230-4421-92AC-5D2D355D901D}.Ad-Hoc|x64.ActiveCfg = Release|Any CPU
		{03721439-8230-4421-92AC-5D2D355D901D}.Ad-Hoc|x64.Build.0 = Release|Any CPU
		{03721439-8230-4421-92AC-5D2D355D901D}.Ad-Hoc|x64.Deploy.0 = Release|Any CPU
		{03721439-8230-4421-92AC-5D2D355D901D}.Ad-Hoc|x86.ActiveCfg = Release|Any CPU
		{03721439-8230-4421-92AC-5D2D355D901D}.Ad-Hoc|x86.Build.0 = Release|Any CPU
		{03721439-8230-4421-92AC-5D2D355D901D}.Ad-Hoc|x86.Deploy.0 = Release|Any CPU
		{03721439-8230-4421-92AC-5D2D355D901D}.AppStore|Any CPU.ActiveCfg = Release|Any CPU
		{03721439-8230-4421-92AC-5D2D355D901D}.AppStore|Any CPU.Build.0 = Release|Any CPU
		{03721439-8230-4421-92AC-5D2D355D901D}.AppStore|Any CPU.Deploy.0 = Release|Any CPU
		{03721439-8230-4421-92AC-5D2D355D901D}.AppStore|ARM.ActiveCfg = Release|Any CPU
		{03721439-8230-4421-92AC-5D2D355D901D}.AppStore|ARM.Build.0 = Release|Any CPU
		{03721439-8230-4421-92AC-5D2D355D901D}.AppStore|ARM.Deploy.0 = Release|Any CPU
		{03721439-8230-4421-92AC-5D2D355D901D}.AppStore|iPhone.ActiveCfg = Release|Any CPU
		{03721439-8230-4421-92AC-5D2D355D901D}.AppStore|iPhone.Build.0 = Release|Any CPU
		{03721439-8230-4421-92AC-5D2D355D901D}.AppStore|iPhone.Deploy.0 = Release|Any CPU
		{03721439-8230-4421-92AC-5D2D355D901D}.AppStore|iPhoneSimulator.ActiveCfg = Release|Any CPU
		{03721439-8230-4421-92AC-5D2D355D901D}.AppStore|iPhoneSimulator.Build.0 = Release|Any CPU
		{03721439-8230-4421-92AC-5D2D355D901D}.AppStore|iPhoneSimulator.Deploy.0 = Release|Any CPU
		{03721439-8230-4421-92AC-5D2D355D901D}.AppStore|x64.ActiveCfg = Release|Any CPU
		{03721439-8230-4421-92AC-5D2D355D901D}.AppStore|x64.Build.0 = Release|Any CPU
		{03721439-8230-4421-92AC-5D2D355D901D}.AppStore|x64.Deploy.0 = Release|Any CPU
		{03721439-8230-4421-92AC-5D2D355D901D}.AppStore|x86.ActiveCfg = Release|Any CPU
		{03721439-8230-4421-92AC-5D2D355D901D}.AppStore|x86.Build.0 = Release|Any CPU
		{03721439-8230-4421-92AC-5D2D355D901D}.AppStore|x86.Deploy.0 = Release|Any CPU
		{03721439-8230-4421-92AC-5D2D355D901D}.Debug|Any CPU.ActiveCfg = Debug|Any CPU
		{03721439-8230-4421-92AC-5D2D355D901D}.Debug|Any CPU.Build.0 = Debug|Any CPU
		{03721439-8230-4421-92AC-5D2D355D901D}.Debug|Any CPU.Deploy.0 = Debug|Any CPU
		{03721439-8230-4421-92AC-5D2D355D901D}.Debug|ARM.ActiveCfg = Debug|Any CPU
		{03721439-8230-4421-92AC-5D2D355D901D}.Debug|ARM.Build.0 = Debug|Any CPU
		{03721439-8230-4421-92AC-5D2D355D901D}.Debug|ARM.Deploy.0 = Debug|Any CPU
		{03721439-8230-4421-92AC-5D2D355D901D}.Debug|iPhone.ActiveCfg = Debug|Any CPU
		{03721439-8230-4421-92AC-5D2D355D901D}.Debug|iPhone.Build.0 = Debug|Any CPU
		{03721439-8230-4421-92AC-5D2D355D901D}.Debug|iPhone.Deploy.0 = Debug|Any CPU
		{03721439-8230-4421-92AC-5D2D355D901D}.Debug|iPhoneSimulator.ActiveCfg = Debug|Any CPU
		{03721439-8230-4421-92AC-5D2D355D901D}.Debug|iPhoneSimulator.Build.0 = Debug|Any CPU
		{03721439-8230-4421-92AC-5D2D355D901D}.Debug|iPhoneSimulator.Deploy.0 = Debug|Any CPU
		{03721439-8230-4421-92AC-5D2D355D901D}.Debug|x64.ActiveCfg = Debug|Any CPU
		{03721439-8230-4421-92AC-5D2D355D901D}.Debug|x64.Build.0 = Debug|Any CPU
		{03721439-8230-4421-92AC-5D2D355D901D}.Debug|x64.Deploy.0 = Debug|Any CPU
		{03721439-8230-4421-92AC-5D2D355D901D}.Debug|x86.ActiveCfg = Debug|Any CPU
		{03721439-8230-4421-92AC-5D2D355D901D}.Debug|x86.Build.0 = Debug|Any CPU
		{03721439-8230-4421-92AC-5D2D355D901D}.Debug|x86.Deploy.0 = Debug|Any CPU
		{03721439-8230-4421-92AC-5D2D355D901D}.Release|Any CPU.ActiveCfg = Release|Any CPU
		{03721439-8230-4421-92AC-5D2D355D901D}.Release|Any CPU.Build.0 = Release|Any CPU
		{03721439-8230-4421-92AC-5D2D355D901D}.Release|Any CPU.Deploy.0 = Release|Any CPU
		{03721439-8230-4421-92AC-5D2D355D901D}.Release|ARM.ActiveCfg = Release|Any CPU
		{03721439-8230-4421-92AC-5D2D355D901D}.Release|ARM.Build.0 = Release|Any CPU
		{03721439-8230-4421-92AC-5D2D355D901D}.Release|ARM.Deploy.0 = Release|Any CPU
		{03721439-8230-4421-92AC-5D2D355D901D}.Release|iPhone.ActiveCfg = Release|Any CPU
		{03721439-8230-4421-92AC-5D2D355D901D}.Release|iPhone.Build.0 = Release|Any CPU
		{03721439-8230-4421-92AC-5D2D355D901D}.Release|iPhone.Deploy.0 = Release|Any CPU
		{03721439-8230-4421-92AC-5D2D355D901D}.Release|iPhoneSimulator.ActiveCfg = Release|Any CPU
		{03721439-8230-4421-92AC-5D2D355D901D}.Release|iPhoneSimulator.Build.0 = Release|Any CPU
		{03721439-8230-4421-92AC-5D2D355D901D}.Release|iPhoneSimulator.Deploy.0 = Release|Any CPU
		{03721439-8230-4421-92AC-5D2D355D901D}.Release|x64.ActiveCfg = Release|Any CPU
		{03721439-8230-4421-92AC-5D2D355D901D}.Release|x64.Build.0 = Release|Any CPU
		{03721439-8230-4421-92AC-5D2D355D901D}.Release|x64.Deploy.0 = Release|Any CPU
		{03721439-8230-4421-92AC-5D2D355D901D}.Release|x86.ActiveCfg = Release|Any CPU
		{03721439-8230-4421-92AC-5D2D355D901D}.Release|x86.Build.0 = Release|Any CPU
		{03721439-8230-4421-92AC-5D2D355D901D}.Release|x86.Deploy.0 = Release|Any CPU
		{FBBB65F3-5F27-4C5F-A9AD-1E179774A600}.Ad-Hoc|Any CPU.ActiveCfg = Ad-Hoc|iPhone
		{FBBB65F3-5F27-4C5F-A9AD-1E179774A600}.Ad-Hoc|Any CPU.Build.0 = Ad-Hoc|iPhone
		{FBBB65F3-5F27-4C5F-A9AD-1E179774A600}.Ad-Hoc|Any CPU.Deploy.0 = Ad-Hoc|iPhone
		{FBBB65F3-5F27-4C5F-A9AD-1E179774A600}.Ad-Hoc|ARM.ActiveCfg = Ad-Hoc|iPhone
		{FBBB65F3-5F27-4C5F-A9AD-1E179774A600}.Ad-Hoc|ARM.Build.0 = Ad-Hoc|iPhone
		{FBBB65F3-5F27-4C5F-A9AD-1E179774A600}.Ad-Hoc|ARM.Deploy.0 = Ad-Hoc|iPhone
		{FBBB65F3-5F27-4C5F-A9AD-1E179774A600}.Ad-Hoc|iPhone.ActiveCfg = Ad-Hoc|iPhone
		{FBBB65F3-5F27-4C5F-A9AD-1E179774A600}.Ad-Hoc|iPhone.Build.0 = Ad-Hoc|iPhone
		{FBBB65F3-5F27-4C5F-A9AD-1E179774A600}.Ad-Hoc|iPhone.Deploy.0 = Ad-Hoc|iPhone
		{FBBB65F3-5F27-4C5F-A9AD-1E179774A600}.Ad-Hoc|iPhoneSimulator.ActiveCfg = Ad-Hoc|iPhoneSimulator
		{FBBB65F3-5F27-4C5F-A9AD-1E179774A600}.Ad-Hoc|iPhoneSimulator.Build.0 = Ad-Hoc|iPhoneSimulator
		{FBBB65F3-5F27-4C5F-A9AD-1E179774A600}.Ad-Hoc|iPhoneSimulator.Deploy.0 = Ad-Hoc|iPhoneSimulator
		{FBBB65F3-5F27-4C5F-A9AD-1E179774A600}.Ad-Hoc|x64.ActiveCfg = Ad-Hoc|iPhone
		{FBBB65F3-5F27-4C5F-A9AD-1E179774A600}.Ad-Hoc|x64.Build.0 = Ad-Hoc|iPhone
		{FBBB65F3-5F27-4C5F-A9AD-1E179774A600}.Ad-Hoc|x64.Deploy.0 = Ad-Hoc|iPhone
		{FBBB65F3-5F27-4C5F-A9AD-1E179774A600}.Ad-Hoc|x86.ActiveCfg = Ad-Hoc|iPhone
		{FBBB65F3-5F27-4C5F-A9AD-1E179774A600}.Ad-Hoc|x86.Build.0 = Ad-Hoc|iPhone
		{FBBB65F3-5F27-4C5F-A9AD-1E179774A600}.Ad-Hoc|x86.Deploy.0 = Ad-Hoc|iPhone
		{FBBB65F3-5F27-4C5F-A9AD-1E179774A600}.AppStore|Any CPU.ActiveCfg = AppStore|iPhone
		{FBBB65F3-5F27-4C5F-A9AD-1E179774A600}.AppStore|Any CPU.Build.0 = AppStore|iPhone
		{FBBB65F3-5F27-4C5F-A9AD-1E179774A600}.AppStore|Any CPU.Deploy.0 = AppStore|iPhone
		{FBBB65F3-5F27-4C5F-A9AD-1E179774A600}.AppStore|ARM.ActiveCfg = AppStore|iPhone
		{FBBB65F3-5F27-4C5F-A9AD-1E179774A600}.AppStore|ARM.Build.0 = AppStore|iPhone
		{FBBB65F3-5F27-4C5F-A9AD-1E179774A600}.AppStore|ARM.Deploy.0 = AppStore|iPhone
		{FBBB65F3-5F27-4C5F-A9AD-1E179774A600}.AppStore|iPhone.ActiveCfg = AppStore|iPhone
		{FBBB65F3-5F27-4C5F-A9AD-1E179774A600}.AppStore|iPhone.Build.0 = AppStore|iPhone
		{FBBB65F3-5F27-4C5F-A9AD-1E179774A600}.AppStore|iPhone.Deploy.0 = AppStore|iPhone
		{FBBB65F3-5F27-4C5F-A9AD-1E179774A600}.AppStore|iPhoneSimulator.ActiveCfg = AppStore|iPhoneSimulator
		{FBBB65F3-5F27-4C5F-A9AD-1E179774A600}.AppStore|iPhoneSimulator.Build.0 = AppStore|iPhoneSimulator
		{FBBB65F3-5F27-4C5F-A9AD-1E179774A600}.AppStore|iPhoneSimulator.Deploy.0 = AppStore|iPhoneSimulator
		{FBBB65F3-5F27-4C5F-A9AD-1E179774A600}.AppStore|x64.ActiveCfg = AppStore|iPhone
		{FBBB65F3-5F27-4C5F-A9AD-1E179774A600}.AppStore|x64.Build.0 = AppStore|iPhone
		{FBBB65F3-5F27-4C5F-A9AD-1E179774A600}.AppStore|x64.Deploy.0 = AppStore|iPhone
		{FBBB65F3-5F27-4C5F-A9AD-1E179774A600}.AppStore|x86.ActiveCfg = AppStore|iPhone
		{FBBB65F3-5F27-4C5F-A9AD-1E179774A600}.AppStore|x86.Build.0 = AppStore|iPhone
		{FBBB65F3-5F27-4C5F-A9AD-1E179774A600}.AppStore|x86.Deploy.0 = AppStore|iPhone
		{FBBB65F3-5F27-4C5F-A9AD-1E179774A600}.Debug|Any CPU.ActiveCfg = Debug|iPhoneSimulator
		{FBBB65F3-5F27-4C5F-A9AD-1E179774A600}.Debug|Any CPU.Build.0 = Debug|iPhoneSimulator
		{FBBB65F3-5F27-4C5F-A9AD-1E179774A600}.Debug|Any CPU.Deploy.0 = Debug|iPhoneSimulator
		{FBBB65F3-5F27-4C5F-A9AD-1E179774A600}.Debug|ARM.ActiveCfg = Debug|iPhone
		{FBBB65F3-5F27-4C5F-A9AD-1E179774A600}.Debug|ARM.Build.0 = Debug|iPhone
		{FBBB65F3-5F27-4C5F-A9AD-1E179774A600}.Debug|ARM.Deploy.0 = Debug|iPhone
		{FBBB65F3-5F27-4C5F-A9AD-1E179774A600}.Debug|iPhone.ActiveCfg = Debug|iPhone
		{FBBB65F3-5F27-4C5F-A9AD-1E179774A600}.Debug|iPhone.Build.0 = Debug|iPhone
		{FBBB65F3-5F27-4C5F-A9AD-1E179774A600}.Debug|iPhone.Deploy.0 = Debug|iPhone
		{FBBB65F3-5F27-4C5F-A9AD-1E179774A600}.Debug|iPhoneSimulator.ActiveCfg = Debug|iPhoneSimulator
		{FBBB65F3-5F27-4C5F-A9AD-1E179774A600}.Debug|iPhoneSimulator.Build.0 = Debug|iPhoneSimulator
		{FBBB65F3-5F27-4C5F-A9AD-1E179774A600}.Debug|iPhoneSimulator.Deploy.0 = Debug|iPhoneSimulator
		{FBBB65F3-5F27-4C5F-A9AD-1E179774A600}.Debug|x64.ActiveCfg = Debug|iPhone
		{FBBB65F3-5F27-4C5F-A9AD-1E179774A600}.Debug|x64.Build.0 = Debug|iPhone
		{FBBB65F3-5F27-4C5F-A9AD-1E179774A600}.Debug|x64.Deploy.0 = Debug|iPhone
		{FBBB65F3-5F27-4C5F-A9AD-1E179774A600}.Debug|x86.ActiveCfg = Debug|iPhone
		{FBBB65F3-5F27-4C5F-A9AD-1E179774A600}.Debug|x86.Build.0 = Debug|iPhone
		{FBBB65F3-5F27-4C5F-A9AD-1E179774A600}.Debug|x86.Deploy.0 = Debug|iPhone
		{FBBB65F3-5F27-4C5F-A9AD-1E179774A600}.Release|Any CPU.ActiveCfg = Release|iPhone
		{FBBB65F3-5F27-4C5F-A9AD-1E179774A600}.Release|Any CPU.Build.0 = Release|iPhone
		{FBBB65F3-5F27-4C5F-A9AD-1E179774A600}.Release|Any CPU.Deploy.0 = Release|iPhone
		{FBBB65F3-5F27-4C5F-A9AD-1E179774A600}.Release|ARM.ActiveCfg = Release|iPhone
		{FBBB65F3-5F27-4C5F-A9AD-1E179774A600}.Release|ARM.Build.0 = Release|iPhone
		{FBBB65F3-5F27-4C5F-A9AD-1E179774A600}.Release|ARM.Deploy.0 = Release|iPhone
		{FBBB65F3-5F27-4C5F-A9AD-1E179774A600}.Release|iPhone.ActiveCfg = Release|iPhone
		{FBBB65F3-5F27-4C5F-A9AD-1E179774A600}.Release|iPhone.Build.0 = Release|iPhone
		{FBBB65F3-5F27-4C5F-A9AD-1E179774A600}.Release|iPhone.Deploy.0 = Release|iPhone
		{FBBB65F3-5F27-4C5F-A9AD-1E179774A600}.Release|iPhoneSimulator.ActiveCfg = Release|iPhoneSimulator
		{FBBB65F3-5F27-4C5F-A9AD-1E179774A600}.Release|iPhoneSimulator.Build.0 = Release|iPhoneSimulator
		{FBBB65F3-5F27-4C5F-A9AD-1E179774A600}.Release|iPhoneSimulator.Deploy.0 = Release|iPhoneSimulator
		{FBBB65F3-5F27-4C5F-A9AD-1E179774A600}.Release|x64.ActiveCfg = Release|iPhone
		{FBBB65F3-5F27-4C5F-A9AD-1E179774A600}.Release|x64.Build.0 = Release|iPhone
		{FBBB65F3-5F27-4C5F-A9AD-1E179774A600}.Release|x64.Deploy.0 = Release|iPhone
		{FBBB65F3-5F27-4C5F-A9AD-1E179774A600}.Release|x86.ActiveCfg = Release|iPhone
		{FBBB65F3-5F27-4C5F-A9AD-1E179774A600}.Release|x86.Build.0 = Release|iPhone
		{FBBB65F3-5F27-4C5F-A9AD-1E179774A600}.Release|x86.Deploy.0 = Release|iPhone
		{8BA201DF-4175-44BE-AE6A-2F068D9A63A7}.Ad-Hoc|Any CPU.ActiveCfg = Release|x86
		{8BA201DF-4175-44BE-AE6A-2F068D9A63A7}.Ad-Hoc|Any CPU.Build.0 = Release|x86
		{8BA201DF-4175-44BE-AE6A-2F068D9A63A7}.Ad-Hoc|Any CPU.Deploy.0 = Release|x86
		{8BA201DF-4175-44BE-AE6A-2F068D9A63A7}.Ad-Hoc|ARM.ActiveCfg = Release|ARM
		{8BA201DF-4175-44BE-AE6A-2F068D9A63A7}.Ad-Hoc|ARM.Build.0 = Release|ARM
		{8BA201DF-4175-44BE-AE6A-2F068D9A63A7}.Ad-Hoc|ARM.Deploy.0 = Release|ARM
		{8BA201DF-4175-44BE-AE6A-2F068D9A63A7}.Ad-Hoc|iPhone.ActiveCfg = Release|x86
		{8BA201DF-4175-44BE-AE6A-2F068D9A63A7}.Ad-Hoc|iPhone.Build.0 = Release|x86
		{8BA201DF-4175-44BE-AE6A-2F068D9A63A7}.Ad-Hoc|iPhone.Deploy.0 = Release|x86
		{8BA201DF-4175-44BE-AE6A-2F068D9A63A7}.Ad-Hoc|iPhoneSimulator.ActiveCfg = Release|x86
		{8BA201DF-4175-44BE-AE6A-2F068D9A63A7}.Ad-Hoc|iPhoneSimulator.Build.0 = Release|x86
		{8BA201DF-4175-44BE-AE6A-2F068D9A63A7}.Ad-Hoc|iPhoneSimulator.Deploy.0 = Release|x86
		{8BA201DF-4175-44BE-AE6A-2F068D9A63A7}.Ad-Hoc|x64.ActiveCfg = Release|x64
		{8BA201DF-4175-44BE-AE6A-2F068D9A63A7}.Ad-Hoc|x64.Build.0 = Release|x64
		{8BA201DF-4175-44BE-AE6A-2F068D9A63A7}.Ad-Hoc|x64.Deploy.0 = Release|x64
		{8BA201DF-4175-44BE-AE6A-2F068D9A63A7}.Ad-Hoc|x86.ActiveCfg = Release|x86
		{8BA201DF-4175-44BE-AE6A-2F068D9A63A7}.Ad-Hoc|x86.Build.0 = Release|x86
		{8BA201DF-4175-44BE-AE6A-2F068D9A63A7}.Ad-Hoc|x86.Deploy.0 = Release|x86
		{8BA201DF-4175-44BE-AE6A-2F068D9A63A7}.AppStore|Any CPU.ActiveCfg = Release|x86
		{8BA201DF-4175-44BE-AE6A-2F068D9A63A7}.AppStore|Any CPU.Build.0 = Release|x86
		{8BA201DF-4175-44BE-AE6A-2F068D9A63A7}.AppStore|Any CPU.Deploy.0 = Release|x86
		{8BA201DF-4175-44BE-AE6A-2F068D9A63A7}.AppStore|ARM.ActiveCfg = Release|ARM
		{8BA201DF-4175-44BE-AE6A-2F068D9A63A7}.AppStore|ARM.Build.0 = Release|ARM
		{8BA201DF-4175-44BE-AE6A-2F068D9A63A7}.AppStore|ARM.Deploy.0 = Release|ARM
		{8BA201DF-4175-44BE-AE6A-2F068D9A63A7}.AppStore|iPhone.ActiveCfg = Release|x86
		{8BA201DF-4175-44BE-AE6A-2F068D9A63A7}.AppStore|iPhone.Build.0 = Release|x86
		{8BA201DF-4175-44BE-AE6A-2F068D9A63A7}.AppStore|iPhone.Deploy.0 = Release|x86
		{8BA201DF-4175-44BE-AE6A-2F068D9A63A7}.AppStore|iPhoneSimulator.ActiveCfg = Release|x86
		{8BA201DF-4175-44BE-AE6A-2F068D9A63A7}.AppStore|iPhoneSimulator.Build.0 = Release|x86
		{8BA201DF-4175-44BE-AE6A-2F068D9A63A7}.AppStore|iPhoneSimulator.Deploy.0 = Release|x86
		{8BA201DF-4175-44BE-AE6A-2F068D9A63A7}.AppStore|x64.ActiveCfg = Release|x64
		{8BA201DF-4175-44BE-AE6A-2F068D9A63A7}.AppStore|x64.Build.0 = Release|x64
		{8BA201DF-4175-44BE-AE6A-2F068D9A63A7}.AppStore|x64.Deploy.0 = Release|x64
		{8BA201DF-4175-44BE-AE6A-2F068D9A63A7}.AppStore|x86.ActiveCfg = Release|x86
		{8BA201DF-4175-44BE-AE6A-2F068D9A63A7}.AppStore|x86.Build.0 = Release|x86
		{8BA201DF-4175-44BE-AE6A-2F068D9A63A7}.AppStore|x86.Deploy.0 = Release|x86
		{8BA201DF-4175-44BE-AE6A-2F068D9A63A7}.Debug|Any CPU.ActiveCfg = Debug|x86
		{8BA201DF-4175-44BE-AE6A-2F068D9A63A7}.Debug|Any CPU.Build.0 = Debug|x86
		{8BA201DF-4175-44BE-AE6A-2F068D9A63A7}.Debug|Any CPU.Deploy.0 = Debug|x86
		{8BA201DF-4175-44BE-AE6A-2F068D9A63A7}.Debug|ARM.ActiveCfg = Debug|ARM
		{8BA201DF-4175-44BE-AE6A-2F068D9A63A7}.Debug|ARM.Build.0 = Debug|ARM
		{8BA201DF-4175-44BE-AE6A-2F068D9A63A7}.Debug|ARM.Deploy.0 = Debug|ARM
		{8BA201DF-4175-44BE-AE6A-2F068D9A63A7}.Debug|iPhone.ActiveCfg = Debug|x86
		{8BA201DF-4175-44BE-AE6A-2F068D9A63A7}.Debug|iPhone.Build.0 = Debug|x86
		{8BA201DF-4175-44BE-AE6A-2F068D9A63A7}.Debug|iPhone.Deploy.0 = Debug|x86
		{8BA201DF-4175-44BE-AE6A-2F068D9A63A7}.Debug|iPhoneSimulator.ActiveCfg = Debug|x86
		{8BA201DF-4175-44BE-AE6A-2F068D9A63A7}.Debug|iPhoneSimulator.Build.0 = Debug|x86
		{8BA201DF-4175-44BE-AE6A-2F068D9A63A7}.Debug|iPhoneSimulator.Deploy.0 = Debug|x86
		{8BA201DF-4175-44BE-AE6A-2F068D9A63A7}.Debug|x64.ActiveCfg = Debug|x64
		{8BA201DF-4175-44BE-AE6A-2F068D9A63A7}.Debug|x64.Build.0 = Debug|x64
		{8BA201DF-4175-44BE-AE6A-2F068D9A63A7}.Debug|x64.Deploy.0 = Debug|x64
		{8BA201DF-4175-44BE-AE6A-2F068D9A63A7}.Debug|x86.ActiveCfg = Debug|x86
		{8BA201DF-4175-44BE-AE6A-2F068D9A63A7}.Debug|x86.Build.0 = Debug|x86
		{8BA201DF-4175-44BE-AE6A-2F068D9A63A7}.Debug|x86.Deploy.0 = Debug|x86
		{8BA201DF-4175-44BE-AE6A-2F068D9A63A7}.Release|Any CPU.ActiveCfg = Release|x86
		{8BA201DF-4175-44BE-AE6A-2F068D9A63A7}.Release|Any CPU.Build.0 = Release|x86
		{8BA201DF-4175-44BE-AE6A-2F068D9A63A7}.Release|Any CPU.Deploy.0 = Release|x86
		{8BA201DF-4175-44BE-AE6A-2F068D9A63A7}.Release|ARM.ActiveCfg = Release|ARM
		{8BA201DF-4175-44BE-AE6A-2F068D9A63A7}.Release|ARM.Build.0 = Release|ARM
		{8BA201DF-4175-44BE-AE6A-2F068D9A63A7}.Release|ARM.Deploy.0 = Release|ARM
		{8BA201DF-4175-44BE-AE6A-2F068D9A63A7}.Release|iPhone.ActiveCfg = Release|x86
		{8BA201DF-4175-44BE-AE6A-2F068D9A63A7}.Release|iPhone.Build.0 = Release|x86
		{8BA201DF-4175-44BE-AE6A-2F068D9A63A7}.Release|iPhone.Deploy.0 = Release|x86
		{8BA201DF-4175-44BE-AE6A-2F068D9A63A7}.Release|iPhoneSimulator.ActiveCfg = Release|x86
		{8BA201DF-4175-44BE-AE6A-2F068D9A63A7}.Release|iPhoneSimulator.Build.0 = Release|x86
		{8BA201DF-4175-44BE-AE6A-2F068D9A63A7}.Release|iPhoneSimulator.Deploy.0 = Release|x86
		{8BA201DF-4175-44BE-AE6A-2F068D9A63A7}.Release|x64.ActiveCfg = Release|x64
		{8BA201DF-4175-44BE-AE6A-2F068D9A63A7}.Release|x64.Build.0 = Release|x64
		{8BA201DF-4175-44BE-AE6A-2F068D9A63A7}.Release|x64.Deploy.0 = Release|x64
		{8BA201DF-4175-44BE-AE6A-2F068D9A63A7}.Release|x86.ActiveCfg = Release|x86
		{8BA201DF-4175-44BE-AE6A-2F068D9A63A7}.Release|x86.Build.0 = Release|x86
		{8BA201DF-4175-44BE-AE6A-2F068D9A63A7}.Release|x86.Deploy.0 = Release|x86
		{B2A12864-DA2D-4D55-B12C-C8A25F731306}.Ad-Hoc|Any CPU.ActiveCfg = Debug|Any CPU
		{B2A12864-DA2D-4D55-B12C-C8A25F731306}.Ad-Hoc|Any CPU.Build.0 = Debug|Any CPU
		{B2A12864-DA2D-4D55-B12C-C8A25F731306}.Ad-Hoc|Any CPU.Deploy.0 = Debug|Any CPU
		{B2A12864-DA2D-4D55-B12C-C8A25F731306}.Ad-Hoc|ARM.ActiveCfg = Debug|Any CPU
		{B2A12864-DA2D-4D55-B12C-C8A25F731306}.Ad-Hoc|ARM.Build.0 = Debug|Any CPU
		{B2A12864-DA2D-4D55-B12C-C8A25F731306}.Ad-Hoc|ARM.Deploy.0 = Debug|Any CPU
		{B2A12864-DA2D-4D55-B12C-C8A25F731306}.Ad-Hoc|iPhone.ActiveCfg = Debug|Any CPU
		{B2A12864-DA2D-4D55-B12C-C8A25F731306}.Ad-Hoc|iPhone.Build.0 = Debug|Any CPU
		{B2A12864-DA2D-4D55-B12C-C8A25F731306}.Ad-Hoc|iPhone.Deploy.0 = Debug|Any CPU
		{B2A12864-DA2D-4D55-B12C-C8A25F731306}.Ad-Hoc|iPhoneSimulator.ActiveCfg = Debug|Any CPU
		{B2A12864-DA2D-4D55-B12C-C8A25F731306}.Ad-Hoc|iPhoneSimulator.Build.0 = Debug|Any CPU
		{B2A12864-DA2D-4D55-B12C-C8A25F731306}.Ad-Hoc|iPhoneSimulator.Deploy.0 = Debug|Any CPU
		{B2A12864-DA2D-4D55-B12C-C8A25F731306}.Ad-Hoc|x64.ActiveCfg = Debug|Any CPU
		{B2A12864-DA2D-4D55-B12C-C8A25F731306}.Ad-Hoc|x64.Build.0 = Debug|Any CPU
		{B2A12864-DA2D-4D55-B12C-C8A25F731306}.Ad-Hoc|x64.Deploy.0 = Debug|Any CPU
		{B2A12864-DA2D-4D55-B12C-C8A25F731306}.Ad-Hoc|x86.ActiveCfg = Debug|Any CPU
		{B2A12864-DA2D-4D55-B12C-C8A25F731306}.Ad-Hoc|x86.Build.0 = Debug|Any CPU
		{B2A12864-DA2D-4D55-B12C-C8A25F731306}.Ad-Hoc|x86.Deploy.0 = Debug|Any CPU
		{B2A12864-DA2D-4D55-B12C-C8A25F731306}.AppStore|Any CPU.ActiveCfg = Debug|Any CPU
		{B2A12864-DA2D-4D55-B12C-C8A25F731306}.AppStore|Any CPU.Build.0 = Debug|Any CPU
		{B2A12864-DA2D-4D55-B12C-C8A25F731306}.AppStore|Any CPU.Deploy.0 = Debug|Any CPU
		{B2A12864-DA2D-4D55-B12C-C8A25F731306}.AppStore|ARM.ActiveCfg = Debug|Any CPU
		{B2A12864-DA2D-4D55-B12C-C8A25F731306}.AppStore|ARM.Build.0 = Debug|Any CPU
		{B2A12864-DA2D-4D55-B12C-C8A25F731306}.AppStore|ARM.Deploy.0 = Debug|Any CPU
		{B2A12864-DA2D-4D55-B12C-C8A25F731306}.AppStore|iPhone.ActiveCfg = Debug|Any CPU
		{B2A12864-DA2D-4D55-B12C-C8A25F731306}.AppStore|iPhone.Build.0 = Debug|Any CPU
		{B2A12864-DA2D-4D55-B12C-C8A25F731306}.AppStore|iPhone.Deploy.0 = Debug|Any CPU
		{B2A12864-DA2D-4D55-B12C-C8A25F731306}.AppStore|iPhoneSimulator.ActiveCfg = Debug|Any CPU
		{B2A12864-DA2D-4D55-B12C-C8A25F731306}.AppStore|iPhoneSimulator.Build.0 = Debug|Any CPU
		{B2A12864-DA2D-4D55-B12C-C8A25F731306}.AppStore|iPhoneSimulator.Deploy.0 = Debug|Any CPU
		{B2A12864-DA2D-4D55-B12C-C8A25F731306}.AppStore|x64.ActiveCfg = Debug|Any CPU
		{B2A12864-DA2D-4D55-B12C-C8A25F731306}.AppStore|x64.Build.0 = Debug|Any CPU
		{B2A12864-DA2D-4D55-B12C-C8A25F731306}.AppStore|x64.Deploy.0 = Debug|Any CPU
		{B2A12864-DA2D-4D55-B12C-C8A25F731306}.AppStore|x86.ActiveCfg = Debug|Any CPU
		{B2A12864-DA2D-4D55-B12C-C8A25F731306}.AppStore|x86.Build.0 = Debug|Any CPU
		{B2A12864-DA2D-4D55-B12C-C8A25F731306}.AppStore|x86.Deploy.0 = Debug|Any CPU
		{B2A12864-DA2D-4D55-B12C-C8A25F731306}.Debug|Any CPU.ActiveCfg = Debug|Any CPU
		{B2A12864-DA2D-4D55-B12C-C8A25F731306}.Debug|Any CPU.Build.0 = Debug|Any CPU
		{B2A12864-DA2D-4D55-B12C-C8A25F731306}.Debug|Any CPU.Deploy.0 = Debug|Any CPU
		{B2A12864-DA2D-4D55-B12C-C8A25F731306}.Debug|ARM.ActiveCfg = Debug|Any CPU
		{B2A12864-DA2D-4D55-B12C-C8A25F731306}.Debug|ARM.Build.0 = Debug|Any CPU
		{B2A12864-DA2D-4D55-B12C-C8A25F731306}.Debug|ARM.Deploy.0 = Debug|Any CPU
		{B2A12864-DA2D-4D55-B12C-C8A25F731306}.Debug|iPhone.ActiveCfg = Debug|Any CPU
		{B2A12864-DA2D-4D55-B12C-C8A25F731306}.Debug|iPhone.Build.0 = Debug|Any CPU
		{B2A12864-DA2D-4D55-B12C-C8A25F731306}.Debug|iPhone.Deploy.0 = Debug|Any CPU
		{B2A12864-DA2D-4D55-B12C-C8A25F731306}.Debug|iPhoneSimulator.ActiveCfg = Debug|Any CPU
		{B2A12864-DA2D-4D55-B12C-C8A25F731306}.Debug|iPhoneSimulator.Build.0 = Debug|Any CPU
		{B2A12864-DA2D-4D55-B12C-C8A25F731306}.Debug|iPhoneSimulator.Deploy.0 = Debug|Any CPU
		{B2A12864-DA2D-4D55-B12C-C8A25F731306}.Debug|x64.ActiveCfg = Debug|Any CPU
		{B2A12864-DA2D-4D55-B12C-C8A25F731306}.Debug|x64.Build.0 = Debug|Any CPU
		{B2A12864-DA2D-4D55-B12C-C8A25F731306}.Debug|x64.Deploy.0 = Debug|Any CPU
		{B2A12864-DA2D-4D55-B12C-C8A25F731306}.Debug|x86.ActiveCfg = Debug|Any CPU
		{B2A12864-DA2D-4D55-B12C-C8A25F731306}.Debug|x86.Build.0 = Debug|Any CPU
		{B2A12864-DA2D-4D55-B12C-C8A25F731306}.Debug|x86.Deploy.0 = Debug|Any CPU
		{B2A12864-DA2D-4D55-B12C-C8A25F731306}.Release|Any CPU.ActiveCfg = Release|Any CPU
		{B2A12864-DA2D-4D55-B12C-C8A25F731306}.Release|Any CPU.Build.0 = Release|Any CPU
		{B2A12864-DA2D-4D55-B12C-C8A25F731306}.Release|Any CPU.Deploy.0 = Release|Any CPU
		{B2A12864-DA2D-4D55-B12C-C8A25F731306}.Release|ARM.ActiveCfg = Release|Any CPU
		{B2A12864-DA2D-4D55-B12C-C8A25F731306}.Release|ARM.Build.0 = Release|Any CPU
		{B2A12864-DA2D-4D55-B12C-C8A25F731306}.Release|ARM.Deploy.0 = Release|Any CPU
		{B2A12864-DA2D-4D55-B12C-C8A25F731306}.Release|iPhone.ActiveCfg = Release|Any CPU
		{B2A12864-DA2D-4D55-B12C-C8A25F731306}.Release|iPhone.Build.0 = Release|Any CPU
		{B2A12864-DA2D-4D55-B12C-C8A25F731306}.Release|iPhone.Deploy.0 = Release|Any CPU
		{B2A12864-DA2D-4D55-B12C-C8A25F731306}.Release|iPhoneSimulator.ActiveCfg = Release|Any CPU
		{B2A12864-DA2D-4D55-B12C-C8A25F731306}.Release|iPhoneSimulator.Build.0 = Release|Any CPU
		{B2A12864-DA2D-4D55-B12C-C8A25F731306}.Release|iPhoneSimulator.Deploy.0 = Release|Any CPU
		{B2A12864-DA2D-4D55-B12C-C8A25F731306}.Release|x64.ActiveCfg = Release|Any CPU
		{B2A12864-DA2D-4D55-B12C-C8A25F731306}.Release|x64.Build.0 = Release|Any CPU
		{B2A12864-DA2D-4D55-B12C-C8A25F731306}.Release|x64.Deploy.0 = Release|Any CPU
		{B2A12864-DA2D-4D55-B12C-C8A25F731306}.Release|x86.ActiveCfg = Release|Any CPU
		{B2A12864-DA2D-4D55-B12C-C8A25F731306}.Release|x86.Build.0 = Release|Any CPU
		{B2A12864-DA2D-4D55-B12C-C8A25F731306}.Release|x86.Deploy.0 = Release|Any CPU
	EndGlobalSection
	GlobalSection(SolutionProperties) = preSolution
		HideSolutionNode = FALSE
	EndGlobalSection
	GlobalSection(ExtensibilityGlobals) = postSolution
		SolutionGuid = {FA594084-6738-40C5-B9B9-0A1FF05E5CB5}
	EndGlobalSection
EndGlobal
