
Microsoft Visual Studio Solution File, Format Version 12.00
# Visual Studio 15
VisualStudioVersion = 15.0.28307.1022
MinimumVisualStudioVersion = 10.0.40219.1
Project("{FAE04EC0-301F-11D3-BF4B-00C04F79EFBC}") = "P07_CellXF.Android", "P07_CellXF\P07_CellXF.Android\P07_CellXF.Android.csproj", "{B3E81D09-2994-41EC-8E6A-FE9D0E34903A}"
EndProject
Project("{FAE04EC0-301F-11D3-BF4B-00C04F79EFBC}") = "P07_CellXF.iOS", "P07_CellXF\P07_CellXF.iOS\P07_CellXF.iOS.csproj", "{3C366D9A-8F7A-4F25-82E3-F078C1685989}"
EndProject
Project("{FAE04EC0-301F-11D3-BF4B-00C04F79EFBC}") = "P07_CellXF.UWP", "P07_CellXF\P07_CellXF.UWP\P07_CellXF.UWP.csproj", "{1E92584A-5DF3-4E64-A805-4F25B91579D1}"
EndProject
Project("{FAE04EC0-301F-11D3-BF4B-00C04F79EFBC}") = "P07_CellXF", "P07_CellXF\P07_CellXF\P07_CellXF.csproj", "{C7C13DC8-32B4-4D48-9892-AC9D1246177A}"
EndProject
Global
	GlobalSection(SolutionConfigurationPlatforms) = preSolution
		Ad-Hoc|Any CPU = Ad-Hoc|Any CPU
		Ad-Hoc|ARM = Ad-Hoc|ARM
		Ad-Hoc|iPhone = Ad-Hoc|iPhone
		Ad-Hoc|iPhoneSimulator = Ad-Hoc|iPhoneSimulator
		Ad-Hoc|x64 = Ad-Hoc|x64
		Ad-Hoc|x86 = Ad-Hoc|x86
		AppStore|Any CPU = AppStore|Any CPU
		AppStore|ARM = AppStore|ARM
		AppStore|iPhone = AppStore|iPhone
		AppStore|iPhoneSimulator = AppStore|iPhoneSimulator
		AppStore|x64 = AppStore|x64
		AppStore|x86 = AppStore|x86
		Debug|Any CPU = Debug|Any CPU
		Debug|ARM = Debug|ARM
		Debug|iPhone = Debug|iPhone
		Debug|iPhoneSimulator = Debug|iPhoneSimulator
		Debug|x64 = Debug|x64
		Debug|x86 = Debug|x86
		Release|Any CPU = Release|Any CPU
		Release|ARM = Release|ARM
		Release|iPhone = Release|iPhone
		Release|iPhoneSimulator = Release|iPhoneSimulator
		Release|x64 = Release|x64
		Release|x86 = Release|x86
	EndGlobalSection
	GlobalSection(ProjectConfigurationPlatforms) = postSolution
		{B3E81D09-2994-41EC-8E6A-FE9D0E34903A}.Ad-Hoc|Any CPU.ActiveCfg = Release|Any CPU
		{B3E81D09-2994-41EC-8E6A-FE9D0E34903A}.Ad-Hoc|Any CPU.Build.0 = Release|Any CPU
		{B3E81D09-2994-41EC-8E6A-FE9D0E34903A}.Ad-Hoc|Any CPU.Deploy.0 = Release|Any CPU
		{B3E81D09-2994-41EC-8E6A-FE9D0E34903A}.Ad-Hoc|ARM.ActiveCfg = Release|Any CPU
		{B3E81D09-2994-41EC-8E6A-FE9D0E34903A}.Ad-Hoc|ARM.Build.0 = Release|Any CPU
		{B3E81D09-2994-41EC-8E6A-FE9D0E34903A}.Ad-Hoc|ARM.Deploy.0 = Release|Any CPU
		{B3E81D09-2994-41EC-8E6A-FE9D0E34903A}.Ad-Hoc|iPhone.ActiveCfg = Release|Any CPU
		{B3E81D09-2994-41EC-8E6A-FE9D0E34903A}.Ad-Hoc|iPhone.Build.0 = Release|Any CPU
		{B3E81D09-2994-41EC-8E6A-FE9D0E34903A}.Ad-Hoc|iPhone.Deploy.0 = Release|Any CPU
		{B3E81D09-2994-41EC-8E6A-FE9D0E34903A}.Ad-Hoc|iPhoneSimulator.ActiveCfg = Release|Any CPU
		{B3E81D09-2994-41EC-8E6A-FE9D0E34903A}.Ad-Hoc|iPhoneSimulator.Build.0 = Release|Any CPU
		{B3E81D09-2994-41EC-8E6A-FE9D0E34903A}.Ad-Hoc|iPhoneSimulator.Deploy.0 = Release|Any CPU
		{B3E81D09-2994-41EC-8E6A-FE9D0E34903A}.Ad-Hoc|x64.ActiveCfg = Release|Any CPU
		{B3E81D09-2994-41EC-8E6A-FE9D0E34903A}.Ad-Hoc|x64.Build.0 = Release|Any CPU
		{B3E81D09-2994-41EC-8E6A-FE9D0E34903A}.Ad-Hoc|x64.Deploy.0 = Release|Any CPU
		{B3E81D09-2994-41EC-8E6A-FE9D0E34903A}.Ad-Hoc|x86.ActiveCfg = Release|Any CPU
		{B3E81D09-2994-41EC-8E6A-FE9D0E34903A}.Ad-Hoc|x86.Build.0 = Release|Any CPU
		{B3E81D09-2994-41EC-8E6A-FE9D0E34903A}.Ad-Hoc|x86.Deploy.0 = Release|Any CPU
		{B3E81D09-2994-41EC-8E6A-FE9D0E34903A}.AppStore|Any CPU.ActiveCfg = Release|Any CPU
		{B3E81D09-2994-41EC-8E6A-FE9D0E34903A}.AppStore|Any CPU.Build.0 = Release|Any CPU
		{B3E81D09-2994-41EC-8E6A-FE9D0E34903A}.AppStore|Any CPU.Deploy.0 = Release|Any CPU
		{B3E81D09-2994-41EC-8E6A-FE9D0E34903A}.AppStore|ARM.ActiveCfg = Release|Any CPU
		{B3E81D09-2994-41EC-8E6A-FE9D0E34903A}.AppStore|ARM.Build.0 = Release|Any CPU
		{B3E81D09-2994-41EC-8E6A-FE9D0E34903A}.AppStore|ARM.Deploy.0 = Release|Any CPU
		{B3E81D09-2994-41EC-8E6A-FE9D0E34903A}.AppStore|iPhone.ActiveCfg = Release|Any CPU
		{B3E81D09-2994-41EC-8E6A-FE9D0E34903A}.AppStore|iPhone.Build.0 = Release|Any CPU
		{B3E81D09-2994-41EC-8E6A-FE9D0E34903A}.AppStore|iPhone.Deploy.0 = Release|Any CPU
		{B3E81D09-2994-41EC-8E6A-FE9D0E34903A}.AppStore|iPhoneSimulator.ActiveCfg = Release|Any CPU
		{B3E81D09-2994-41EC-8E6A-FE9D0E34903A}.AppStore|iPhoneSimulator.Build.0 = Release|Any CPU
		{B3E81D09-2994-41EC-8E6A-FE9D0E34903A}.AppStore|iPhoneSimulator.Deploy.0 = Release|Any CPU
		{B3E81D09-2994-41EC-8E6A-FE9D0E34903A}.AppStore|x64.ActiveCfg = Release|Any CPU
		{B3E81D09-2994-41EC-8E6A-FE9D0E34903A}.AppStore|x64.Build.0 = Release|Any CPU
		{B3E81D09-2994-41EC-8E6A-FE9D0E34903A}.AppStore|x64.Deploy.0 = Release|Any CPU
		{B3E81D09-2994-41EC-8E6A-FE9D0E34903A}.AppStore|x86.ActiveCfg = Release|Any CPU
		{B3E81D09-2994-41EC-8E6A-FE9D0E34903A}.AppStore|x86.Build.0 = Release|Any CPU
		{B3E81D09-2994-41EC-8E6A-FE9D0E34903A}.AppStore|x86.Deploy.0 = Release|Any CPU
		{B3E81D09-2994-41EC-8E6A-FE9D0E34903A}.Debug|Any CPU.ActiveCfg = Debug|Any CPU
		{B3E81D09-2994-41EC-8E6A-FE9D0E34903A}.Debug|Any CPU.Build.0 = Debug|Any CPU
		{B3E81D09-2994-41EC-8E6A-FE9D0E34903A}.Debug|Any CPU.Deploy.0 = Debug|Any CPU
		{B3E81D09-2994-41EC-8E6A-FE9D0E34903A}.Debug|ARM.ActiveCfg = Debug|Any CPU
		{B3E81D09-2994-41EC-8E6A-FE9D0E34903A}.Debug|ARM.Build.0 = Debug|Any CPU
		{B3E81D09-2994-41EC-8E6A-FE9D0E34903A}.Debug|ARM.Deploy.0 = Debug|Any CPU
		{B3E81D09-2994-41EC-8E6A-FE9D0E34903A}.Debug|iPhone.ActiveCfg = Debug|Any CPU
		{B3E81D09-2994-41EC-8E6A-FE9D0E34903A}.Debug|iPhone.Build.0 = Debug|Any CPU
		{B3E81D09-2994-41EC-8E6A-FE9D0E34903A}.Debug|iPhone.Deploy.0 = Debug|Any CPU
		{B3E81D09-2994-41EC-8E6A-FE9D0E34903A}.Debug|iPhoneSimulator.ActiveCfg = Debug|Any CPU
		{B3E81D09-2994-41EC-8E6A-FE9D0E34903A}.Debug|iPhoneSimulator.Build.0 = Debug|Any CPU
		{B3E81D09-2994-41EC-8E6A-FE9D0E34903A}.Debug|iPhoneSimulator.Deploy.0 = Debug|Any CPU
		{B3E81D09-2994-41EC-8E6A-FE9D0E34903A}.Debug|x64.ActiveCfg = Debug|Any CPU
		{B3E81D09-2994-41EC-8E6A-FE9D0E34903A}.Debug|x64.Build.0 = Debug|Any CPU
		{B3E81D09-2994-41EC-8E6A-FE9D0E34903A}.Debug|x64.Deploy.0 = Debug|Any CPU
		{B3E81D09-2994-41EC-8E6A-FE9D0E34903A}.Debug|x86.ActiveCfg = Debug|Any CPU
		{B3E81D09-2994-41EC-8E6A-FE9D0E34903A}.Debug|x86.Build.0 = Debug|Any CPU
		{B3E81D09-2994-41EC-8E6A-FE9D0E34903A}.Debug|x86.Deploy.0 = Debug|Any CPU
		{B3E81D09-2994-41EC-8E6A-FE9D0E34903A}.Release|Any CPU.ActiveCfg = Release|Any CPU
		{B3E81D09-2994-41EC-8E6A-FE9D0E34903A}.Release|Any CPU.Build.0 = Release|Any CPU
		{B3E81D09-2994-41EC-8E6A-FE9D0E34903A}.Release|Any CPU.Deploy.0 = Release|Any CPU
		{B3E81D09-2994-41EC-8E6A-FE9D0E34903A}.Release|ARM.ActiveCfg = Release|Any CPU
		{B3E81D09-2994-41EC-8E6A-FE9D0E34903A}.Release|ARM.Build.0 = Release|Any CPU
		{B3E81D09-2994-41EC-8E6A-FE9D0E34903A}.Release|ARM.Deploy.0 = Release|Any CPU
		{B3E81D09-2994-41EC-8E6A-FE9D0E34903A}.Release|iPhone.ActiveCfg = Release|Any CPU
		{B3E81D09-2994-41EC-8E6A-FE9D0E34903A}.Release|iPhone.Build.0 = Release|Any CPU
		{B3E81D09-2994-41EC-8E6A-FE9D0E34903A}.Release|iPhone.Deploy.0 = Release|Any CPU
		{B3E81D09-2994-41EC-8E6A-FE9D0E34903A}.Release|iPhoneSimulator.ActiveCfg = Release|Any CPU
		{B3E81D09-2994-41EC-8E6A-FE9D0E34903A}.Release|iPhoneSimulator.Build.0 = Release|Any CPU
		{B3E81D09-2994-41EC-8E6A-FE9D0E34903A}.Release|iPhoneSimulator.Deploy.0 = Release|Any CPU
		{B3E81D09-2994-41EC-8E6A-FE9D0E34903A}.Release|x64.ActiveCfg = Release|Any CPU
		{B3E81D09-2994-41EC-8E6A-FE9D0E34903A}.Release|x64.Build.0 = Release|Any CPU
		{B3E81D09-2994-41EC-8E6A-FE9D0E34903A}.Release|x64.Deploy.0 = Release|Any CPU
		{B3E81D09-2994-41EC-8E6A-FE9D0E34903A}.Release|x86.ActiveCfg = Release|Any CPU
		{B3E81D09-2994-41EC-8E6A-FE9D0E34903A}.Release|x86.Build.0 = Release|Any CPU
		{B3E81D09-2994-41EC-8E6A-FE9D0E34903A}.Release|x86.Deploy.0 = Release|Any CPU
		{3C366D9A-8F7A-4F25-82E3-F078C1685989}.Ad-Hoc|Any CPU.ActiveCfg = Ad-Hoc|iPhone
		{3C366D9A-8F7A-4F25-82E3-F078C1685989}.Ad-Hoc|Any CPU.Build.0 = Ad-Hoc|iPhone
		{3C366D9A-8F7A-4F25-82E3-F078C1685989}.Ad-Hoc|Any CPU.Deploy.0 = Ad-Hoc|iPhone
		{3C366D9A-8F7A-4F25-82E3-F078C1685989}.Ad-Hoc|ARM.ActiveCfg = Ad-Hoc|iPhone
		{3C366D9A-8F7A-4F25-82E3-F078C1685989}.Ad-Hoc|ARM.Build.0 = Ad-Hoc|iPhone
		{3C366D9A-8F7A-4F25-82E3-F078C1685989}.Ad-Hoc|ARM.Deploy.0 = Ad-Hoc|iPhone
		{3C366D9A-8F7A-4F25-82E3-F078C1685989}.Ad-Hoc|iPhone.ActiveCfg = Ad-Hoc|iPhone
		{3C366D9A-8F7A-4F25-82E3-F078C1685989}.Ad-Hoc|iPhone.Build.0 = Ad-Hoc|iPhone
		{3C366D9A-8F7A-4F25-82E3-F078C1685989}.Ad-Hoc|iPhone.Deploy.0 = Ad-Hoc|iPhone
		{3C366D9A-8F7A-4F25-82E3-F078C1685989}.Ad-Hoc|iPhoneSimulator.ActiveCfg = Ad-Hoc|iPhoneSimulator
		{3C366D9A-8F7A-4F25-82E3-F078C1685989}.Ad-Hoc|iPhoneSimulator.Build.0 = Ad-Hoc|iPhoneSimulator
		{3C366D9A-8F7A-4F25-82E3-F078C1685989}.Ad-Hoc|iPhoneSimulator.Deploy.0 = Ad-Hoc|iPhoneSimulator
		{3C366D9A-8F7A-4F25-82E3-F078C1685989}.Ad-Hoc|x64.ActiveCfg = Ad-Hoc|iPhone
		{3C366D9A-8F7A-4F25-82E3-F078C1685989}.Ad-Hoc|x64.Build.0 = Ad-Hoc|iPhone
		{3C366D9A-8F7A-4F25-82E3-F078C1685989}.Ad-Hoc|x64.Deploy.0 = Ad-Hoc|iPhone
		{3C366D9A-8F7A-4F25-82E3-F078C1685989}.Ad-Hoc|x86.ActiveCfg = Ad-Hoc|iPhone
		{3C366D9A-8F7A-4F25-82E3-F078C1685989}.Ad-Hoc|x86.Build.0 = Ad-Hoc|iPhone
		{3C366D9A-8F7A-4F25-82E3-F078C1685989}.Ad-Hoc|x86.Deploy.0 = Ad-Hoc|iPhone
		{3C366D9A-8F7A-4F25-82E3-F078C1685989}.AppStore|Any CPU.ActiveCfg = AppStore|iPhone
		{3C366D9A-8F7A-4F25-82E3-F078C1685989}.AppStore|Any CPU.Build.0 = AppStore|iPhone
		{3C366D9A-8F7A-4F25-82E3-F078C1685989}.AppStore|Any CPU.Deploy.0 = AppStore|iPhone
		{3C366D9A-8F7A-4F25-82E3-F078C1685989}.AppStore|ARM.ActiveCfg = AppStore|iPhone
		{3C366D9A-8F7A-4F25-82E3-F078C1685989}.AppStore|ARM.Build.0 = AppStore|iPhone
		{3C366D9A-8F7A-4F25-82E3-F078C1685989}.AppStore|ARM.Deploy.0 = AppStore|iPhone
		{3C366D9A-8F7A-4F25-82E3-F078C1685989}.AppStore|iPhone.ActiveCfg = AppStore|iPhone
		{3C366D9A-8F7A-4F25-82E3-F078C1685989}.AppStore|iPhone.Build.0 = AppStore|iPhone
		{3C366D9A-8F7A-4F25-82E3-F078C1685989}.AppStore|iPhone.Deploy.0 = AppStore|iPhone
		{3C366D9A-8F7A-4F25-82E3-F078C1685989}.AppStore|iPhoneSimulator.ActiveCfg = AppStore|iPhoneSimulator
		{3C366D9A-8F7A-4F25-82E3-F078C1685989}.AppStore|iPhoneSimulator.Build.0 = AppStore|iPhoneSimulator
		{3C366D9A-8F7A-4F25-82E3-F078C1685989}.AppStore|iPhoneSimulator.Deploy.0 = AppStore|iPhoneSimulator
		{3C366D9A-8F7A-4F25-82E3-F078C1685989}.AppStore|x64.ActiveCfg = AppStore|iPhone
		{3C366D9A-8F7A-4F25-82E3-F078C1685989}.AppStore|x64.Build.0 = AppStore|iPhone
		{3C366D9A-8F7A-4F25-82E3-F078C1685989}.AppStore|x64.Deploy.0 = AppStore|iPhone
		{3C366D9A-8F7A-4F25-82E3-F078C1685989}.AppStore|x86.ActiveCfg = AppStore|iPhone
		{3C366D9A-8F7A-4F25-82E3-F078C1685989}.AppStore|x86.Build.0 = AppStore|iPhone
		{3C366D9A-8F7A-4F25-82E3-F078C1685989}.AppStore|x86.Deploy.0 = AppStore|iPhone
		{3C366D9A-8F7A-4F25-82E3-F078C1685989}.Debug|Any CPU.ActiveCfg = Debug|iPhoneSimulator
		{3C366D9A-8F7A-4F25-82E3-F078C1685989}.Debug|Any CPU.Build.0 = Debug|iPhoneSimulator
		{3C366D9A-8F7A-4F25-82E3-F078C1685989}.Debug|Any CPU.Deploy.0 = Debug|iPhoneSimulator
		{3C366D9A-8F7A-4F25-82E3-F078C1685989}.Debug|ARM.ActiveCfg = Debug|iPhone
		{3C366D9A-8F7A-4F25-82E3-F078C1685989}.Debug|ARM.Build.0 = Debug|iPhone
		{3C366D9A-8F7A-4F25-82E3-F078C1685989}.Debug|ARM.Deploy.0 = Debug|iPhone
		{3C366D9A-8F7A-4F25-82E3-F078C1685989}.Debug|iPhone.ActiveCfg = Debug|iPhone
		{3C366D9A-8F7A-4F25-82E3-F078C1685989}.Debug|iPhone.Build.0 = Debug|iPhone
		{3C366D9A-8F7A-4F25-82E3-F078C1685989}.Debug|iPhone.Deploy.0 = Debug|iPhone
		{3C366D9A-8F7A-4F25-82E3-F078C1685989}.Debug|iPhoneSimulator.ActiveCfg = Debug|iPhoneSimulator
		{3C366D9A-8F7A-4F25-82E3-F078C1685989}.Debug|iPhoneSimulator.Build.0 = Debug|iPhoneSimulator
		{3C366D9A-8F7A-4F25-82E3-F078C1685989}.Debug|iPhoneSimulator.Deploy.0 = Debug|iPhoneSimulator
		{3C366D9A-8F7A-4F25-82E3-F078C1685989}.Debug|x64.ActiveCfg = Debug|iPhone
		{3C366D9A-8F7A-4F25-82E3-F078C1685989}.Debug|x64.Build.0 = Debug|iPhone
		{3C366D9A-8F7A-4F25-82E3-F078C1685989}.Debug|x64.Deploy.0 = Debug|iPhone
		{3C366D9A-8F7A-4F25-82E3-F078C1685989}.Debug|x86.ActiveCfg = Debug|iPhone
		{3C366D9A-8F7A-4F25-82E3-F078C1685989}.Debug|x86.Build.0 = Debug|iPhone
		{3C366D9A-8F7A-4F25-82E3-F078C1685989}.Debug|x86.Deploy.0 = Debug|iPhone
		{3C366D9A-8F7A-4F25-82E3-F078C1685989}.Release|Any CPU.ActiveCfg = Release|iPhone
		{3C366D9A-8F7A-4F25-82E3-F078C1685989}.Release|Any CPU.Build.0 = Release|iPhone
		{3C366D9A-8F7A-4F25-82E3-F078C1685989}.Release|Any CPU.Deploy.0 = Release|iPhone
		{3C366D9A-8F7A-4F25-82E3-F078C1685989}.Release|ARM.ActiveCfg = Release|iPhone
		{3C366D9A-8F7A-4F25-82E3-F078C1685989}.Release|ARM.Build.0 = Release|iPhone
		{3C366D9A-8F7A-4F25-82E3-F078C1685989}.Release|ARM.Deploy.0 = Release|iPhone
		{3C366D9A-8F7A-4F25-82E3-F078C1685989}.Release|iPhone.ActiveCfg = Release|iPhone
		{3C366D9A-8F7A-4F25-82E3-F078C1685989}.Release|iPhone.Build.0 = Release|iPhone
		{3C366D9A-8F7A-4F25-82E3-F078C1685989}.Release|iPhone.Deploy.0 = Release|iPhone
		{3C366D9A-8F7A-4F25-82E3-F078C1685989}.Release|iPhoneSimulator.ActiveCfg = Release|iPhoneSimulator
		{3C366D9A-8F7A-4F25-82E3-F078C1685989}.Release|iPhoneSimulator.Build.0 = Release|iPhoneSimulator
		{3C366D9A-8F7A-4F25-82E3-F078C1685989}.Release|iPhoneSimulator.Deploy.0 = Release|iPhoneSimulator
		{3C366D9A-8F7A-4F25-82E3-F078C1685989}.Release|x64.ActiveCfg = Release|iPhone
		{3C366D9A-8F7A-4F25-82E3-F078C1685989}.Release|x64.Build.0 = Release|iPhone
		{3C366D9A-8F7A-4F25-82E3-F078C1685989}.Release|x64.Deploy.0 = Release|iPhone
		{3C366D9A-8F7A-4F25-82E3-F078C1685989}.Release|x86.ActiveCfg = Release|iPhone
		{3C366D9A-8F7A-4F25-82E3-F078C1685989}.Release|x86.Build.0 = Release|iPhone
		{3C366D9A-8F7A-4F25-82E3-F078C1685989}.Release|x86.Deploy.0 = Release|iPhone
		{1E92584A-5DF3-4E64-A805-4F25B91579D1}.Ad-Hoc|Any CPU.ActiveCfg = Release|x86
		{1E92584A-5DF3-4E64-A805-4F25B91579D1}.Ad-Hoc|Any CPU.Build.0 = Release|x86
		{1E92584A-5DF3-4E64-A805-4F25B91579D1}.Ad-Hoc|Any CPU.Deploy.0 = Release|x86
		{1E92584A-5DF3-4E64-A805-4F25B91579D1}.Ad-Hoc|ARM.ActiveCfg = Release|ARM
		{1E92584A-5DF3-4E64-A805-4F25B91579D1}.Ad-Hoc|ARM.Build.0 = Release|ARM
		{1E92584A-5DF3-4E64-A805-4F25B91579D1}.Ad-Hoc|ARM.Deploy.0 = Release|ARM
		{1E92584A-5DF3-4E64-A805-4F25B91579D1}.Ad-Hoc|iPhone.ActiveCfg = Release|x86
		{1E92584A-5DF3-4E64-A805-4F25B91579D1}.Ad-Hoc|iPhone.Build.0 = Release|x86
		{1E92584A-5DF3-4E64-A805-4F25B91579D1}.Ad-Hoc|iPhone.Deploy.0 = Release|x86
		{1E92584A-5DF3-4E64-A805-4F25B91579D1}.Ad-Hoc|iPhoneSimulator.ActiveCfg = Release|x86
		{1E92584A-5DF3-4E64-A805-4F25B91579D1}.Ad-Hoc|iPhoneSimulator.Build.0 = Release|x86
		{1E92584A-5DF3-4E64-A805-4F25B91579D1}.Ad-Hoc|iPhoneSimulator.Deploy.0 = Release|x86
		{1E92584A-5DF3-4E64-A805-4F25B91579D1}.Ad-Hoc|x64.ActiveCfg = Release|x64
		{1E92584A-5DF3-4E64-A805-4F25B91579D1}.Ad-Hoc|x64.Build.0 = Release|x64
		{1E92584A-5DF3-4E64-A805-4F25B91579D1}.Ad-Hoc|x64.Deploy.0 = Release|x64
		{1E92584A-5DF3-4E64-A805-4F25B91579D1}.Ad-Hoc|x86.ActiveCfg = Release|x86
		{1E92584A-5DF3-4E64-A805-4F25B91579D1}.Ad-Hoc|x86.Build.0 = Release|x86
		{1E92584A-5DF3-4E64-A805-4F25B91579D1}.Ad-Hoc|x86.Deploy.0 = Release|x86
		{1E92584A-5DF3-4E64-A805-4F25B91579D1}.AppStore|Any CPU.ActiveCfg = Release|x86
		{1E92584A-5DF3-4E64-A805-4F25B91579D1}.AppStore|Any CPU.Build.0 = Release|x86
		{1E92584A-5DF3-4E64-A805-4F25B91579D1}.AppStore|Any CPU.Deploy.0 = Release|x86
		{1E92584A-5DF3-4E64-A805-4F25B91579D1}.AppStore|ARM.ActiveCfg = Release|ARM
		{1E92584A-5DF3-4E64-A805-4F25B91579D1}.AppStore|ARM.Build.0 = Release|ARM
		{1E92584A-5DF3-4E64-A805-4F25B91579D1}.AppStore|ARM.Deploy.0 = Release|ARM
		{1E92584A-5DF3-4E64-A805-4F25B91579D1}.AppStore|iPhone.ActiveCfg = Release|x86
		{1E92584A-5DF3-4E64-A805-4F25B91579D1}.AppStore|iPhone.Build.0 = Release|x86
		{1E92584A-5DF3-4E64-A805-4F25B91579D1}.AppStore|iPhone.Deploy.0 = Release|x86
		{1E92584A-5DF3-4E64-A805-4F25B91579D1}.AppStore|iPhoneSimulator.ActiveCfg = Release|x86
		{1E92584A-5DF3-4E64-A805-4F25B91579D1}.AppStore|iPhoneSimulator.Build.0 = Release|x86
		{1E92584A-5DF3-4E64-A805-4F25B91579D1}.AppStore|iPhoneSimulator.Deploy.0 = Release|x86
		{1E92584A-5DF3-4E64-A805-4F25B91579D1}.AppStore|x64.ActiveCfg = Release|x64
		{1E92584A-5DF3-4E64-A805-4F25B91579D1}.AppStore|x64.Build.0 = Release|x64
		{1E92584A-5DF3-4E64-A805-4F25B91579D1}.AppStore|x64.Deploy.0 = Release|x64
		{1E92584A-5DF3-4E64-A805-4F25B91579D1}.AppStore|x86.ActiveCfg = Release|x86
		{1E92584A-5DF3-4E64-A805-4F25B91579D1}.AppStore|x86.Build.0 = Release|x86
		{1E92584A-5DF3-4E64-A805-4F25B91579D1}.AppStore|x86.Deploy.0 = Release|x86
		{1E92584A-5DF3-4E64-A805-4F25B91579D1}.Debug|Any CPU.ActiveCfg = Debug|x86
		{1E92584A-5DF3-4E64-A805-4F25B91579D1}.Debug|Any CPU.Build.0 = Debug|x86
		{1E92584A-5DF3-4E64-A805-4F25B91579D1}.Debug|Any CPU.Deploy.0 = Debug|x86
		{1E92584A-5DF3-4E64-A805-4F25B91579D1}.Debug|ARM.ActiveCfg = Debug|ARM
		{1E92584A-5DF3-4E64-A805-4F25B91579D1}.Debug|ARM.Build.0 = Debug|ARM
		{1E92584A-5DF3-4E64-A805-4F25B91579D1}.Debug|ARM.Deploy.0 = Debug|ARM
		{1E92584A-5DF3-4E64-A805-4F25B91579D1}.Debug|iPhone.ActiveCfg = Debug|x86
		{1E92584A-5DF3-4E64-A805-4F25B91579D1}.Debug|iPhone.Build.0 = Debug|x86
		{1E92584A-5DF3-4E64-A805-4F25B91579D1}.Debug|iPhone.Deploy.0 = Debug|x86
		{1E92584A-5DF3-4E64-A805-4F25B91579D1}.Debug|iPhoneSimulator.ActiveCfg = Debug|x86
		{1E92584A-5DF3-4E64-A805-4F25B91579D1}.Debug|iPhoneSimulator.Build.0 = Debug|x86
		{1E92584A-5DF3-4E64-A805-4F25B91579D1}.Debug|iPhoneSimulator.Deploy.0 = Debug|x86
		{1E92584A-5DF3-4E64-A805-4F25B91579D1}.Debug|x64.ActiveCfg = Debug|x64
		{1E92584A-5DF3-4E64-A805-4F25B91579D1}.Debug|x64.Build.0 = Debug|x64
		{1E92584A-5DF3-4E64-A805-4F25B91579D1}.Debug|x64.Deploy.0 = Debug|x64
		{1E92584A-5DF3-4E64-A805-4F25B91579D1}.Debug|x86.ActiveCfg = Debug|x86
		{1E92584A-5DF3-4E64-A805-4F25B91579D1}.Debug|x86.Build.0 = Debug|x86
		{1E92584A-5DF3-4E64-A805-4F25B91579D1}.Debug|x86.Deploy.0 = Debug|x86
		{1E92584A-5DF3-4E64-A805-4F25B91579D1}.Release|Any CPU.ActiveCfg = Release|x86
		{1E92584A-5DF3-4E64-A805-4F25B91579D1}.Release|Any CPU.Build.0 = Release|x86
		{1E92584A-5DF3-4E64-A805-4F25B91579D1}.Release|Any CPU.Deploy.0 = Release|x86
		{1E92584A-5DF3-4E64-A805-4F25B91579D1}.Release|ARM.ActiveCfg = Release|ARM
		{1E92584A-5DF3-4E64-A805-4F25B91579D1}.Release|ARM.Build.0 = Release|ARM
		{1E92584A-5DF3-4E64-A805-4F25B91579D1}.Release|ARM.Deploy.0 = Release|ARM
		{1E92584A-5DF3-4E64-A805-4F25B91579D1}.Release|iPhone.ActiveCfg = Release|x86
		{1E92584A-5DF3-4E64-A805-4F25B91579D1}.Release|iPhone.Build.0 = Release|x86
		{1E92584A-5DF3-4E64-A805-4F25B91579D1}.Release|iPhone.Deploy.0 = Release|x86
		{1E92584A-5DF3-4E64-A805-4F25B91579D1}.Release|iPhoneSimulator.ActiveCfg = Release|x86
		{1E92584A-5DF3-4E64-A805-4F25B91579D1}.Release|iPhoneSimulator.Build.0 = Release|x86
		{1E92584A-5DF3-4E64-A805-4F25B91579D1}.Release|iPhoneSimulator.Deploy.0 = Release|x86
		{1E92584A-5DF3-4E64-A805-4F25B91579D1}.Release|x64.ActiveCfg = Release|x64
		{1E92584A-5DF3-4E64-A805-4F25B91579D1}.Release|x64.Build.0 = Release|x64
		{1E92584A-5DF3-4E64-A805-4F25B91579D1}.Release|x64.Deploy.0 = Release|x64
		{1E92584A-5DF3-4E64-A805-4F25B91579D1}.Release|x86.ActiveCfg = Release|x86
		{1E92584A-5DF3-4E64-A805-4F25B91579D1}.Release|x86.Build.0 = Release|x86
		{1E92584A-5DF3-4E64-A805-4F25B91579D1}.Release|x86.Deploy.0 = Release|x86
		{C7C13DC8-32B4-4D48-9892-AC9D1246177A}.Ad-Hoc|Any CPU.ActiveCfg = Debug|Any CPU
		{C7C13DC8-32B4-4D48-9892-AC9D1246177A}.Ad-Hoc|Any CPU.Build.0 = Debug|Any CPU
		{C7C13DC8-32B4-4D48-9892-AC9D1246177A}.Ad-Hoc|Any CPU.Deploy.0 = Debug|Any CPU
		{C7C13DC8-32B4-4D48-9892-AC9D1246177A}.Ad-Hoc|ARM.ActiveCfg = Debug|Any CPU
		{C7C13DC8-32B4-4D48-9892-AC9D1246177A}.Ad-Hoc|ARM.Build.0 = Debug|Any CPU
		{C7C13DC8-32B4-4D48-9892-AC9D1246177A}.Ad-Hoc|ARM.Deploy.0 = Debug|Any CPU
		{C7C13DC8-32B4-4D48-9892-AC9D1246177A}.Ad-Hoc|iPhone.ActiveCfg = Debug|Any CPU
		{C7C13DC8-32B4-4D48-9892-AC9D1246177A}.Ad-Hoc|iPhone.Build.0 = Debug|Any CPU
		{C7C13DC8-32B4-4D48-9892-AC9D1246177A}.Ad-Hoc|iPhone.Deploy.0 = Debug|Any CPU
		{C7C13DC8-32B4-4D48-9892-AC9D1246177A}.Ad-Hoc|iPhoneSimulator.ActiveCfg = Debug|Any CPU
		{C7C13DC8-32B4-4D48-9892-AC9D1246177A}.Ad-Hoc|iPhoneSimulator.Build.0 = Debug|Any CPU
		{C7C13DC8-32B4-4D48-9892-AC9D1246177A}.Ad-Hoc|iPhoneSimulator.Deploy.0 = Debug|Any CPU
		{C7C13DC8-32B4-4D48-9892-AC9D1246177A}.Ad-Hoc|x64.ActiveCfg = Debug|Any CPU
		{C7C13DC8-32B4-4D48-9892-AC9D1246177A}.Ad-Hoc|x64.Build.0 = Debug|Any CPU
		{C7C13DC8-32B4-4D48-9892-AC9D1246177A}.Ad-Hoc|x64.Deploy.0 = Debug|Any CPU
		{C7C13DC8-32B4-4D48-9892-AC9D1246177A}.Ad-Hoc|x86.ActiveCfg = Debug|Any CPU
		{C7C13DC8-32B4-4D48-9892-AC9D1246177A}.Ad-Hoc|x86.Build.0 = Debug|Any CPU
		{C7C13DC8-32B4-4D48-9892-AC9D1246177A}.Ad-Hoc|x86.Deploy.0 = Debug|Any CPU
		{C7C13DC8-32B4-4D48-9892-AC9D1246177A}.AppStore|Any CPU.ActiveCfg = Debug|Any CPU
		{C7C13DC8-32B4-4D48-9892-AC9D1246177A}.AppStore|Any CPU.Build.0 = Debug|Any CPU
		{C7C13DC8-32B4-4D48-9892-AC9D1246177A}.AppStore|Any CPU.Deploy.0 = Debug|Any CPU
		{C7C13DC8-32B4-4D48-9892-AC9D1246177A}.AppStore|ARM.ActiveCfg = Debug|Any CPU
		{C7C13DC8-32B4-4D48-9892-AC9D1246177A}.AppStore|ARM.Build.0 = Debug|Any CPU
		{C7C13DC8-32B4-4D48-9892-AC9D1246177A}.AppStore|ARM.Deploy.0 = Debug|Any CPU
		{C7C13DC8-32B4-4D48-9892-AC9D1246177A}.AppStore|iPhone.ActiveCfg = Debug|Any CPU
		{C7C13DC8-32B4-4D48-9892-AC9D1246177A}.AppStore|iPhone.Build.0 = Debug|Any CPU
		{C7C13DC8-32B4-4D48-9892-AC9D1246177A}.AppStore|iPhone.Deploy.0 = Debug|Any CPU
		{C7C13DC8-32B4-4D48-9892-AC9D1246177A}.AppStore|iPhoneSimulator.ActiveCfg = Debug|Any CPU
		{C7C13DC8-32B4-4D48-9892-AC9D1246177A}.AppStore|iPhoneSimulator.Build.0 = Debug|Any CPU
		{C7C13DC8-32B4-4D48-9892-AC9D1246177A}.AppStore|iPhoneSimulator.Deploy.0 = Debug|Any CPU
		{C7C13DC8-32B4-4D48-9892-AC9D1246177A}.AppStore|x64.ActiveCfg = Debug|Any CPU
		{C7C13DC8-32B4-4D48-9892-AC9D1246177A}.AppStore|x64.Build.0 = Debug|Any CPU
		{C7C13DC8-32B4-4D48-9892-AC9D1246177A}.AppStore|x64.Deploy.0 = Debug|Any CPU
		{C7C13DC8-32B4-4D48-9892-AC9D1246177A}.AppStore|x86.ActiveCfg = Debug|Any CPU
		{C7C13DC8-32B4-4D48-9892-AC9D1246177A}.AppStore|x86.Build.0 = Debug|Any CPU
		{C7C13DC8-32B4-4D48-9892-AC9D1246177A}.AppStore|x86.Deploy.0 = Debug|Any CPU
		{C7C13DC8-32B4-4D48-9892-AC9D1246177A}.Debug|Any CPU.ActiveCfg = Debug|Any CPU
		{C7C13DC8-32B4-4D48-9892-AC9D1246177A}.Debug|Any CPU.Build.0 = Debug|Any CPU
		{C7C13DC8-32B4-4D48-9892-AC9D1246177A}.Debug|Any CPU.Deploy.0 = Debug|Any CPU
		{C7C13DC8-32B4-4D48-9892-AC9D1246177A}.Debug|ARM.ActiveCfg = Debug|Any CPU
		{C7C13DC8-32B4-4D48-9892-AC9D1246177A}.Debug|ARM.Build.0 = Debug|Any CPU
		{C7C13DC8-32B4-4D48-9892-AC9D1246177A}.Debug|ARM.Deploy.0 = Debug|Any CPU
		{C7C13DC8-32B4-4D48-9892-AC9D1246177A}.Debug|iPhone.ActiveCfg = Debug|Any CPU
		{C7C13DC8-32B4-4D48-9892-AC9D1246177A}.Debug|iPhone.Build.0 = Debug|Any CPU
		{C7C13DC8-32B4-4D48-9892-AC9D1246177A}.Debug|iPhone.Deploy.0 = Debug|Any CPU
		{C7C13DC8-32B4-4D48-9892-AC9D1246177A}.Debug|iPhoneSimulator.ActiveCfg = Debug|Any CPU
		{C7C13DC8-32B4-4D48-9892-AC9D1246177A}.Debug|iPhoneSimulator.Build.0 = Debug|Any CPU
		{C7C13DC8-32B4-4D48-9892-AC9D1246177A}.Debug|iPhoneSimulator.Deploy.0 = Debug|Any CPU
		{C7C13DC8-32B4-4D48-9892-AC9D1246177A}.Debug|x64.ActiveCfg = Debug|Any CPU
		{C7C13DC8-32B4-4D48-9892-AC9D1246177A}.Debug|x64.Build.0 = Debug|Any CPU
		{C7C13DC8-32B4-4D48-9892-AC9D1246177A}.Debug|x64.Deploy.0 = Debug|Any CPU
		{C7C13DC8-32B4-4D48-9892-AC9D1246177A}.Debug|x86.ActiveCfg = Debug|Any CPU
		{C7C13DC8-32B4-4D48-9892-AC9D1246177A}.Debug|x86.Build.0 = Debug|Any CPU
		{C7C13DC8-32B4-4D48-9892-AC9D1246177A}.Debug|x86.Deploy.0 = Debug|Any CPU
		{C7C13DC8-32B4-4D48-9892-AC9D1246177A}.Release|Any CPU.ActiveCfg = Release|Any CPU
		{C7C13DC8-32B4-4D48-9892-AC9D1246177A}.Release|Any CPU.Build.0 = Release|Any CPU
		{C7C13DC8-32B4-4D48-9892-AC9D1246177A}.Release|Any CPU.Deploy.0 = Release|Any CPU
		{C7C13DC8-32B4-4D48-9892-AC9D1246177A}.Release|ARM.ActiveCfg = Release|Any CPU
		{C7C13DC8-32B4-4D48-9892-AC9D1246177A}.Release|ARM.Build.0 = Release|Any CPU
		{C7C13DC8-32B4-4D48-9892-AC9D1246177A}.Release|ARM.Deploy.0 = Release|Any CPU
		{C7C13DC8-32B4-4D48-9892-AC9D1246177A}.Release|iPhone.ActiveCfg = Release|Any CPU
		{C7C13DC8-32B4-4D48-9892-AC9D1246177A}.Release|iPhone.Build.0 = Release|Any CPU
		{C7C13DC8-32B4-4D48-9892-AC9D1246177A}.Release|iPhone.Deploy.0 = Release|Any CPU
		{C7C13DC8-32B4-4D48-9892-AC9D1246177A}.Release|iPhoneSimulator.ActiveCfg = Release|Any CPU
		{C7C13DC8-32B4-4D48-9892-AC9D1246177A}.Release|iPhoneSimulator.Build.0 = Release|Any CPU
		{C7C13DC8-32B4-4D48-9892-AC9D1246177A}.Release|iPhoneSimulator.Deploy.0 = Release|Any CPU
		{C7C13DC8-32B4-4D48-9892-AC9D1246177A}.Release|x64.ActiveCfg = Release|Any CPU
		{C7C13DC8-32B4-4D48-9892-AC9D1246177A}.Release|x64.Build.0 = Release|Any CPU
		{C7C13DC8-32B4-4D48-9892-AC9D1246177A}.Release|x64.Deploy.0 = Release|Any CPU
		{C7C13DC8-32B4-4D48-9892-AC9D1246177A}.Release|x86.ActiveCfg = Release|Any CPU
		{C7C13DC8-32B4-4D48-9892-AC9D1246177A}.Release|x86.Build.0 = Release|Any CPU
		{C7C13DC8-32B4-4D48-9892-AC9D1246177A}.Release|x86.Deploy.0 = Release|Any CPU
	EndGlobalSection
	GlobalSection(SolutionProperties) = preSolution
		HideSolutionNode = FALSE
	EndGlobalSection
	GlobalSection(ExtensibilityGlobals) = postSolution
		SolutionGuid = {E86FB876-F9F1-4769-9649-C49251460098}
	EndGlobalSection
EndGlobal
