
Microsoft Visual Studio Solution File, Format Version 12.00
# Visual Studio 15
VisualStudioVersion = 15.0.28307.1022
MinimumVisualStudioVersion = 10.0.40219.1
Project("{FAE04EC0-301F-11D3-BF4B-00C04F79EFBC}") = "P02_TipoPaginaXF.Android", "P02_TipoPaginaXF\P02_TipoPaginaXF.Android\P02_TipoPaginaXF.Android.csproj", "{6BEDC06C-F2AA-4094-B96A-1789CAB2DDBC}"
EndProject
Project("{FAE04EC0-301F-11D3-BF4B-00C04F79EFBC}") = "P02_TipoPaginaXF.iOS", "P02_TipoPaginaXF\P02_TipoPaginaXF.iOS\P02_TipoPaginaXF.iOS.csproj", "{18223D57-E4BA-49EE-B9AB-D26A8B5D8939}"
EndProject
Project("{FAE04EC0-301F-11D3-BF4B-00C04F79EFBC}") = "P02_TipoPaginaXF.UWP", "P02_TipoPaginaXF\P02_TipoPaginaXF.UWP\P02_TipoPaginaXF.UWP.csproj", "{C0B27CB2-822F-4A75-8257-F0EC4478C19D}"
EndProject
Project("{FAE04EC0-301F-11D3-BF4B-00C04F79EFBC}") = "P02_TipoPaginaXF", "P02_TipoPaginaXF\P02_TipoPaginaXF\P02_TipoPaginaXF.csproj", "{D0E98026-4047-4334-9C56-A33630F07229}"
EndProject
Global
	GlobalSection(SolutionConfigurationPlatforms) = preSolution
		Ad-Hoc|Any CPU = Ad-Hoc|Any CPU
		Ad-Hoc|ARM = Ad-Hoc|ARM
		Ad-Hoc|iPhone = Ad-Hoc|iPhone
		Ad-Hoc|iPhoneSimulator = Ad-Hoc|iPhoneSimulator
		Ad-Hoc|x64 = Ad-Hoc|x64
		Ad-Hoc|x86 = Ad-Hoc|x86
		AppStore|Any CPU = AppStore|Any CPU
		AppStore|ARM = AppStore|ARM
		AppStore|iPhone = AppStore|iPhone
		AppStore|iPhoneSimulator = AppStore|iPhoneSimulator
		AppStore|x64 = AppStore|x64
		AppStore|x86 = AppStore|x86
		Debug|Any CPU = Debug|Any CPU
		Debug|ARM = Debug|ARM
		Debug|iPhone = Debug|iPhone
		Debug|iPhoneSimulator = Debug|iPhoneSimulator
		Debug|x64 = Debug|x64
		Debug|x86 = Debug|x86
		Release|Any CPU = Release|Any CPU
		Release|ARM = Release|ARM
		Release|iPhone = Release|iPhone
		Release|iPhoneSimulator = Release|iPhoneSimulator
		Release|x64 = Release|x64
		Release|x86 = Release|x86
	EndGlobalSection
	GlobalSection(ProjectConfigurationPlatforms) = postSolution
		{6BEDC06C-F2AA-4094-B96A-1789CAB2DDBC}.Ad-Hoc|Any CPU.ActiveCfg = Release|Any CPU
		{6BEDC06C-F2AA-4094-B96A-1789CAB2DDBC}.Ad-Hoc|Any CPU.Build.0 = Release|Any CPU
		{6BEDC06C-F2AA-4094-B96A-1789CAB2DDBC}.Ad-Hoc|Any CPU.Deploy.0 = Release|Any CPU
		{6BEDC06C-F2AA-4094-B96A-1789CAB2DDBC}.Ad-Hoc|ARM.ActiveCfg = Release|Any CPU
		{6BEDC06C-F2AA-4094-B96A-1789CAB2DDBC}.Ad-Hoc|ARM.Build.0 = Release|Any CPU
		{6BEDC06C-F2AA-4094-B96A-1789CAB2DDBC}.Ad-Hoc|ARM.Deploy.0 = Release|Any CPU
		{6BEDC06C-F2AA-4094-B96A-1789CAB2DDBC}.Ad-Hoc|iPhone.ActiveCfg = Release|Any CPU
		{6BEDC06C-F2AA-4094-B96A-1789CAB2DDBC}.Ad-Hoc|iPhone.Build.0 = Release|Any CPU
		{6BEDC06C-F2AA-4094-B96A-1789CAB2DDBC}.Ad-Hoc|iPhone.Deploy.0 = Release|Any CPU
		{6BEDC06C-F2AA-4094-B96A-1789CAB2DDBC}.Ad-Hoc|iPhoneSimulator.ActiveCfg = Release|Any CPU
		{6BEDC06C-F2AA-4094-B96A-1789CAB2DDBC}.Ad-Hoc|iPhoneSimulator.Build.0 = Release|Any CPU
		{6BEDC06C-F2AA-4094-B96A-1789CAB2DDBC}.Ad-Hoc|iPhoneSimulator.Deploy.0 = Release|Any CPU
		{6BEDC06C-F2AA-4094-B96A-1789CAB2DDBC}.Ad-Hoc|x64.ActiveCfg = Release|Any CPU
		{6BEDC06C-F2AA-4094-B96A-1789CAB2DDBC}.Ad-Hoc|x64.Build.0 = Release|Any CPU
		{6BEDC06C-F2AA-4094-B96A-1789CAB2DDBC}.Ad-Hoc|x64.Deploy.0 = Release|Any CPU
		{6BEDC06C-F2AA-4094-B96A-1789CAB2DDBC}.Ad-Hoc|x86.ActiveCfg = Release|Any CPU
		{6BEDC06C-F2AA-4094-B96A-1789CAB2DDBC}.Ad-Hoc|x86.Build.0 = Release|Any CPU
		{6BEDC06C-F2AA-4094-B96A-1789CAB2DDBC}.Ad-Hoc|x86.Deploy.0 = Release|Any CPU
		{6BEDC06C-F2AA-4094-B96A-1789CAB2DDBC}.AppStore|Any CPU.ActiveCfg = Release|Any CPU
		{6BEDC06C-F2AA-4094-B96A-1789CAB2DDBC}.AppStore|Any CPU.Build.0 = Release|Any CPU
		{6BEDC06C-F2AA-4094-B96A-1789CAB2DDBC}.AppStore|Any CPU.Deploy.0 = Release|Any CPU
		{6BEDC06C-F2AA-4094-B96A-1789CAB2DDBC}.AppStore|ARM.ActiveCfg = Release|Any CPU
		{6BEDC06C-F2AA-4094-B96A-1789CAB2DDBC}.AppStore|ARM.Build.0 = Release|Any CPU
		{6BEDC06C-F2AA-4094-B96A-1789CAB2DDBC}.AppStore|ARM.Deploy.0 = Release|Any CPU
		{6BEDC06C-F2AA-4094-B96A-1789CAB2DDBC}.AppStore|iPhone.ActiveCfg = Release|Any CPU
		{6BEDC06C-F2AA-4094-B96A-1789CAB2DDBC}.AppStore|iPhone.Build.0 = Release|Any CPU
		{6BEDC06C-F2AA-4094-B96A-1789CAB2DDBC}.AppStore|iPhone.Deploy.0 = Release|Any CPU
		{6BEDC06C-F2AA-4094-B96A-1789CAB2DDBC}.AppStore|iPhoneSimulator.ActiveCfg = Release|Any CPU
		{6BEDC06C-F2AA-4094-B96A-1789CAB2DDBC}.AppStore|iPhoneSimulator.Build.0 = Release|Any CPU
		{6BEDC06C-F2AA-4094-B96A-1789CAB2DDBC}.AppStore|iPhoneSimulator.Deploy.0 = Release|Any CPU
		{6BEDC06C-F2AA-4094-B96A-1789CAB2DDBC}.AppStore|x64.ActiveCfg = Release|Any CPU
		{6BEDC06C-F2AA-4094-B96A-1789CAB2DDBC}.AppStore|x64.Build.0 = Release|Any CPU
		{6BEDC06C-F2AA-4094-B96A-1789CAB2DDBC}.AppStore|x64.Deploy.0 = Release|Any CPU
		{6BEDC06C-F2AA-4094-B96A-1789CAB2DDBC}.AppStore|x86.ActiveCfg = Release|Any CPU
		{6BEDC06C-F2AA-4094-B96A-1789CAB2DDBC}.AppStore|x86.Build.0 = Release|Any CPU
		{6BEDC06C-F2AA-4094-B96A-1789CAB2DDBC}.AppStore|x86.Deploy.0 = Release|Any CPU
		{6BEDC06C-F2AA-4094-B96A-1789CAB2DDBC}.Debug|Any CPU.ActiveCfg = Debug|Any CPU
		{6BEDC06C-F2AA-4094-B96A-1789CAB2DDBC}.Debug|Any CPU.Build.0 = Debug|Any CPU
		{6BEDC06C-F2AA-4094-B96A-1789CAB2DDBC}.Debug|Any CPU.Deploy.0 = Debug|Any CPU
		{6BEDC06C-F2AA-4094-B96A-1789CAB2DDBC}.Debug|ARM.ActiveCfg = Debug|Any CPU
		{6BEDC06C-F2AA-4094-B96A-1789CAB2DDBC}.Debug|ARM.Build.0 = Debug|Any CPU
		{6BEDC06C-F2AA-4094-B96A-1789CAB2DDBC}.Debug|ARM.Deploy.0 = Debug|Any CPU
		{6BEDC06C-F2AA-4094-B96A-1789CAB2DDBC}.Debug|iPhone.ActiveCfg = Debug|Any CPU
		{6BEDC06C-F2AA-4094-B96A-1789CAB2DDBC}.Debug|iPhone.Build.0 = Debug|Any CPU
		{6BEDC06C-F2AA-4094-B96A-1789CAB2DDBC}.Debug|iPhone.Deploy.0 = Debug|Any CPU
		{6BEDC06C-F2AA-4094-B96A-1789CAB2DDBC}.Debug|iPhoneSimulator.ActiveCfg = Debug|Any CPU
		{6BEDC06C-F2AA-4094-B96A-1789CAB2DDBC}.Debug|iPhoneSimulator.Build.0 = Debug|Any CPU
		{6BEDC06C-F2AA-4094-B96A-1789CAB2DDBC}.Debug|iPhoneSimulator.Deploy.0 = Debug|Any CPU
		{6BEDC06C-F2AA-4094-B96A-1789CAB2DDBC}.Debug|x64.ActiveCfg = Debug|Any CPU
		{6BEDC06C-F2AA-4094-B96A-1789CAB2DDBC}.Debug|x64.Build.0 = Debug|Any CPU
		{6BEDC06C-F2AA-4094-B96A-1789CAB2DDBC}.Debug|x64.Deploy.0 = Debug|Any CPU
		{6BEDC06C-F2AA-4094-B96A-1789CAB2DDBC}.Debug|x86.ActiveCfg = Debug|Any CPU
		{6BEDC06C-F2AA-4094-B96A-1789CAB2DDBC}.Debug|x86.Build.0 = Debug|Any CPU
		{6BEDC06C-F2AA-4094-B96A-1789CAB2DDBC}.Debug|x86.Deploy.0 = Debug|Any CPU
		{6BEDC06C-F2AA-4094-B96A-1789CAB2DDBC}.Release|Any CPU.ActiveCfg = Release|Any CPU
		{6BEDC06C-F2AA-4094-B96A-1789CAB2DDBC}.Release|Any CPU.Build.0 = Release|Any CPU
		{6BEDC06C-F2AA-4094-B96A-1789CAB2DDBC}.Release|Any CPU.Deploy.0 = Release|Any CPU
		{6BEDC06C-F2AA-4094-B96A-1789CAB2DDBC}.Release|ARM.ActiveCfg = Release|Any CPU
		{6BEDC06C-F2AA-4094-B96A-1789CAB2DDBC}.Release|ARM.Build.0 = Release|Any CPU
		{6BEDC06C-F2AA-4094-B96A-1789CAB2DDBC}.Release|ARM.Deploy.0 = Release|Any CPU
		{6BEDC06C-F2AA-4094-B96A-1789CAB2DDBC}.Release|iPhone.ActiveCfg = Release|Any CPU
		{6BEDC06C-F2AA-4094-B96A-1789CAB2DDBC}.Release|iPhone.Build.0 = Release|Any CPU
		{6BEDC06C-F2AA-4094-B96A-1789CAB2DDBC}.Release|iPhone.Deploy.0 = Release|Any CPU
		{6BEDC06C-F2AA-4094-B96A-1789CAB2DDBC}.Release|iPhoneSimulator.ActiveCfg = Release|Any CPU
		{6BEDC06C-F2AA-4094-B96A-1789CAB2DDBC}.Release|iPhoneSimulator.Build.0 = Release|Any CPU
		{6BEDC06C-F2AA-4094-B96A-1789CAB2DDBC}.Release|iPhoneSimulator.Deploy.0 = Release|Any CPU
		{6BEDC06C-F2AA-4094-B96A-1789CAB2DDBC}.Release|x64.ActiveCfg = Release|Any CPU
		{6BEDC06C-F2AA-4094-B96A-1789CAB2DDBC}.Release|x64.Build.0 = Release|Any CPU
		{6BEDC06C-F2AA-4094-B96A-1789CAB2DDBC}.Release|x64.Deploy.0 = Release|Any CPU
		{6BEDC06C-F2AA-4094-B96A-1789CAB2DDBC}.Release|x86.ActiveCfg = Release|Any CPU
		{6BEDC06C-F2AA-4094-B96A-1789CAB2DDBC}.Release|x86.Build.0 = Release|Any CPU
		{6BEDC06C-F2AA-4094-B96A-1789CAB2DDBC}.Release|x86.Deploy.0 = Release|Any CPU
		{18223D57-E4BA-49EE-B9AB-D26A8B5D8939}.Ad-Hoc|Any CPU.ActiveCfg = Ad-Hoc|iPhone
		{18223D57-E4BA-49EE-B9AB-D26A8B5D8939}.Ad-Hoc|Any CPU.Build.0 = Ad-Hoc|iPhone
		{18223D57-E4BA-49EE-B9AB-D26A8B5D8939}.Ad-Hoc|Any CPU.Deploy.0 = Ad-Hoc|iPhone
		{18223D57-E4BA-49EE-B9AB-D26A8B5D8939}.Ad-Hoc|ARM.ActiveCfg = Ad-Hoc|iPhone
		{18223D57-E4BA-49EE-B9AB-D26A8B5D8939}.Ad-Hoc|ARM.Build.0 = Ad-Hoc|iPhone
		{18223D57-E4BA-49EE-B9AB-D26A8B5D8939}.Ad-Hoc|ARM.Deploy.0 = Ad-Hoc|iPhone
		{18223D57-E4BA-49EE-B9AB-D26A8B5D8939}.Ad-Hoc|iPhone.ActiveCfg = Ad-Hoc|iPhone
		{18223D57-E4BA-49EE-B9AB-D26A8B5D8939}.Ad-Hoc|iPhone.Build.0 = Ad-Hoc|iPhone
		{18223D57-E4BA-49EE-B9AB-D26A8B5D8939}.Ad-Hoc|iPhone.Deploy.0 = Ad-Hoc|iPhone
		{18223D57-E4BA-49EE-B9AB-D26A8B5D8939}.Ad-Hoc|iPhoneSimulator.ActiveCfg = Ad-Hoc|iPhoneSimulator
		{18223D57-E4BA-49EE-B9AB-D26A8B5D8939}.Ad-Hoc|iPhoneSimulator.Build.0 = Ad-Hoc|iPhoneSimulator
		{18223D57-E4BA-49EE-B9AB-D26A8B5D8939}.Ad-Hoc|iPhoneSimulator.Deploy.0 = Ad-Hoc|iPhoneSimulator
		{18223D57-E4BA-49EE-B9AB-D26A8B5D8939}.Ad-Hoc|x64.ActiveCfg = Ad-Hoc|iPhone
		{18223D57-E4BA-49EE-B9AB-D26A8B5D8939}.Ad-Hoc|x64.Build.0 = Ad-Hoc|iPhone
		{18223D57-E4BA-49EE-B9AB-D26A8B5D8939}.Ad-Hoc|x64.Deploy.0 = Ad-Hoc|iPhone
		{18223D57-E4BA-49EE-B9AB-D26A8B5D8939}.Ad-Hoc|x86.ActiveCfg = Ad-Hoc|iPhone
		{18223D57-E4BA-49EE-B9AB-D26A8B5D8939}.Ad-Hoc|x86.Build.0 = Ad-Hoc|iPhone
		{18223D57-E4BA-49EE-B9AB-D26A8B5D8939}.Ad-Hoc|x86.Deploy.0 = Ad-Hoc|iPhone
		{18223D57-E4BA-49EE-B9AB-D26A8B5D8939}.AppStore|Any CPU.ActiveCfg = AppStore|iPhone
		{18223D57-E4BA-49EE-B9AB-D26A8B5D8939}.AppStore|Any CPU.Build.0 = AppStore|iPhone
		{18223D57-E4BA-49EE-B9AB-D26A8B5D8939}.AppStore|Any CPU.Deploy.0 = AppStore|iPhone
		{18223D57-E4BA-49EE-B9AB-D26A8B5D8939}.AppStore|ARM.ActiveCfg = AppStore|iPhone
		{18223D57-E4BA-49EE-B9AB-D26A8B5D8939}.AppStore|ARM.Build.0 = AppStore|iPhone
		{18223D57-E4BA-49EE-B9AB-D26A8B5D8939}.AppStore|ARM.Deploy.0 = AppStore|iPhone
		{18223D57-E4BA-49EE-B9AB-D26A8B5D8939}.AppStore|iPhone.ActiveCfg = AppStore|iPhone
		{18223D57-E4BA-49EE-B9AB-D26A8B5D8939}.AppStore|iPhone.Build.0 = AppStore|iPhone
		{18223D57-E4BA-49EE-B9AB-D26A8B5D8939}.AppStore|iPhone.Deploy.0 = AppStore|iPhone
		{18223D57-E4BA-49EE-B9AB-D26A8B5D8939}.AppStore|iPhoneSimulator.ActiveCfg = AppStore|iPhoneSimulator
		{18223D57-E4BA-49EE-B9AB-D26A8B5D8939}.AppStore|iPhoneSimulator.Build.0 = AppStore|iPhoneSimulator
		{18223D57-E4BA-49EE-B9AB-D26A8B5D8939}.AppStore|iPhoneSimulator.Deploy.0 = AppStore|iPhoneSimulator
		{18223D57-E4BA-49EE-B9AB-D26A8B5D8939}.AppStore|x64.ActiveCfg = AppStore|iPhone
		{18223D57-E4BA-49EE-B9AB-D26A8B5D8939}.AppStore|x64.Build.0 = AppStore|iPhone
		{18223D57-E4BA-49EE-B9AB-D26A8B5D8939}.AppStore|x64.Deploy.0 = AppStore|iPhone
		{18223D57-E4BA-49EE-B9AB-D26A8B5D8939}.AppStore|x86.ActiveCfg = AppStore|iPhone
		{18223D57-E4BA-49EE-B9AB-D26A8B5D8939}.AppStore|x86.Build.0 = AppStore|iPhone
		{18223D57-E4BA-49EE-B9AB-D26A8B5D8939}.AppStore|x86.Deploy.0 = AppStore|iPhone
		{18223D57-E4BA-49EE-B9AB-D26A8B5D8939}.Debug|Any CPU.ActiveCfg = Debug|iPhoneSimulator
		{18223D57-E4BA-49EE-B9AB-D26A8B5D8939}.Debug|Any CPU.Build.0 = Debug|iPhoneSimulator
		{18223D57-E4BA-49EE-B9AB-D26A8B5D8939}.Debug|Any CPU.Deploy.0 = Debug|iPhoneSimulator
		{18223D57-E4BA-49EE-B9AB-D26A8B5D8939}.Debug|ARM.ActiveCfg = Debug|iPhone
		{18223D57-E4BA-49EE-B9AB-D26A8B5D8939}.Debug|ARM.Build.0 = Debug|iPhone
		{18223D57-E4BA-49EE-B9AB-D26A8B5D8939}.Debug|ARM.Deploy.0 = Debug|iPhone
		{18223D57-E4BA-49EE-B9AB-D26A8B5D8939}.Debug|iPhone.ActiveCfg = Debug|iPhone
		{18223D57-E4BA-49EE-B9AB-D26A8B5D8939}.Debug|iPhone.Build.0 = Debug|iPhone
		{18223D57-E4BA-49EE-B9AB-D26A8B5D8939}.Debug|iPhone.Deploy.0 = Debug|iPhone
		{18223D57-E4BA-49EE-B9AB-D26A8B5D8939}.Debug|iPhoneSimulator.ActiveCfg = Debug|iPhoneSimulator
		{18223D57-E4BA-49EE-B9AB-D26A8B5D8939}.Debug|iPhoneSimulator.Build.0 = Debug|iPhoneSimulator
		{18223D57-E4BA-49EE-B9AB-D26A8B5D8939}.Debug|iPhoneSimulator.Deploy.0 = Debug|iPhoneSimulator
		{18223D57-E4BA-49EE-B9AB-D26A8B5D8939}.Debug|x64.ActiveCfg = Debug|iPhone
		{18223D57-E4BA-49EE-B9AB-D26A8B5D8939}.Debug|x64.Build.0 = Debug|iPhone
		{18223D57-E4BA-49EE-B9AB-D26A8B5D8939}.Debug|x64.Deploy.0 = Debug|iPhone
		{18223D57-E4BA-49EE-B9AB-D26A8B5D8939}.Debug|x86.ActiveCfg = Debug|iPhone
		{18223D57-E4BA-49EE-B9AB-D26A8B5D8939}.Debug|x86.Build.0 = Debug|iPhone
		{18223D57-E4BA-49EE-B9AB-D26A8B5D8939}.Debug|x86.Deploy.0 = Debug|iPhone
		{18223D57-E4BA-49EE-B9AB-D26A8B5D8939}.Release|Any CPU.ActiveCfg = Release|iPhone
		{18223D57-E4BA-49EE-B9AB-D26A8B5D8939}.Release|Any CPU.Build.0 = Release|iPhone
		{18223D57-E4BA-49EE-B9AB-D26A8B5D8939}.Release|Any CPU.Deploy.0 = Release|iPhone
		{18223D57-E4BA-49EE-B9AB-D26A8B5D8939}.Release|ARM.ActiveCfg = Release|iPhone
		{18223D57-E4BA-49EE-B9AB-D26A8B5D8939}.Release|ARM.Build.0 = Release|iPhone
		{18223D57-E4BA-49EE-B9AB-D26A8B5D8939}.Release|ARM.Deploy.0 = Release|iPhone
		{18223D57-E4BA-49EE-B9AB-D26A8B5D8939}.Release|iPhone.ActiveCfg = Release|iPhone
		{18223D57-E4BA-49EE-B9AB-D26A8B5D8939}.Release|iPhone.Build.0 = Release|iPhone
		{18223D57-E4BA-49EE-B9AB-D26A8B5D8939}.Release|iPhone.Deploy.0 = Release|iPhone
		{18223D57-E4BA-49EE-B9AB-D26A8B5D8939}.Release|iPhoneSimulator.ActiveCfg = Release|iPhoneSimulator
		{18223D57-E4BA-49EE-B9AB-D26A8B5D8939}.Release|iPhoneSimulator.Build.0 = Release|iPhoneSimulator
		{18223D57-E4BA-49EE-B9AB-D26A8B5D8939}.Release|iPhoneSimulator.Deploy.0 = Release|iPhoneSimulator
		{18223D57-E4BA-49EE-B9AB-D26A8B5D8939}.Release|x64.ActiveCfg = Release|iPhone
		{18223D57-E4BA-49EE-B9AB-D26A8B5D8939}.Release|x64.Build.0 = Release|iPhone
		{18223D57-E4BA-49EE-B9AB-D26A8B5D8939}.Release|x64.Deploy.0 = Release|iPhone
		{18223D57-E4BA-49EE-B9AB-D26A8B5D8939}.Release|x86.ActiveCfg = Release|iPhone
		{18223D57-E4BA-49EE-B9AB-D26A8B5D8939}.Release|x86.Build.0 = Release|iPhone
		{18223D57-E4BA-49EE-B9AB-D26A8B5D8939}.Release|x86.Deploy.0 = Release|iPhone
		{C0B27CB2-822F-4A75-8257-F0EC4478C19D}.Ad-Hoc|Any CPU.ActiveCfg = Release|x86
		{C0B27CB2-822F-4A75-8257-F0EC4478C19D}.Ad-Hoc|Any CPU.Build.0 = Release|x86
		{C0B27CB2-822F-4A75-8257-F0EC4478C19D}.Ad-Hoc|Any CPU.Deploy.0 = Release|x86
		{C0B27CB2-822F-4A75-8257-F0EC4478C19D}.Ad-Hoc|ARM.ActiveCfg = Release|ARM
		{C0B27CB2-822F-4A75-8257-F0EC4478C19D}.Ad-Hoc|ARM.Build.0 = Release|ARM
		{C0B27CB2-822F-4A75-8257-F0EC4478C19D}.Ad-Hoc|ARM.Deploy.0 = Release|ARM
		{C0B27CB2-822F-4A75-8257-F0EC4478C19D}.Ad-Hoc|iPhone.ActiveCfg = Release|x86
		{C0B27CB2-822F-4A75-8257-F0EC4478C19D}.Ad-Hoc|iPhone.Build.0 = Release|x86
		{C0B27CB2-822F-4A75-8257-F0EC4478C19D}.Ad-Hoc|iPhone.Deploy.0 = Release|x86
		{C0B27CB2-822F-4A75-8257-F0EC4478C19D}.Ad-Hoc|iPhoneSimulator.ActiveCfg = Release|x86
		{C0B27CB2-822F-4A75-8257-F0EC4478C19D}.Ad-Hoc|iPhoneSimulator.Build.0 = Release|x86
		{C0B27CB2-822F-4A75-8257-F0EC4478C19D}.Ad-Hoc|iPhoneSimulator.Deploy.0 = Release|x86
		{C0B27CB2-822F-4A75-8257-F0EC4478C19D}.Ad-Hoc|x64.ActiveCfg = Release|x64
		{C0B27CB2-822F-4A75-8257-F0EC4478C19D}.Ad-Hoc|x64.Build.0 = Release|x64
		{C0B27CB2-822F-4A75-8257-F0EC4478C19D}.Ad-Hoc|x64.Deploy.0 = Release|x64
		{C0B27CB2-822F-4A75-8257-F0EC4478C19D}.Ad-Hoc|x86.ActiveCfg = Release|x86
		{C0B27CB2-822F-4A75-8257-F0EC4478C19D}.Ad-Hoc|x86.Build.0 = Release|x86
		{C0B27CB2-822F-4A75-8257-F0EC4478C19D}.Ad-Hoc|x86.Deploy.0 = Release|x86
		{C0B27CB2-822F-4A75-8257-F0EC4478C19D}.AppStore|Any CPU.ActiveCfg = Release|x86
		{C0B27CB2-822F-4A75-8257-F0EC4478C19D}.AppStore|Any CPU.Build.0 = Release|x86
		{C0B27CB2-822F-4A75-8257-F0EC4478C19D}.AppStore|Any CPU.Deploy.0 = Release|x86
		{C0B27CB2-822F-4A75-8257-F0EC4478C19D}.AppStore|ARM.ActiveCfg = Release|ARM
		{C0B27CB2-822F-4A75-8257-F0EC4478C19D}.AppStore|ARM.Build.0 = Release|ARM
		{C0B27CB2-822F-4A75-8257-F0EC4478C19D}.AppStore|ARM.Deploy.0 = Release|ARM
		{C0B27CB2-822F-4A75-8257-F0EC4478C19D}.AppStore|iPhone.ActiveCfg = Release|x86
		{C0B27CB2-822F-4A75-8257-F0EC4478C19D}.AppStore|iPhone.Build.0 = Release|x86
		{C0B27CB2-822F-4A75-8257-F0EC4478C19D}.AppStore|iPhone.Deploy.0 = Release|x86
		{C0B27CB2-822F-4A75-8257-F0EC4478C19D}.AppStore|iPhoneSimulator.ActiveCfg = Release|x86
		{C0B27CB2-822F-4A75-8257-F0EC4478C19D}.AppStore|iPhoneSimulator.Build.0 = Release|x86
		{C0B27CB2-822F-4A75-8257-F0EC4478C19D}.AppStore|iPhoneSimulator.Deploy.0 = Release|x86
		{C0B27CB2-822F-4A75-8257-F0EC4478C19D}.AppStore|x64.ActiveCfg = Release|x64
		{C0B27CB2-822F-4A75-8257-F0EC4478C19D}.AppStore|x64.Build.0 = Release|x64
		{C0B27CB2-822F-4A75-8257-F0EC4478C19D}.AppStore|x64.Deploy.0 = Release|x64
		{C0B27CB2-822F-4A75-8257-F0EC4478C19D}.AppStore|x86.ActiveCfg = Release|x86
		{C0B27CB2-822F-4A75-8257-F0EC4478C19D}.AppStore|x86.Build.0 = Release|x86
		{C0B27CB2-822F-4A75-8257-F0EC4478C19D}.AppStore|x86.Deploy.0 = Release|x86
		{C0B27CB2-822F-4A75-8257-F0EC4478C19D}.Debug|Any CPU.ActiveCfg = Debug|x86
		{C0B27CB2-822F-4A75-8257-F0EC4478C19D}.Debug|Any CPU.Build.0 = Debug|x86
		{C0B27CB2-822F-4A75-8257-F0EC4478C19D}.Debug|Any CPU.Deploy.0 = Debug|x86
		{C0B27CB2-822F-4A75-8257-F0EC4478C19D}.Debug|ARM.ActiveCfg = Debug|ARM
		{C0B27CB2-822F-4A75-8257-F0EC4478C19D}.Debug|ARM.Build.0 = Debug|ARM
		{C0B27CB2-822F-4A75-8257-F0EC4478C19D}.Debug|ARM.Deploy.0 = Debug|ARM
		{C0B27CB2-822F-4A75-8257-F0EC4478C19D}.Debug|iPhone.ActiveCfg = Debug|x86
		{C0B27CB2-822F-4A75-8257-F0EC4478C19D}.Debug|iPhone.Build.0 = Debug|x86
		{C0B27CB2-822F-4A75-8257-F0EC4478C19D}.Debug|iPhone.Deploy.0 = Debug|x86
		{C0B27CB2-822F-4A75-8257-F0EC4478C19D}.Debug|iPhoneSimulator.ActiveCfg = Debug|x86
		{C0B27CB2-822F-4A75-8257-F0EC4478C19D}.Debug|iPhoneSimulator.Build.0 = Debug|x86
		{C0B27CB2-822F-4A75-8257-F0EC4478C19D}.Debug|iPhoneSimulator.Deploy.0 = Debug|x86
		{C0B27CB2-822F-4A75-8257-F0EC4478C19D}.Debug|x64.ActiveCfg = Debug|x64
		{C0B27CB2-822F-4A75-8257-F0EC4478C19D}.Debug|x64.Build.0 = Debug|x64
		{C0B27CB2-822F-4A75-8257-F0EC4478C19D}.Debug|x64.Deploy.0 = Debug|x64
		{C0B27CB2-822F-4A75-8257-F0EC4478C19D}.Debug|x86.ActiveCfg = Debug|x86
		{C0B27CB2-822F-4A75-8257-F0EC4478C19D}.Debug|x86.Build.0 = Debug|x86
		{C0B27CB2-822F-4A75-8257-F0EC4478C19D}.Debug|x86.Deploy.0 = Debug|x86
		{C0B27CB2-822F-4A75-8257-F0EC4478C19D}.Release|Any CPU.ActiveCfg = Release|x86
		{C0B27CB2-822F-4A75-8257-F0EC4478C19D}.Release|Any CPU.Build.0 = Release|x86
		{C0B27CB2-822F-4A75-8257-F0EC4478C19D}.Release|Any CPU.Deploy.0 = Release|x86
		{C0B27CB2-822F-4A75-8257-F0EC4478C19D}.Release|ARM.ActiveCfg = Release|ARM
		{C0B27CB2-822F-4A75-8257-F0EC4478C19D}.Release|ARM.Build.0 = Release|ARM
		{C0B27CB2-822F-4A75-8257-F0EC4478C19D}.Release|ARM.Deploy.0 = Release|ARM
		{C0B27CB2-822F-4A75-8257-F0EC4478C19D}.Release|iPhone.ActiveCfg = Release|x86
		{C0B27CB2-822F-4A75-8257-F0EC4478C19D}.Release|iPhone.Build.0 = Release|x86
		{C0B27CB2-822F-4A75-8257-F0EC4478C19D}.Release|iPhone.Deploy.0 = Release|x86
		{C0B27CB2-822F-4A75-8257-F0EC4478C19D}.Release|iPhoneSimulator.ActiveCfg = Release|x86
		{C0B27CB2-822F-4A75-8257-F0EC4478C19D}.Release|iPhoneSimulator.Build.0 = Release|x86
		{C0B27CB2-822F-4A75-8257-F0EC4478C19D}.Release|iPhoneSimulator.Deploy.0 = Release|x86
		{C0B27CB2-822F-4A75-8257-F0EC4478C19D}.Release|x64.ActiveCfg = Release|x64
		{C0B27CB2-822F-4A75-8257-F0EC4478C19D}.Release|x64.Build.0 = Release|x64
		{C0B27CB2-822F-4A75-8257-F0EC4478C19D}.Release|x64.Deploy.0 = Release|x64
		{C0B27CB2-822F-4A75-8257-F0EC4478C19D}.Release|x86.ActiveCfg = Release|x86
		{C0B27CB2-822F-4A75-8257-F0EC4478C19D}.Release|x86.Build.0 = Release|x86
		{C0B27CB2-822F-4A75-8257-F0EC4478C19D}.Release|x86.Deploy.0 = Release|x86
		{D0E98026-4047-4334-9C56-A33630F07229}.Ad-Hoc|Any CPU.ActiveCfg = Debug|Any CPU
		{D0E98026-4047-4334-9C56-A33630F07229}.Ad-Hoc|Any CPU.Build.0 = Debug|Any CPU
		{D0E98026-4047-4334-9C56-A33630F07229}.Ad-Hoc|Any CPU.Deploy.0 = Debug|Any CPU
		{D0E98026-4047-4334-9C56-A33630F07229}.Ad-Hoc|ARM.ActiveCfg = Debug|Any CPU
		{D0E98026-4047-4334-9C56-A33630F07229}.Ad-Hoc|ARM.Build.0 = Debug|Any CPU
		{D0E98026-4047-4334-9C56-A33630F07229}.Ad-Hoc|ARM.Deploy.0 = Debug|Any CPU
		{D0E98026-4047-4334-9C56-A33630F07229}.Ad-Hoc|iPhone.ActiveCfg = Debug|Any CPU
		{D0E98026-4047-4334-9C56-A33630F07229}.Ad-Hoc|iPhone.Build.0 = Debug|Any CPU
		{D0E98026-4047-4334-9C56-A33630F07229}.Ad-Hoc|iPhone.Deploy.0 = Debug|Any CPU
		{D0E98026-4047-4334-9C56-A33630F07229}.Ad-Hoc|iPhoneSimulator.ActiveCfg = Debug|Any CPU
		{D0E98026-4047-4334-9C56-A33630F07229}.Ad-Hoc|iPhoneSimulator.Build.0 = Debug|Any CPU
		{D0E98026-4047-4334-9C56-A33630F07229}.Ad-Hoc|iPhoneSimulator.Deploy.0 = Debug|Any CPU
		{D0E98026-4047-4334-9C56-A33630F07229}.Ad-Hoc|x64.ActiveCfg = Debug|Any CPU
		{D0E98026-4047-4334-9C56-A33630F07229}.Ad-Hoc|x64.Build.0 = Debug|Any CPU
		{D0E98026-4047-4334-9C56-A33630F07229}.Ad-Hoc|x64.Deploy.0 = Debug|Any CPU
		{D0E98026-4047-4334-9C56-A33630F07229}.Ad-Hoc|x86.ActiveCfg = Debug|Any CPU
		{D0E98026-4047-4334-9C56-A33630F07229}.Ad-Hoc|x86.Build.0 = Debug|Any CPU
		{D0E98026-4047-4334-9C56-A33630F07229}.Ad-Hoc|x86.Deploy.0 = Debug|Any CPU
		{D0E98026-4047-4334-9C56-A33630F07229}.AppStore|Any CPU.ActiveCfg = Debug|Any CPU
		{D0E98026-4047-4334-9C56-A33630F07229}.AppStore|Any CPU.Build.0 = Debug|Any CPU
		{D0E98026-4047-4334-9C56-A33630F07229}.AppStore|Any CPU.Deploy.0 = Debug|Any CPU
		{D0E98026-4047-4334-9C56-A33630F07229}.AppStore|ARM.ActiveCfg = Debug|Any CPU
		{D0E98026-4047-4334-9C56-A33630F07229}.AppStore|ARM.Build.0 = Debug|Any CPU
		{D0E98026-4047-4334-9C56-A33630F07229}.AppStore|ARM.Deploy.0 = Debug|Any CPU
		{D0E98026-4047-4334-9C56-A33630F07229}.AppStore|iPhone.ActiveCfg = Debug|Any CPU
		{D0E98026-4047-4334-9C56-A33630F07229}.AppStore|iPhone.Build.0 = Debug|Any CPU
		{D0E98026-4047-4334-9C56-A33630F07229}.AppStore|iPhone.Deploy.0 = Debug|Any CPU
		{D0E98026-4047-4334-9C56-A33630F07229}.AppStore|iPhoneSimulator.ActiveCfg = Debug|Any CPU
		{D0E98026-4047-4334-9C56-A33630F07229}.AppStore|iPhoneSimulator.Build.0 = Debug|Any CPU
		{D0E98026-4047-4334-9C56-A33630F07229}.AppStore|iPhoneSimulator.Deploy.0 = Debug|Any CPU
		{D0E98026-4047-4334-9C56-A33630F07229}.AppStore|x64.ActiveCfg = Debug|Any CPU
		{D0E98026-4047-4334-9C56-A33630F07229}.AppStore|x64.Build.0 = Debug|Any CPU
		{D0E98026-4047-4334-9C56-A33630F07229}.AppStore|x64.Deploy.0 = Debug|Any CPU
		{D0E98026-4047-4334-9C56-A33630F07229}.AppStore|x86.ActiveCfg = Debug|Any CPU
		{D0E98026-4047-4334-9C56-A33630F07229}.AppStore|x86.Build.0 = Debug|Any CPU
		{D0E98026-4047-4334-9C56-A33630F07229}.AppStore|x86.Deploy.0 = Debug|Any CPU
		{D0E98026-4047-4334-9C56-A33630F07229}.Debug|Any CPU.ActiveCfg = Debug|Any CPU
		{D0E98026-4047-4334-9C56-A33630F07229}.Debug|Any CPU.Build.0 = Debug|Any CPU
		{D0E98026-4047-4334-9C56-A33630F07229}.Debug|Any CPU.Deploy.0 = Debug|Any CPU
		{D0E98026-4047-4334-9C56-A33630F07229}.Debug|ARM.ActiveCfg = Debug|Any CPU
		{D0E98026-4047-4334-9C56-A33630F07229}.Debug|ARM.Build.0 = Debug|Any CPU
		{D0E98026-4047-4334-9C56-A33630F07229}.Debug|ARM.Deploy.0 = Debug|Any CPU
		{D0E98026-4047-4334-9C56-A33630F07229}.Debug|iPhone.ActiveCfg = Debug|Any CPU
		{D0E98026-4047-4334-9C56-A33630F07229}.Debug|iPhone.Build.0 = Debug|Any CPU
		{D0E98026-4047-4334-9C56-A33630F07229}.Debug|iPhone.Deploy.0 = Debug|Any CPU
		{D0E98026-4047-4334-9C56-A33630F07229}.Debug|iPhoneSimulator.ActiveCfg = Debug|Any CPU
		{D0E98026-4047-4334-9C56-A33630F07229}.Debug|iPhoneSimulator.Build.0 = Debug|Any CPU
		{D0E98026-4047-4334-9C56-A33630F07229}.Debug|iPhoneSimulator.Deploy.0 = Debug|Any CPU
		{D0E98026-4047-4334-9C56-A33630F07229}.Debug|x64.ActiveCfg = Debug|Any CPU
		{D0E98026-4047-4334-9C56-A33630F07229}.Debug|x64.Build.0 = Debug|Any CPU
		{D0E98026-4047-4334-9C56-A33630F07229}.Debug|x64.Deploy.0 = Debug|Any CPU
		{D0E98026-4047-4334-9C56-A33630F07229}.Debug|x86.ActiveCfg = Debug|Any CPU
		{D0E98026-4047-4334-9C56-A33630F07229}.Debug|x86.Build.0 = Debug|Any CPU
		{D0E98026-4047-4334-9C56-A33630F07229}.Debug|x86.Deploy.0 = Debug|Any CPU
		{D0E98026-4047-4334-9C56-A33630F07229}.Release|Any CPU.ActiveCfg = Release|Any CPU
		{D0E98026-4047-4334-9C56-A33630F07229}.Release|Any CPU.Build.0 = Release|Any CPU
		{D0E98026-4047-4334-9C56-A33630F07229}.Release|Any CPU.Deploy.0 = Release|Any CPU
		{D0E98026-4047-4334-9C56-A33630F07229}.Release|ARM.ActiveCfg = Release|Any CPU
		{D0E98026-4047-4334-9C56-A33630F07229}.Release|ARM.Build.0 = Release|Any CPU
		{D0E98026-4047-4334-9C56-A33630F07229}.Release|ARM.Deploy.0 = Release|Any CPU
		{D0E98026-4047-4334-9C56-A33630F07229}.Release|iPhone.ActiveCfg = Release|Any CPU
		{D0E98026-4047-4334-9C56-A33630F07229}.Release|iPhone.Build.0 = Release|Any CPU
		{D0E98026-4047-4334-9C56-A33630F07229}.Release|iPhone.Deploy.0 = Release|Any CPU
		{D0E98026-4047-4334-9C56-A33630F07229}.Release|iPhoneSimulator.ActiveCfg = Release|Any CPU
		{D0E98026-4047-4334-9C56-A33630F07229}.Release|iPhoneSimulator.Build.0 = Release|Any CPU
		{D0E98026-4047-4334-9C56-A33630F07229}.Release|iPhoneSimulator.Deploy.0 = Release|Any CPU
		{D0E98026-4047-4334-9C56-A33630F07229}.Release|x64.ActiveCfg = Release|Any CPU
		{D0E98026-4047-4334-9C56-A33630F07229}.Release|x64.Build.0 = Release|Any CPU
		{D0E98026-4047-4334-9C56-A33630F07229}.Release|x64.Deploy.0 = Release|Any CPU
		{D0E98026-4047-4334-9C56-A33630F07229}.Release|x86.ActiveCfg = Release|Any CPU
		{D0E98026-4047-4334-9C56-A33630F07229}.Release|x86.Build.0 = Release|Any CPU
		{D0E98026-4047-4334-9C56-A33630F07229}.Release|x86.Deploy.0 = Release|Any CPU
	EndGlobalSection
	GlobalSection(SolutionProperties) = preSolution
		HideSolutionNode = FALSE
	EndGlobalSection
	GlobalSection(ExtensibilityGlobals) = postSolution
		SolutionGuid = {FD45D58A-125F-45D7-82D4-5F00A142B936}
	EndGlobalSection
EndGlobal
