
Microsoft Visual Studio Solution File, Format Version 12.00
# Visual Studio 15
VisualStudioVersion = 15.0.28307.1022
MinimumVisualStudioVersion = 10.0.40219.1
Project("{FAE04EC0-301F-11D3-BF4B-00C04F79EFBC}") = "P04_Xamarin.Android", "P04_Xamarin\P04_Xamarin.Android\P04_Xamarin.Android.csproj", "{5B3118E9-ED5C-4568-8311-D36D6C401982}"
EndProject
Project("{FAE04EC0-301F-11D3-BF4B-00C04F79EFBC}") = "P04_Xamarin.iOS", "P04_Xamarin\P04_Xamarin.iOS\P04_Xamarin.iOS.csproj", "{06B2DA00-B6F5-43B4-A343-6D202A6480BA}"
EndProject
Project("{FAE04EC0-301F-11D3-BF4B-00C04F79EFBC}") = "P04_Xamarin.UWP", "P04_Xamarin\P04_Xamarin.UWP\P04_Xamarin.UWP.csproj", "{C5DA7F69-DF0E-4445-ABF7-EA1CD0F53C05}"
EndProject
Project("{FAE04EC0-301F-11D3-BF4B-00C04F79EFBC}") = "P04_Xamarin", "P04_Xamarin\P04_Xamarin\P04_Xamarin.csproj", "{B11D108C-BBD7-40ED-A754-DCFC70630115}"
EndProject
Global
	GlobalSection(SolutionConfigurationPlatforms) = preSolution
		Ad-Hoc|Any CPU = Ad-Hoc|Any CPU
		Ad-Hoc|ARM = Ad-Hoc|ARM
		Ad-Hoc|iPhone = Ad-Hoc|iPhone
		Ad-Hoc|iPhoneSimulator = Ad-Hoc|iPhoneSimulator
		Ad-Hoc|x64 = Ad-Hoc|x64
		Ad-Hoc|x86 = Ad-Hoc|x86
		AppStore|Any CPU = AppStore|Any CPU
		AppStore|ARM = AppStore|ARM
		AppStore|iPhone = AppStore|iPhone
		AppStore|iPhoneSimulator = AppStore|iPhoneSimulator
		AppStore|x64 = AppStore|x64
		AppStore|x86 = AppStore|x86
		Debug|Any CPU = Debug|Any CPU
		Debug|ARM = Debug|ARM
		Debug|iPhone = Debug|iPhone
		Debug|iPhoneSimulator = Debug|iPhoneSimulator
		Debug|x64 = Debug|x64
		Debug|x86 = Debug|x86
		Release|Any CPU = Release|Any CPU
		Release|ARM = Release|ARM
		Release|iPhone = Release|iPhone
		Release|iPhoneSimulator = Release|iPhoneSimulator
		Release|x64 = Release|x64
		Release|x86 = Release|x86
	EndGlobalSection
	GlobalSection(ProjectConfigurationPlatforms) = postSolution
		{5B3118E9-ED5C-4568-8311-D36D6C401982}.Ad-Hoc|Any CPU.ActiveCfg = Release|Any CPU
		{5B3118E9-ED5C-4568-8311-D36D6C401982}.Ad-Hoc|Any CPU.Build.0 = Release|Any CPU
		{5B3118E9-ED5C-4568-8311-D36D6C401982}.Ad-Hoc|Any CPU.Deploy.0 = Release|Any CPU
		{5B3118E9-ED5C-4568-8311-D36D6C401982}.Ad-Hoc|ARM.ActiveCfg = Release|Any CPU
		{5B3118E9-ED5C-4568-8311-D36D6C401982}.Ad-Hoc|ARM.Build.0 = Release|Any CPU
		{5B3118E9-ED5C-4568-8311-D36D6C401982}.Ad-Hoc|ARM.Deploy.0 = Release|Any CPU
		{5B3118E9-ED5C-4568-8311-D36D6C401982}.Ad-Hoc|iPhone.ActiveCfg = Release|Any CPU
		{5B3118E9-ED5C-4568-8311-D36D6C401982}.Ad-Hoc|iPhone.Build.0 = Release|Any CPU
		{5B3118E9-ED5C-4568-8311-D36D6C401982}.Ad-Hoc|iPhone.Deploy.0 = Release|Any CPU
		{5B3118E9-ED5C-4568-8311-D36D6C401982}.Ad-Hoc|iPhoneSimulator.ActiveCfg = Release|Any CPU
		{5B3118E9-ED5C-4568-8311-D36D6C401982}.Ad-Hoc|iPhoneSimulator.Build.0 = Release|Any CPU
		{5B3118E9-ED5C-4568-8311-D36D6C401982}.Ad-Hoc|iPhoneSimulator.Deploy.0 = Release|Any CPU
		{5B3118E9-ED5C-4568-8311-D36D6C401982}.Ad-Hoc|x64.ActiveCfg = Release|Any CPU
		{5B3118E9-ED5C-4568-8311-D36D6C401982}.Ad-Hoc|x64.Build.0 = Release|Any CPU
		{5B3118E9-ED5C-4568-8311-D36D6C401982}.Ad-Hoc|x64.Deploy.0 = Release|Any CPU
		{5B3118E9-ED5C-4568-8311-D36D6C401982}.Ad-Hoc|x86.ActiveCfg = Release|Any CPU
		{5B3118E9-ED5C-4568-8311-D36D6C401982}.Ad-Hoc|x86.Build.0 = Release|Any CPU
		{5B3118E9-ED5C-4568-8311-D36D6C401982}.Ad-Hoc|x86.Deploy.0 = Release|Any CPU
		{5B3118E9-ED5C-4568-8311-D36D6C401982}.AppStore|Any CPU.ActiveCfg = Release|Any CPU
		{5B3118E9-ED5C-4568-8311-D36D6C401982}.AppStore|Any CPU.Build.0 = Release|Any CPU
		{5B3118E9-ED5C-4568-8311-D36D6C401982}.AppStore|Any CPU.Deploy.0 = Release|Any CPU
		{5B3118E9-ED5C-4568-8311-D36D6C401982}.AppStore|ARM.ActiveCfg = Release|Any CPU
		{5B3118E9-ED5C-4568-8311-D36D6C401982}.AppStore|ARM.Build.0 = Release|Any CPU
		{5B3118E9-ED5C-4568-8311-D36D6C401982}.AppStore|ARM.Deploy.0 = Release|Any CPU
		{5B3118E9-ED5C-4568-8311-D36D6C401982}.AppStore|iPhone.ActiveCfg = Release|Any CPU
		{5B3118E9-ED5C-4568-8311-D36D6C401982}.AppStore|iPhone.Build.0 = Release|Any CPU
		{5B3118E9-ED5C-4568-8311-D36D6C401982}.AppStore|iPhone.Deploy.0 = Release|Any CPU
		{5B3118E9-ED5C-4568-8311-D36D6C401982}.AppStore|iPhoneSimulator.ActiveCfg = Release|Any CPU
		{5B3118E9-ED5C-4568-8311-D36D6C401982}.AppStore|iPhoneSimulator.Build.0 = Release|Any CPU
		{5B3118E9-ED5C-4568-8311-D36D6C401982}.AppStore|iPhoneSimulator.Deploy.0 = Release|Any CPU
		{5B3118E9-ED5C-4568-8311-D36D6C401982}.AppStore|x64.ActiveCfg = Release|Any CPU
		{5B3118E9-ED5C-4568-8311-D36D6C401982}.AppStore|x64.Build.0 = Release|Any CPU
		{5B3118E9-ED5C-4568-8311-D36D6C401982}.AppStore|x64.Deploy.0 = Release|Any CPU
		{5B3118E9-ED5C-4568-8311-D36D6C401982}.AppStore|x86.ActiveCfg = Release|Any CPU
		{5B3118E9-ED5C-4568-8311-D36D6C401982}.AppStore|x86.Build.0 = Release|Any CPU
		{5B3118E9-ED5C-4568-8311-D36D6C401982}.AppStore|x86.Deploy.0 = Release|Any CPU
		{5B3118E9-ED5C-4568-8311-D36D6C401982}.Debug|Any CPU.ActiveCfg = Debug|Any CPU
		{5B3118E9-ED5C-4568-8311-D36D6C401982}.Debug|Any CPU.Build.0 = Debug|Any CPU
		{5B3118E9-ED5C-4568-8311-D36D6C401982}.Debug|Any CPU.Deploy.0 = Debug|Any CPU
		{5B3118E9-ED5C-4568-8311-D36D6C401982}.Debug|ARM.ActiveCfg = Debug|Any CPU
		{5B3118E9-ED5C-4568-8311-D36D6C401982}.Debug|ARM.Build.0 = Debug|Any CPU
		{5B3118E9-ED5C-4568-8311-D36D6C401982}.Debug|ARM.Deploy.0 = Debug|Any CPU
		{5B3118E9-ED5C-4568-8311-D36D6C401982}.Debug|iPhone.ActiveCfg = Debug|Any CPU
		{5B3118E9-ED5C-4568-8311-D36D6C401982}.Debug|iPhone.Build.0 = Debug|Any CPU
		{5B3118E9-ED5C-4568-8311-D36D6C401982}.Debug|iPhone.Deploy.0 = Debug|Any CPU
		{5B3118E9-ED5C-4568-8311-D36D6C401982}.Debug|iPhoneSimulator.ActiveCfg = Debug|Any CPU
		{5B3118E9-ED5C-4568-8311-D36D6C401982}.Debug|iPhoneSimulator.Build.0 = Debug|Any CPU
		{5B3118E9-ED5C-4568-8311-D36D6C401982}.Debug|iPhoneSimulator.Deploy.0 = Debug|Any CPU
		{5B3118E9-ED5C-4568-8311-D36D6C401982}.Debug|x64.ActiveCfg = Debug|Any CPU
		{5B3118E9-ED5C-4568-8311-D36D6C401982}.Debug|x64.Build.0 = Debug|Any CPU
		{5B3118E9-ED5C-4568-8311-D36D6C401982}.Debug|x64.Deploy.0 = Debug|Any CPU
		{5B3118E9-ED5C-4568-8311-D36D6C401982}.Debug|x86.ActiveCfg = Debug|Any CPU
		{5B3118E9-ED5C-4568-8311-D36D6C401982}.Debug|x86.Build.0 = Debug|Any CPU
		{5B3118E9-ED5C-4568-8311-D36D6C401982}.Debug|x86.Deploy.0 = Debug|Any CPU
		{5B3118E9-ED5C-4568-8311-D36D6C401982}.Release|Any CPU.ActiveCfg = Release|Any CPU
		{5B3118E9-ED5C-4568-8311-D36D6C401982}.Release|Any CPU.Build.0 = Release|Any CPU
		{5B3118E9-ED5C-4568-8311-D36D6C401982}.Release|Any CPU.Deploy.0 = Release|Any CPU
		{5B3118E9-ED5C-4568-8311-D36D6C401982}.Release|ARM.ActiveCfg = Release|Any CPU
		{5B3118E9-ED5C-4568-8311-D36D6C401982}.Release|ARM.Build.0 = Release|Any CPU
		{5B3118E9-ED5C-4568-8311-D36D6C401982}.Release|ARM.Deploy.0 = Release|Any CPU
		{5B3118E9-ED5C-4568-8311-D36D6C401982}.Release|iPhone.ActiveCfg = Release|Any CPU
		{5B3118E9-ED5C-4568-8311-D36D6C401982}.Release|iPhone.Build.0 = Release|Any CPU
		{5B3118E9-ED5C-4568-8311-D36D6C401982}.Release|iPhone.Deploy.0 = Release|Any CPU
		{5B3118E9-ED5C-4568-8311-D36D6C401982}.Release|iPhoneSimulator.ActiveCfg = Release|Any CPU
		{5B3118E9-ED5C-4568-8311-D36D6C401982}.Release|iPhoneSimulator.Build.0 = Release|Any CPU
		{5B3118E9-ED5C-4568-8311-D36D6C401982}.Release|iPhoneSimulator.Deploy.0 = Release|Any CPU
		{5B3118E9-ED5C-4568-8311-D36D6C401982}.Release|x64.ActiveCfg = Release|Any CPU
		{5B3118E9-ED5C-4568-8311-D36D6C401982}.Release|x64.Build.0 = Release|Any CPU
		{5B3118E9-ED5C-4568-8311-D36D6C401982}.Release|x64.Deploy.0 = Release|Any CPU
		{5B3118E9-ED5C-4568-8311-D36D6C401982}.Release|x86.ActiveCfg = Release|Any CPU
		{5B3118E9-ED5C-4568-8311-D36D6C401982}.Release|x86.Build.0 = Release|Any CPU
		{5B3118E9-ED5C-4568-8311-D36D6C401982}.Release|x86.Deploy.0 = Release|Any CPU
		{06B2DA00-B6F5-43B4-A343-6D202A6480BA}.Ad-Hoc|Any CPU.ActiveCfg = Ad-Hoc|iPhone
		{06B2DA00-B6F5-43B4-A343-6D202A6480BA}.Ad-Hoc|Any CPU.Build.0 = Ad-Hoc|iPhone
		{06B2DA00-B6F5-43B4-A343-6D202A6480BA}.Ad-Hoc|Any CPU.Deploy.0 = Ad-Hoc|iPhone
		{06B2DA00-B6F5-43B4-A343-6D202A6480BA}.Ad-Hoc|ARM.ActiveCfg = Ad-Hoc|iPhone
		{06B2DA00-B6F5-43B4-A343-6D202A6480BA}.Ad-Hoc|ARM.Build.0 = Ad-Hoc|iPhone
		{06B2DA00-B6F5-43B4-A343-6D202A6480BA}.Ad-Hoc|ARM.Deploy.0 = Ad-Hoc|iPhone
		{06B2DA00-B6F5-43B4-A343-6D202A6480BA}.Ad-Hoc|iPhone.ActiveCfg = Ad-Hoc|iPhone
		{06B2DA00-B6F5-43B4-A343-6D202A6480BA}.Ad-Hoc|iPhone.Build.0 = Ad-Hoc|iPhone
		{06B2DA00-B6F5-43B4-A343-6D202A6480BA}.Ad-Hoc|iPhone.Deploy.0 = Ad-Hoc|iPhone
		{06B2DA00-B6F5-43B4-A343-6D202A6480BA}.Ad-Hoc|iPhoneSimulator.ActiveCfg = Ad-Hoc|iPhoneSimulator
		{06B2DA00-B6F5-43B4-A343-6D202A6480BA}.Ad-Hoc|iPhoneSimulator.Build.0 = Ad-Hoc|iPhoneSimulator
		{06B2DA00-B6F5-43B4-A343-6D202A6480BA}.Ad-Hoc|iPhoneSimulator.Deploy.0 = Ad-Hoc|iPhoneSimulator
		{06B2DA00-B6F5-43B4-A343-6D202A6480BA}.Ad-Hoc|x64.ActiveCfg = Ad-Hoc|iPhone
		{06B2DA00-B6F5-43B4-A343-6D202A6480BA}.Ad-Hoc|x64.Build.0 = Ad-Hoc|iPhone
		{06B2DA00-B6F5-43B4-A343-6D202A6480BA}.Ad-Hoc|x64.Deploy.0 = Ad-Hoc|iPhone
		{06B2DA00-B6F5-43B4-A343-6D202A6480BA}.Ad-Hoc|x86.ActiveCfg = Ad-Hoc|iPhone
		{06B2DA00-B6F5-43B4-A343-6D202A6480BA}.Ad-Hoc|x86.Build.0 = Ad-Hoc|iPhone
		{06B2DA00-B6F5-43B4-A343-6D202A6480BA}.Ad-Hoc|x86.Deploy.0 = Ad-Hoc|iPhone
		{06B2DA00-B6F5-43B4-A343-6D202A6480BA}.AppStore|Any CPU.ActiveCfg = AppStore|iPhone
		{06B2DA00-B6F5-43B4-A343-6D202A6480BA}.AppStore|Any CPU.Build.0 = AppStore|iPhone
		{06B2DA00-B6F5-43B4-A343-6D202A6480BA}.AppStore|Any CPU.Deploy.0 = AppStore|iPhone
		{06B2DA00-B6F5-43B4-A343-6D202A6480BA}.AppStore|ARM.ActiveCfg = AppStore|iPhone
		{06B2DA00-B6F5-43B4-A343-6D202A6480BA}.AppStore|ARM.Build.0 = AppStore|iPhone
		{06B2DA00-B6F5-43B4-A343-6D202A6480BA}.AppStore|ARM.Deploy.0 = AppStore|iPhone
		{06B2DA00-B6F5-43B4-A343-6D202A6480BA}.AppStore|iPhone.ActiveCfg = AppStore|iPhone
		{06B2DA00-B6F5-43B4-A343-6D202A6480BA}.AppStore|iPhone.Build.0 = AppStore|iPhone
		{06B2DA00-B6F5-43B4-A343-6D202A6480BA}.AppStore|iPhone.Deploy.0 = AppStore|iPhone
		{06B2DA00-B6F5-43B4-A343-6D202A6480BA}.AppStore|iPhoneSimulator.ActiveCfg = AppStore|iPhoneSimulator
		{06B2DA00-B6F5-43B4-A343-6D202A6480BA}.AppStore|iPhoneSimulator.Build.0 = AppStore|iPhoneSimulator
		{06B2DA00-B6F5-43B4-A343-6D202A6480BA}.AppStore|iPhoneSimulator.Deploy.0 = AppStore|iPhoneSimulator
		{06B2DA00-B6F5-43B4-A343-6D202A6480BA}.AppStore|x64.ActiveCfg = AppStore|iPhone
		{06B2DA00-B6F5-43B4-A343-6D202A6480BA}.AppStore|x64.Build.0 = AppStore|iPhone
		{06B2DA00-B6F5-43B4-A343-6D202A6480BA}.AppStore|x64.Deploy.0 = AppStore|iPhone
		{06B2DA00-B6F5-43B4-A343-6D202A6480BA}.AppStore|x86.ActiveCfg = AppStore|iPhone
		{06B2DA00-B6F5-43B4-A343-6D202A6480BA}.AppStore|x86.Build.0 = AppStore|iPhone
		{06B2DA00-B6F5-43B4-A343-6D202A6480BA}.AppStore|x86.Deploy.0 = AppStore|iPhone
		{06B2DA00-B6F5-43B4-A343-6D202A6480BA}.Debug|Any CPU.ActiveCfg = Debug|iPhoneSimulator
		{06B2DA00-B6F5-43B4-A343-6D202A6480BA}.Debug|Any CPU.Build.0 = Debug|iPhoneSimulator
		{06B2DA00-B6F5-43B4-A343-6D202A6480BA}.Debug|Any CPU.Deploy.0 = Debug|iPhoneSimulator
		{06B2DA00-B6F5-43B4-A343-6D202A6480BA}.Debug|ARM.ActiveCfg = Debug|iPhone
		{06B2DA00-B6F5-43B4-A343-6D202A6480BA}.Debug|ARM.Build.0 = Debug|iPhone
		{06B2DA00-B6F5-43B4-A343-6D202A6480BA}.Debug|ARM.Deploy.0 = Debug|iPhone
		{06B2DA00-B6F5-43B4-A343-6D202A6480BA}.Debug|iPhone.ActiveCfg = Debug|iPhone
		{06B2DA00-B6F5-43B4-A343-6D202A6480BA}.Debug|iPhone.Build.0 = Debug|iPhone
		{06B2DA00-B6F5-43B4-A343-6D202A6480BA}.Debug|iPhone.Deploy.0 = Debug|iPhone
		{06B2DA00-B6F5-43B4-A343-6D202A6480BA}.Debug|iPhoneSimulator.ActiveCfg = Debug|iPhoneSimulator
		{06B2DA00-B6F5-43B4-A343-6D202A6480BA}.Debug|iPhoneSimulator.Build.0 = Debug|iPhoneSimulator
		{06B2DA00-B6F5-43B4-A343-6D202A6480BA}.Debug|iPhoneSimulator.Deploy.0 = Debug|iPhoneSimulator
		{06B2DA00-B6F5-43B4-A343-6D202A6480BA}.Debug|x64.ActiveCfg = Debug|iPhone
		{06B2DA00-B6F5-43B4-A343-6D202A6480BA}.Debug|x64.Build.0 = Debug|iPhone
		{06B2DA00-B6F5-43B4-A343-6D202A6480BA}.Debug|x64.Deploy.0 = Debug|iPhone
		{06B2DA00-B6F5-43B4-A343-6D202A6480BA}.Debug|x86.ActiveCfg = Debug|iPhone
		{06B2DA00-B6F5-43B4-A343-6D202A6480BA}.Debug|x86.Build.0 = Debug|iPhone
		{06B2DA00-B6F5-43B4-A343-6D202A6480BA}.Debug|x86.Deploy.0 = Debug|iPhone
		{06B2DA00-B6F5-43B4-A343-6D202A6480BA}.Release|Any CPU.ActiveCfg = Release|iPhone
		{06B2DA00-B6F5-43B4-A343-6D202A6480BA}.Release|Any CPU.Build.0 = Release|iPhone
		{06B2DA00-B6F5-43B4-A343-6D202A6480BA}.Release|Any CPU.Deploy.0 = Release|iPhone
		{06B2DA00-B6F5-43B4-A343-6D202A6480BA}.Release|ARM.ActiveCfg = Release|iPhone
		{06B2DA00-B6F5-43B4-A343-6D202A6480BA}.Release|ARM.Build.0 = Release|iPhone
		{06B2DA00-B6F5-43B4-A343-6D202A6480BA}.Release|ARM.Deploy.0 = Release|iPhone
		{06B2DA00-B6F5-43B4-A343-6D202A6480BA}.Release|iPhone.ActiveCfg = Release|iPhone
		{06B2DA00-B6F5-43B4-A343-6D202A6480BA}.Release|iPhone.Build.0 = Release|iPhone
		{06B2DA00-B6F5-43B4-A343-6D202A6480BA}.Release|iPhone.Deploy.0 = Release|iPhone
		{06B2DA00-B6F5-43B4-A343-6D202A6480BA}.Release|iPhoneSimulator.ActiveCfg = Release|iPhoneSimulator
		{06B2DA00-B6F5-43B4-A343-6D202A6480BA}.Release|iPhoneSimulator.Build.0 = Release|iPhoneSimulator
		{06B2DA00-B6F5-43B4-A343-6D202A6480BA}.Release|iPhoneSimulator.Deploy.0 = Release|iPhoneSimulator
		{06B2DA00-B6F5-43B4-A343-6D202A6480BA}.Release|x64.ActiveCfg = Release|iPhone
		{06B2DA00-B6F5-43B4-A343-6D202A6480BA}.Release|x64.Build.0 = Release|iPhone
		{06B2DA00-B6F5-43B4-A343-6D202A6480BA}.Release|x64.Deploy.0 = Release|iPhone
		{06B2DA00-B6F5-43B4-A343-6D202A6480BA}.Release|x86.ActiveCfg = Release|iPhone
		{06B2DA00-B6F5-43B4-A343-6D202A6480BA}.Release|x86.Build.0 = Release|iPhone
		{06B2DA00-B6F5-43B4-A343-6D202A6480BA}.Release|x86.Deploy.0 = Release|iPhone
		{C5DA7F69-DF0E-4445-ABF7-EA1CD0F53C05}.Ad-Hoc|Any CPU.ActiveCfg = Release|x86
		{C5DA7F69-DF0E-4445-ABF7-EA1CD0F53C05}.Ad-Hoc|Any CPU.Build.0 = Release|x86
		{C5DA7F69-DF0E-4445-ABF7-EA1CD0F53C05}.Ad-Hoc|Any CPU.Deploy.0 = Release|x86
		{C5DA7F69-DF0E-4445-ABF7-EA1CD0F53C05}.Ad-Hoc|ARM.ActiveCfg = Release|ARM
		{C5DA7F69-DF0E-4445-ABF7-EA1CD0F53C05}.Ad-Hoc|ARM.Build.0 = Release|ARM
		{C5DA7F69-DF0E-4445-ABF7-EA1CD0F53C05}.Ad-Hoc|ARM.Deploy.0 = Release|ARM
		{C5DA7F69-DF0E-4445-ABF7-EA1CD0F53C05}.Ad-Hoc|iPhone.ActiveCfg = Release|x86
		{C5DA7F69-DF0E-4445-ABF7-EA1CD0F53C05}.Ad-Hoc|iPhone.Build.0 = Release|x86
		{C5DA7F69-DF0E-4445-ABF7-EA1CD0F53C05}.Ad-Hoc|iPhone.Deploy.0 = Release|x86
		{C5DA7F69-DF0E-4445-ABF7-EA1CD0F53C05}.Ad-Hoc|iPhoneSimulator.ActiveCfg = Release|x86
		{C5DA7F69-DF0E-4445-ABF7-EA1CD0F53C05}.Ad-Hoc|iPhoneSimulator.Build.0 = Release|x86
		{C5DA7F69-DF0E-4445-ABF7-EA1CD0F53C05}.Ad-Hoc|iPhoneSimulator.Deploy.0 = Release|x86
		{C5DA7F69-DF0E-4445-ABF7-EA1CD0F53C05}.Ad-Hoc|x64.ActiveCfg = Release|x64
		{C5DA7F69-DF0E-4445-ABF7-EA1CD0F53C05}.Ad-Hoc|x64.Build.0 = Release|x64
		{C5DA7F69-DF0E-4445-ABF7-EA1CD0F53C05}.Ad-Hoc|x64.Deploy.0 = Release|x64
		{C5DA7F69-DF0E-4445-ABF7-EA1CD0F53C05}.Ad-Hoc|x86.ActiveCfg = Release|x86
		{C5DA7F69-DF0E-4445-ABF7-EA1CD0F53C05}.Ad-Hoc|x86.Build.0 = Release|x86
		{C5DA7F69-DF0E-4445-ABF7-EA1CD0F53C05}.Ad-Hoc|x86.Deploy.0 = Release|x86
		{C5DA7F69-DF0E-4445-ABF7-EA1CD0F53C05}.AppStore|Any CPU.ActiveCfg = Release|x86
		{C5DA7F69-DF0E-4445-ABF7-EA1CD0F53C05}.AppStore|Any CPU.Build.0 = Release|x86
		{C5DA7F69-DF0E-4445-ABF7-EA1CD0F53C05}.AppStore|Any CPU.Deploy.0 = Release|x86
		{C5DA7F69-DF0E-4445-ABF7-EA1CD0F53C05}.AppStore|ARM.ActiveCfg = Release|ARM
		{C5DA7F69-DF0E-4445-ABF7-EA1CD0F53C05}.AppStore|ARM.Build.0 = Release|ARM
		{C5DA7F69-DF0E-4445-ABF7-EA1CD0F53C05}.AppStore|ARM.Deploy.0 = Release|ARM
		{C5DA7F69-DF0E-4445-ABF7-EA1CD0F53C05}.AppStore|iPhone.ActiveCfg = Release|x86
		{C5DA7F69-DF0E-4445-ABF7-EA1CD0F53C05}.AppStore|iPhone.Build.0 = Release|x86
		{C5DA7F69-DF0E-4445-ABF7-EA1CD0F53C05}.AppStore|iPhone.Deploy.0 = Release|x86
		{C5DA7F69-DF0E-4445-ABF7-EA1CD0F53C05}.AppStore|iPhoneSimulator.ActiveCfg = Release|x86
		{C5DA7F69-DF0E-4445-ABF7-EA1CD0F53C05}.AppStore|iPhoneSimulator.Build.0 = Release|x86
		{C5DA7F69-DF0E-4445-ABF7-EA1CD0F53C05}.AppStore|iPhoneSimulator.Deploy.0 = Release|x86
		{C5DA7F69-DF0E-4445-ABF7-EA1CD0F53C05}.AppStore|x64.ActiveCfg = Release|x64
		{C5DA7F69-DF0E-4445-ABF7-EA1CD0F53C05}.AppStore|x64.Build.0 = Release|x64
		{C5DA7F69-DF0E-4445-ABF7-EA1CD0F53C05}.AppStore|x64.Deploy.0 = Release|x64
		{C5DA7F69-DF0E-4445-ABF7-EA1CD0F53C05}.AppStore|x86.ActiveCfg = Release|x86
		{C5DA7F69-DF0E-4445-ABF7-EA1CD0F53C05}.AppStore|x86.Build.0 = Release|x86
		{C5DA7F69-DF0E-4445-ABF7-EA1CD0F53C05}.AppStore|x86.Deploy.0 = Release|x86
		{C5DA7F69-DF0E-4445-ABF7-EA1CD0F53C05}.Debug|Any CPU.ActiveCfg = Debug|x86
		{C5DA7F69-DF0E-4445-ABF7-EA1CD0F53C05}.Debug|Any CPU.Build.0 = Debug|x86
		{C5DA7F69-DF0E-4445-ABF7-EA1CD0F53C05}.Debug|Any CPU.Deploy.0 = Debug|x86
		{C5DA7F69-DF0E-4445-ABF7-EA1CD0F53C05}.Debug|ARM.ActiveCfg = Debug|ARM
		{C5DA7F69-DF0E-4445-ABF7-EA1CD0F53C05}.Debug|ARM.Build.0 = Debug|ARM
		{C5DA7F69-DF0E-4445-ABF7-EA1CD0F53C05}.Debug|ARM.Deploy.0 = Debug|ARM
		{C5DA7F69-DF0E-4445-ABF7-EA1CD0F53C05}.Debug|iPhone.ActiveCfg = Debug|x86
		{C5DA7F69-DF0E-4445-ABF7-EA1CD0F53C05}.Debug|iPhone.Build.0 = Debug|x86
		{C5DA7F69-DF0E-4445-ABF7-EA1CD0F53C05}.Debug|iPhone.Deploy.0 = Debug|x86
		{C5DA7F69-DF0E-4445-ABF7-EA1CD0F53C05}.Debug|iPhoneSimulator.ActiveCfg = Debug|x86
		{C5DA7F69-DF0E-4445-ABF7-EA1CD0F53C05}.Debug|iPhoneSimulator.Build.0 = Debug|x86
		{C5DA7F69-DF0E-4445-ABF7-EA1CD0F53C05}.Debug|iPhoneSimulator.Deploy.0 = Debug|x86
		{C5DA7F69-DF0E-4445-ABF7-EA1CD0F53C05}.Debug|x64.ActiveCfg = Debug|x64
		{C5DA7F69-DF0E-4445-ABF7-EA1CD0F53C05}.Debug|x64.Build.0 = Debug|x64
		{C5DA7F69-DF0E-4445-ABF7-EA1CD0F53C05}.Debug|x64.Deploy.0 = Debug|x64
		{C5DA7F69-DF0E-4445-ABF7-EA1CD0F53C05}.Debug|x86.ActiveCfg = Debug|x86
		{C5DA7F69-DF0E-4445-ABF7-EA1CD0F53C05}.Debug|x86.Build.0 = Debug|x86
		{C5DA7F69-DF0E-4445-ABF7-EA1CD0F53C05}.Debug|x86.Deploy.0 = Debug|x86
		{C5DA7F69-DF0E-4445-ABF7-EA1CD0F53C05}.Release|Any CPU.ActiveCfg = Release|x86
		{C5DA7F69-DF0E-4445-ABF7-EA1CD0F53C05}.Release|Any CPU.Build.0 = Release|x86
		{C5DA7F69-DF0E-4445-ABF7-EA1CD0F53C05}.Release|Any CPU.Deploy.0 = Release|x86
		{C5DA7F69-DF0E-4445-ABF7-EA1CD0F53C05}.Release|ARM.ActiveCfg = Release|ARM
		{C5DA7F69-DF0E-4445-ABF7-EA1CD0F53C05}.Release|ARM.Build.0 = Release|ARM
		{C5DA7F69-DF0E-4445-ABF7-EA1CD0F53C05}.Release|ARM.Deploy.0 = Release|ARM
		{C5DA7F69-DF0E-4445-ABF7-EA1CD0F53C05}.Release|iPhone.ActiveCfg = Release|x86
		{C5DA7F69-DF0E-4445-ABF7-EA1CD0F53C05}.Release|iPhone.Build.0 = Release|x86
		{C5DA7F69-DF0E-4445-ABF7-EA1CD0F53C05}.Release|iPhone.Deploy.0 = Release|x86
		{C5DA7F69-DF0E-4445-ABF7-EA1CD0F53C05}.Release|iPhoneSimulator.ActiveCfg = Release|x86
		{C5DA7F69-DF0E-4445-ABF7-EA1CD0F53C05}.Release|iPhoneSimulator.Build.0 = Release|x86
		{C5DA7F69-DF0E-4445-ABF7-EA1CD0F53C05}.Release|iPhoneSimulator.Deploy.0 = Release|x86
		{C5DA7F69-DF0E-4445-ABF7-EA1CD0F53C05}.Release|x64.ActiveCfg = Release|x64
		{C5DA7F69-DF0E-4445-ABF7-EA1CD0F53C05}.Release|x64.Build.0 = Release|x64
		{C5DA7F69-DF0E-4445-ABF7-EA1CD0F53C05}.Release|x64.Deploy.0 = Release|x64
		{C5DA7F69-DF0E-4445-ABF7-EA1CD0F53C05}.Release|x86.ActiveCfg = Release|x86
		{C5DA7F69-DF0E-4445-ABF7-EA1CD0F53C05}.Release|x86.Build.0 = Release|x86
		{C5DA7F69-DF0E-4445-ABF7-EA1CD0F53C05}.Release|x86.Deploy.0 = Release|x86
		{B11D108C-BBD7-40ED-A754-DCFC70630115}.Ad-Hoc|Any CPU.ActiveCfg = Debug|Any CPU
		{B11D108C-BBD7-40ED-A754-DCFC70630115}.Ad-Hoc|Any CPU.Build.0 = Debug|Any CPU
		{B11D108C-BBD7-40ED-A754-DCFC70630115}.Ad-Hoc|Any CPU.Deploy.0 = Debug|Any CPU
		{B11D108C-BBD7-40ED-A754-DCFC70630115}.Ad-Hoc|ARM.ActiveCfg = Debug|Any CPU
		{B11D108C-BBD7-40ED-A754-DCFC70630115}.Ad-Hoc|ARM.Build.0 = Debug|Any CPU
		{B11D108C-BBD7-40ED-A754-DCFC70630115}.Ad-Hoc|ARM.Deploy.0 = Debug|Any CPU
		{B11D108C-BBD7-40ED-A754-DCFC70630115}.Ad-Hoc|iPhone.ActiveCfg = Debug|Any CPU
		{B11D108C-BBD7-40ED-A754-DCFC70630115}.Ad-Hoc|iPhone.Build.0 = Debug|Any CPU
		{B11D108C-BBD7-40ED-A754-DCFC70630115}.Ad-Hoc|iPhone.Deploy.0 = Debug|Any CPU
		{B11D108C-BBD7-40ED-A754-DCFC70630115}.Ad-Hoc|iPhoneSimulator.ActiveCfg = Debug|Any CPU
		{B11D108C-BBD7-40ED-A754-DCFC70630115}.Ad-Hoc|iPhoneSimulator.Build.0 = Debug|Any CPU
		{B11D108C-BBD7-40ED-A754-DCFC70630115}.Ad-Hoc|iPhoneSimulator.Deploy.0 = Debug|Any CPU
		{B11D108C-BBD7-40ED-A754-DCFC70630115}.Ad-Hoc|x64.ActiveCfg = Debug|Any CPU
		{B11D108C-BBD7-40ED-A754-DCFC70630115}.Ad-Hoc|x64.Build.0 = Debug|Any CPU
		{B11D108C-BBD7-40ED-A754-DCFC70630115}.Ad-Hoc|x64.Deploy.0 = Debug|Any CPU
		{B11D108C-BBD7-40ED-A754-DCFC70630115}.Ad-Hoc|x86.ActiveCfg = Debug|Any CPU
		{B11D108C-BBD7-40ED-A754-DCFC70630115}.Ad-Hoc|x86.Build.0 = Debug|Any CPU
		{B11D108C-BBD7-40ED-A754-DCFC70630115}.Ad-Hoc|x86.Deploy.0 = Debug|Any CPU
		{B11D108C-BBD7-40ED-A754-DCFC70630115}.AppStore|Any CPU.ActiveCfg = Debug|Any CPU
		{B11D108C-BBD7-40ED-A754-DCFC70630115}.AppStore|Any CPU.Build.0 = Debug|Any CPU
		{B11D108C-BBD7-40ED-A754-DCFC70630115}.AppStore|Any CPU.Deploy.0 = Debug|Any CPU
		{B11D108C-BBD7-40ED-A754-DCFC70630115}.AppStore|ARM.ActiveCfg = Debug|Any CPU
		{B11D108C-BBD7-40ED-A754-DCFC70630115}.AppStore|ARM.Build.0 = Debug|Any CPU
		{B11D108C-BBD7-40ED-A754-DCFC70630115}.AppStore|ARM.Deploy.0 = Debug|Any CPU
		{B11D108C-BBD7-40ED-A754-DCFC70630115}.AppStore|iPhone.ActiveCfg = Debug|Any CPU
		{B11D108C-BBD7-40ED-A754-DCFC70630115}.AppStore|iPhone.Build.0 = Debug|Any CPU
		{B11D108C-BBD7-40ED-A754-DCFC70630115}.AppStore|iPhone.Deploy.0 = Debug|Any CPU
		{B11D108C-BBD7-40ED-A754-DCFC70630115}.AppStore|iPhoneSimulator.ActiveCfg = Debug|Any CPU
		{B11D108C-BBD7-40ED-A754-DCFC70630115}.AppStore|iPhoneSimulator.Build.0 = Debug|Any CPU
		{B11D108C-BBD7-40ED-A754-DCFC70630115}.AppStore|iPhoneSimulator.Deploy.0 = Debug|Any CPU
		{B11D108C-BBD7-40ED-A754-DCFC70630115}.AppStore|x64.ActiveCfg = Debug|Any CPU
		{B11D108C-BBD7-40ED-A754-DCFC70630115}.AppStore|x64.Build.0 = Debug|Any CPU
		{B11D108C-BBD7-40ED-A754-DCFC70630115}.AppStore|x64.Deploy.0 = Debug|Any CPU
		{B11D108C-BBD7-40ED-A754-DCFC70630115}.AppStore|x86.ActiveCfg = Debug|Any CPU
		{B11D108C-BBD7-40ED-A754-DCFC70630115}.AppStore|x86.Build.0 = Debug|Any CPU
		{B11D108C-BBD7-40ED-A754-DCFC70630115}.AppStore|x86.Deploy.0 = Debug|Any CPU
		{B11D108C-BBD7-40ED-A754-DCFC70630115}.Debug|Any CPU.ActiveCfg = Debug|Any CPU
		{B11D108C-BBD7-40ED-A754-DCFC70630115}.Debug|Any CPU.Build.0 = Debug|Any CPU
		{B11D108C-BBD7-40ED-A754-DCFC70630115}.Debug|Any CPU.Deploy.0 = Debug|Any CPU
		{B11D108C-BBD7-40ED-A754-DCFC70630115}.Debug|ARM.ActiveCfg = Debug|Any CPU
		{B11D108C-BBD7-40ED-A754-DCFC70630115}.Debug|ARM.Build.0 = Debug|Any CPU
		{B11D108C-BBD7-40ED-A754-DCFC70630115}.Debug|ARM.Deploy.0 = Debug|Any CPU
		{B11D108C-BBD7-40ED-A754-DCFC70630115}.Debug|iPhone.ActiveCfg = Debug|Any CPU
		{B11D108C-BBD7-40ED-A754-DCFC70630115}.Debug|iPhone.Build.0 = Debug|Any CPU
		{B11D108C-BBD7-40ED-A754-DCFC70630115}.Debug|iPhone.Deploy.0 = Debug|Any CPU
		{B11D108C-BBD7-40ED-A754-DCFC70630115}.Debug|iPhoneSimulator.ActiveCfg = Debug|Any CPU
		{B11D108C-BBD7-40ED-A754-DCFC70630115}.Debug|iPhoneSimulator.Build.0 = Debug|Any CPU
		{B11D108C-BBD7-40ED-A754-DCFC70630115}.Debug|iPhoneSimulator.Deploy.0 = Debug|Any CPU
		{B11D108C-BBD7-40ED-A754-DCFC70630115}.Debug|x64.ActiveCfg = Debug|Any CPU
		{B11D108C-BBD7-40ED-A754-DCFC70630115}.Debug|x64.Build.0 = Debug|Any CPU
		{B11D108C-BBD7-40ED-A754-DCFC70630115}.Debug|x64.Deploy.0 = Debug|Any CPU
		{B11D108C-BBD7-40ED-A754-DCFC70630115}.Debug|x86.ActiveCfg = Debug|Any CPU
		{B11D108C-BBD7-40ED-A754-DCFC70630115}.Debug|x86.Build.0 = Debug|Any CPU
		{B11D108C-BBD7-40ED-A754-DCFC70630115}.Debug|x86.Deploy.0 = Debug|Any CPU
		{B11D108C-BBD7-40ED-A754-DCFC70630115}.Release|Any CPU.ActiveCfg = Release|Any CPU
		{B11D108C-BBD7-40ED-A754-DCFC70630115}.Release|Any CPU.Build.0 = Release|Any CPU
		{B11D108C-BBD7-40ED-A754-DCFC70630115}.Release|Any CPU.Deploy.0 = Release|Any CPU
		{B11D108C-BBD7-40ED-A754-DCFC70630115}.Release|ARM.ActiveCfg = Release|Any CPU
		{B11D108C-BBD7-40ED-A754-DCFC70630115}.Release|ARM.Build.0 = Release|Any CPU
		{B11D108C-BBD7-40ED-A754-DCFC70630115}.Release|ARM.Deploy.0 = Release|Any CPU
		{B11D108C-BBD7-40ED-A754-DCFC70630115}.Release|iPhone.ActiveCfg = Release|Any CPU
		{B11D108C-BBD7-40ED-A754-DCFC70630115}.Release|iPhone.Build.0 = Release|Any CPU
		{B11D108C-BBD7-40ED-A754-DCFC70630115}.Release|iPhone.Deploy.0 = Release|Any CPU
		{B11D108C-BBD7-40ED-A754-DCFC70630115}.Release|iPhoneSimulator.ActiveCfg = Release|Any CPU
		{B11D108C-BBD7-40ED-A754-DCFC70630115}.Release|iPhoneSimulator.Build.0 = Release|Any CPU
		{B11D108C-BBD7-40ED-A754-DCFC70630115}.Release|iPhoneSimulator.Deploy.0 = Release|Any CPU
		{B11D108C-BBD7-40ED-A754-DCFC70630115}.Release|x64.ActiveCfg = Release|Any CPU
		{B11D108C-BBD7-40ED-A754-DCFC70630115}.Release|x64.Build.0 = Release|Any CPU
		{B11D108C-BBD7-40ED-A754-DCFC70630115}.Release|x64.Deploy.0 = Release|Any CPU
		{B11D108C-BBD7-40ED-A754-DCFC70630115}.Release|x86.ActiveCfg = Release|Any CPU
		{B11D108C-BBD7-40ED-A754-DCFC70630115}.Release|x86.Build.0 = Release|Any CPU
		{B11D108C-BBD7-40ED-A754-DCFC70630115}.Release|x86.Deploy.0 = Release|Any CPU
	EndGlobalSection
	GlobalSection(SolutionProperties) = preSolution
		HideSolutionNode = FALSE
	EndGlobalSection
	GlobalSection(ExtensibilityGlobals) = postSolution
		SolutionGuid = {6479996A-8F6A-4F54-AD06-846B7394A56A}
	EndGlobalSection
EndGlobal
