
Microsoft Visual Studio Solution File, Format Version 12.00
# Visual Studio 15
VisualStudioVersion = 15.0.28307.1022
MinimumVisualStudioVersion = 10.0.40219.1
Project("{FAE04EC0-301F-11D3-BF4B-00C04F79EFBC}") = "P03_LayoutXF.Android", "P03_LayoutXF\P03_LayoutXF.Android\P03_LayoutXF.Android.csproj", "{3416DF54-2C67-423D-A757-72D3AFD7D454}"
EndProject
Project("{FAE04EC0-301F-11D3-BF4B-00C04F79EFBC}") = "P03_LayoutXF.iOS", "P03_LayoutXF\P03_LayoutXF.iOS\P03_LayoutXF.iOS.csproj", "{44612105-2135-4DCE-A70B-2BAAAAFFE3FC}"
EndProject
Project("{FAE04EC0-301F-11D3-BF4B-00C04F79EFBC}") = "P03_LayoutXF.UWP", "P03_LayoutXF\P03_LayoutXF.UWP\P03_LayoutXF.UWP.csproj", "{7F8C2AA7-5248-486F-9D07-7D67957F2729}"
EndProject
Project("{FAE04EC0-301F-11D3-BF4B-00C04F79EFBC}") = "P03_LayoutXF", "P03_LayoutXF\P03_LayoutXF\P03_LayoutXF.csproj", "{77A274A3-7D01-4A30-A5AB-DAC9B0D3C1FA}"
EndProject
Global
	GlobalSection(SolutionConfigurationPlatforms) = preSolution
		Ad-Hoc|Any CPU = Ad-Hoc|Any CPU
		Ad-Hoc|ARM = Ad-Hoc|ARM
		Ad-Hoc|iPhone = Ad-Hoc|iPhone
		Ad-Hoc|iPhoneSimulator = Ad-Hoc|iPhoneSimulator
		Ad-Hoc|x64 = Ad-Hoc|x64
		Ad-Hoc|x86 = Ad-Hoc|x86
		AppStore|Any CPU = AppStore|Any CPU
		AppStore|ARM = AppStore|ARM
		AppStore|iPhone = AppStore|iPhone
		AppStore|iPhoneSimulator = AppStore|iPhoneSimulator
		AppStore|x64 = AppStore|x64
		AppStore|x86 = AppStore|x86
		Debug|Any CPU = Debug|Any CPU
		Debug|ARM = Debug|ARM
		Debug|iPhone = Debug|iPhone
		Debug|iPhoneSimulator = Debug|iPhoneSimulator
		Debug|x64 = Debug|x64
		Debug|x86 = Debug|x86
		Release|Any CPU = Release|Any CPU
		Release|ARM = Release|ARM
		Release|iPhone = Release|iPhone
		Release|iPhoneSimulator = Release|iPhoneSimulator
		Release|x64 = Release|x64
		Release|x86 = Release|x86
	EndGlobalSection
	GlobalSection(ProjectConfigurationPlatforms) = postSolution
		{3416DF54-2C67-423D-A757-72D3AFD7D454}.Ad-Hoc|Any CPU.ActiveCfg = Release|Any CPU
		{3416DF54-2C67-423D-A757-72D3AFD7D454}.Ad-Hoc|Any CPU.Build.0 = Release|Any CPU
		{3416DF54-2C67-423D-A757-72D3AFD7D454}.Ad-Hoc|Any CPU.Deploy.0 = Release|Any CPU
		{3416DF54-2C67-423D-A757-72D3AFD7D454}.Ad-Hoc|ARM.ActiveCfg = Release|Any CPU
		{3416DF54-2C67-423D-A757-72D3AFD7D454}.Ad-Hoc|ARM.Build.0 = Release|Any CPU
		{3416DF54-2C67-423D-A757-72D3AFD7D454}.Ad-Hoc|ARM.Deploy.0 = Release|Any CPU
		{3416DF54-2C67-423D-A757-72D3AFD7D454}.Ad-Hoc|iPhone.ActiveCfg = Release|Any CPU
		{3416DF54-2C67-423D-A757-72D3AFD7D454}.Ad-Hoc|iPhone.Build.0 = Release|Any CPU
		{3416DF54-2C67-423D-A757-72D3AFD7D454}.Ad-Hoc|iPhone.Deploy.0 = Release|Any CPU
		{3416DF54-2C67-423D-A757-72D3AFD7D454}.Ad-Hoc|iPhoneSimulator.ActiveCfg = Release|Any CPU
		{3416DF54-2C67-423D-A757-72D3AFD7D454}.Ad-Hoc|iPhoneSimulator.Build.0 = Release|Any CPU
		{3416DF54-2C67-423D-A757-72D3AFD7D454}.Ad-Hoc|iPhoneSimulator.Deploy.0 = Release|Any CPU
		{3416DF54-2C67-423D-A757-72D3AFD7D454}.Ad-Hoc|x64.ActiveCfg = Release|Any CPU
		{3416DF54-2C67-423D-A757-72D3AFD7D454}.Ad-Hoc|x64.Build.0 = Release|Any CPU
		{3416DF54-2C67-423D-A757-72D3AFD7D454}.Ad-Hoc|x64.Deploy.0 = Release|Any CPU
		{3416DF54-2C67-423D-A757-72D3AFD7D454}.Ad-Hoc|x86.ActiveCfg = Release|Any CPU
		{3416DF54-2C67-423D-A757-72D3AFD7D454}.Ad-Hoc|x86.Build.0 = Release|Any CPU
		{3416DF54-2C67-423D-A757-72D3AFD7D454}.Ad-Hoc|x86.Deploy.0 = Release|Any CPU
		{3416DF54-2C67-423D-A757-72D3AFD7D454}.AppStore|Any CPU.ActiveCfg = Release|Any CPU
		{3416DF54-2C67-423D-A757-72D3AFD7D454}.AppStore|Any CPU.Build.0 = Release|Any CPU
		{3416DF54-2C67-423D-A757-72D3AFD7D454}.AppStore|Any CPU.Deploy.0 = Release|Any CPU
		{3416DF54-2C67-423D-A757-72D3AFD7D454}.AppStore|ARM.ActiveCfg = Release|Any CPU
		{3416DF54-2C67-423D-A757-72D3AFD7D454}.AppStore|ARM.Build.0 = Release|Any CPU
		{3416DF54-2C67-423D-A757-72D3AFD7D454}.AppStore|ARM.Deploy.0 = Release|Any CPU
		{3416DF54-2C67-423D-A757-72D3AFD7D454}.AppStore|iPhone.ActiveCfg = Release|Any CPU
		{3416DF54-2C67-423D-A757-72D3AFD7D454}.AppStore|iPhone.Build.0 = Release|Any CPU
		{3416DF54-2C67-423D-A757-72D3AFD7D454}.AppStore|iPhone.Deploy.0 = Release|Any CPU
		{3416DF54-2C67-423D-A757-72D3AFD7D454}.AppStore|iPhoneSimulator.ActiveCfg = Release|Any CPU
		{3416DF54-2C67-423D-A757-72D3AFD7D454}.AppStore|iPhoneSimulator.Build.0 = Release|Any CPU
		{3416DF54-2C67-423D-A757-72D3AFD7D454}.AppStore|iPhoneSimulator.Deploy.0 = Release|Any CPU
		{3416DF54-2C67-423D-A757-72D3AFD7D454}.AppStore|x64.ActiveCfg = Release|Any CPU
		{3416DF54-2C67-423D-A757-72D3AFD7D454}.AppStore|x64.Build.0 = Release|Any CPU
		{3416DF54-2C67-423D-A757-72D3AFD7D454}.AppStore|x64.Deploy.0 = Release|Any CPU
		{3416DF54-2C67-423D-A757-72D3AFD7D454}.AppStore|x86.ActiveCfg = Release|Any CPU
		{3416DF54-2C67-423D-A757-72D3AFD7D454}.AppStore|x86.Build.0 = Release|Any CPU
		{3416DF54-2C67-423D-A757-72D3AFD7D454}.AppStore|x86.Deploy.0 = Release|Any CPU
		{3416DF54-2C67-423D-A757-72D3AFD7D454}.Debug|Any CPU.ActiveCfg = Debug|Any CPU
		{3416DF54-2C67-423D-A757-72D3AFD7D454}.Debug|Any CPU.Build.0 = Debug|Any CPU
		{3416DF54-2C67-423D-A757-72D3AFD7D454}.Debug|Any CPU.Deploy.0 = Debug|Any CPU
		{3416DF54-2C67-423D-A757-72D3AFD7D454}.Debug|ARM.ActiveCfg = Debug|Any CPU
		{3416DF54-2C67-423D-A757-72D3AFD7D454}.Debug|ARM.Build.0 = Debug|Any CPU
		{3416DF54-2C67-423D-A757-72D3AFD7D454}.Debug|ARM.Deploy.0 = Debug|Any CPU
		{3416DF54-2C67-423D-A757-72D3AFD7D454}.Debug|iPhone.ActiveCfg = Debug|Any CPU
		{3416DF54-2C67-423D-A757-72D3AFD7D454}.Debug|iPhone.Build.0 = Debug|Any CPU
		{3416DF54-2C67-423D-A757-72D3AFD7D454}.Debug|iPhone.Deploy.0 = Debug|Any CPU
		{3416DF54-2C67-423D-A757-72D3AFD7D454}.Debug|iPhoneSimulator.ActiveCfg = Debug|Any CPU
		{3416DF54-2C67-423D-A757-72D3AFD7D454}.Debug|iPhoneSimulator.Build.0 = Debug|Any CPU
		{3416DF54-2C67-423D-A757-72D3AFD7D454}.Debug|iPhoneSimulator.Deploy.0 = Debug|Any CPU
		{3416DF54-2C67-423D-A757-72D3AFD7D454}.Debug|x64.ActiveCfg = Debug|Any CPU
		{3416DF54-2C67-423D-A757-72D3AFD7D454}.Debug|x64.Build.0 = Debug|Any CPU
		{3416DF54-2C67-423D-A757-72D3AFD7D454}.Debug|x64.Deploy.0 = Debug|Any CPU
		{3416DF54-2C67-423D-A757-72D3AFD7D454}.Debug|x86.ActiveCfg = Debug|Any CPU
		{3416DF54-2C67-423D-A757-72D3AFD7D454}.Debug|x86.Build.0 = Debug|Any CPU
		{3416DF54-2C67-423D-A757-72D3AFD7D454}.Debug|x86.Deploy.0 = Debug|Any CPU
		{3416DF54-2C67-423D-A757-72D3AFD7D454}.Release|Any CPU.ActiveCfg = Release|Any CPU
		{3416DF54-2C67-423D-A757-72D3AFD7D454}.Release|Any CPU.Build.0 = Release|Any CPU
		{3416DF54-2C67-423D-A757-72D3AFD7D454}.Release|Any CPU.Deploy.0 = Release|Any CPU
		{3416DF54-2C67-423D-A757-72D3AFD7D454}.Release|ARM.ActiveCfg = Release|Any CPU
		{3416DF54-2C67-423D-A757-72D3AFD7D454}.Release|ARM.Build.0 = Release|Any CPU
		{3416DF54-2C67-423D-A757-72D3AFD7D454}.Release|ARM.Deploy.0 = Release|Any CPU
		{3416DF54-2C67-423D-A757-72D3AFD7D454}.Release|iPhone.ActiveCfg = Release|Any CPU
		{3416DF54-2C67-423D-A757-72D3AFD7D454}.Release|iPhone.Build.0 = Release|Any CPU
		{3416DF54-2C67-423D-A757-72D3AFD7D454}.Release|iPhone.Deploy.0 = Release|Any CPU
		{3416DF54-2C67-423D-A757-72D3AFD7D454}.Release|iPhoneSimulator.ActiveCfg = Release|Any CPU
		{3416DF54-2C67-423D-A757-72D3AFD7D454}.Release|iPhoneSimulator.Build.0 = Release|Any CPU
		{3416DF54-2C67-423D-A757-72D3AFD7D454}.Release|iPhoneSimulator.Deploy.0 = Release|Any CPU
		{3416DF54-2C67-423D-A757-72D3AFD7D454}.Release|x64.ActiveCfg = Release|Any CPU
		{3416DF54-2C67-423D-A757-72D3AFD7D454}.Release|x64.Build.0 = Release|Any CPU
		{3416DF54-2C67-423D-A757-72D3AFD7D454}.Release|x64.Deploy.0 = Release|Any CPU
		{3416DF54-2C67-423D-A757-72D3AFD7D454}.Release|x86.ActiveCfg = Release|Any CPU
		{3416DF54-2C67-423D-A757-72D3AFD7D454}.Release|x86.Build.0 = Release|Any CPU
		{3416DF54-2C67-423D-A757-72D3AFD7D454}.Release|x86.Deploy.0 = Release|Any CPU
		{44612105-2135-4DCE-A70B-2BAAAAFFE3FC}.Ad-Hoc|Any CPU.ActiveCfg = Ad-Hoc|iPhone
		{44612105-2135-4DCE-A70B-2BAAAAFFE3FC}.Ad-Hoc|Any CPU.Build.0 = Ad-Hoc|iPhone
		{44612105-2135-4DCE-A70B-2BAAAAFFE3FC}.Ad-Hoc|Any CPU.Deploy.0 = Ad-Hoc|iPhone
		{44612105-2135-4DCE-A70B-2BAAAAFFE3FC}.Ad-Hoc|ARM.ActiveCfg = Ad-Hoc|iPhone
		{44612105-2135-4DCE-A70B-2BAAAAFFE3FC}.Ad-Hoc|ARM.Build.0 = Ad-Hoc|iPhone
		{44612105-2135-4DCE-A70B-2BAAAAFFE3FC}.Ad-Hoc|ARM.Deploy.0 = Ad-Hoc|iPhone
		{44612105-2135-4DCE-A70B-2BAAAAFFE3FC}.Ad-Hoc|iPhone.ActiveCfg = Ad-Hoc|iPhone
		{44612105-2135-4DCE-A70B-2BAAAAFFE3FC}.Ad-Hoc|iPhone.Build.0 = Ad-Hoc|iPhone
		{44612105-2135-4DCE-A70B-2BAAAAFFE3FC}.Ad-Hoc|iPhone.Deploy.0 = Ad-Hoc|iPhone
		{44612105-2135-4DCE-A70B-2BAAAAFFE3FC}.Ad-Hoc|iPhoneSimulator.ActiveCfg = Ad-Hoc|iPhoneSimulator
		{44612105-2135-4DCE-A70B-2BAAAAFFE3FC}.Ad-Hoc|iPhoneSimulator.Build.0 = Ad-Hoc|iPhoneSimulator
		{44612105-2135-4DCE-A70B-2BAAAAFFE3FC}.Ad-Hoc|iPhoneSimulator.Deploy.0 = Ad-Hoc|iPhoneSimulator
		{44612105-2135-4DCE-A70B-2BAAAAFFE3FC}.Ad-Hoc|x64.ActiveCfg = Ad-Hoc|iPhone
		{44612105-2135-4DCE-A70B-2BAAAAFFE3FC}.Ad-Hoc|x64.Build.0 = Ad-Hoc|iPhone
		{44612105-2135-4DCE-A70B-2BAAAAFFE3FC}.Ad-Hoc|x64.Deploy.0 = Ad-Hoc|iPhone
		{44612105-2135-4DCE-A70B-2BAAAAFFE3FC}.Ad-Hoc|x86.ActiveCfg = Ad-Hoc|iPhone
		{44612105-2135-4DCE-A70B-2BAAAAFFE3FC}.Ad-Hoc|x86.Build.0 = Ad-Hoc|iPhone
		{44612105-2135-4DCE-A70B-2BAAAAFFE3FC}.Ad-Hoc|x86.Deploy.0 = Ad-Hoc|iPhone
		{44612105-2135-4DCE-A70B-2BAAAAFFE3FC}.AppStore|Any CPU.ActiveCfg = AppStore|iPhone
		{44612105-2135-4DCE-A70B-2BAAAAFFE3FC}.AppStore|Any CPU.Build.0 = AppStore|iPhone
		{44612105-2135-4DCE-A70B-2BAAAAFFE3FC}.AppStore|Any CPU.Deploy.0 = AppStore|iPhone
		{44612105-2135-4DCE-A70B-2BAAAAFFE3FC}.AppStore|ARM.ActiveCfg = AppStore|iPhone
		{44612105-2135-4DCE-A70B-2BAAAAFFE3FC}.AppStore|ARM.Build.0 = AppStore|iPhone
		{44612105-2135-4DCE-A70B-2BAAAAFFE3FC}.AppStore|ARM.Deploy.0 = AppStore|iPhone
		{44612105-2135-4DCE-A70B-2BAAAAFFE3FC}.AppStore|iPhone.ActiveCfg = AppStore|iPhone
		{44612105-2135-4DCE-A70B-2BAAAAFFE3FC}.AppStore|iPhone.Build.0 = AppStore|iPhone
		{44612105-2135-4DCE-A70B-2BAAAAFFE3FC}.AppStore|iPhone.Deploy.0 = AppStore|iPhone
		{44612105-2135-4DCE-A70B-2BAAAAFFE3FC}.AppStore|iPhoneSimulator.ActiveCfg = AppStore|iPhoneSimulator
		{44612105-2135-4DCE-A70B-2BAAAAFFE3FC}.AppStore|iPhoneSimulator.Build.0 = AppStore|iPhoneSimulator
		{44612105-2135-4DCE-A70B-2BAAAAFFE3FC}.AppStore|iPhoneSimulator.Deploy.0 = AppStore|iPhoneSimulator
		{44612105-2135-4DCE-A70B-2BAAAAFFE3FC}.AppStore|x64.ActiveCfg = AppStore|iPhone
		{44612105-2135-4DCE-A70B-2BAAAAFFE3FC}.AppStore|x64.Build.0 = AppStore|iPhone
		{44612105-2135-4DCE-A70B-2BAAAAFFE3FC}.AppStore|x64.Deploy.0 = AppStore|iPhone
		{44612105-2135-4DCE-A70B-2BAAAAFFE3FC}.AppStore|x86.ActiveCfg = AppStore|iPhone
		{44612105-2135-4DCE-A70B-2BAAAAFFE3FC}.AppStore|x86.Build.0 = AppStore|iPhone
		{44612105-2135-4DCE-A70B-2BAAAAFFE3FC}.AppStore|x86.Deploy.0 = AppStore|iPhone
		{44612105-2135-4DCE-A70B-2BAAAAFFE3FC}.Debug|Any CPU.ActiveCfg = Debug|iPhoneSimulator
		{44612105-2135-4DCE-A70B-2BAAAAFFE3FC}.Debug|Any CPU.Build.0 = Debug|iPhoneSimulator
		{44612105-2135-4DCE-A70B-2BAAAAFFE3FC}.Debug|Any CPU.Deploy.0 = Debug|iPhoneSimulator
		{44612105-2135-4DCE-A70B-2BAAAAFFE3FC}.Debug|ARM.ActiveCfg = Debug|iPhone
		{44612105-2135-4DCE-A70B-2BAAAAFFE3FC}.Debug|ARM.Build.0 = Debug|iPhone
		{44612105-2135-4DCE-A70B-2BAAAAFFE3FC}.Debug|ARM.Deploy.0 = Debug|iPhone
		{44612105-2135-4DCE-A70B-2BAAAAFFE3FC}.Debug|iPhone.ActiveCfg = Debug|iPhone
		{44612105-2135-4DCE-A70B-2BAAAAFFE3FC}.Debug|iPhone.Build.0 = Debug|iPhone
		{44612105-2135-4DCE-A70B-2BAAAAFFE3FC}.Debug|iPhone.Deploy.0 = Debug|iPhone
		{44612105-2135-4DCE-A70B-2BAAAAFFE3FC}.Debug|iPhoneSimulator.ActiveCfg = Debug|iPhoneSimulator
		{44612105-2135-4DCE-A70B-2BAAAAFFE3FC}.Debug|iPhoneSimulator.Build.0 = Debug|iPhoneSimulator
		{44612105-2135-4DCE-A70B-2BAAAAFFE3FC}.Debug|iPhoneSimulator.Deploy.0 = Debug|iPhoneSimulator
		{44612105-2135-4DCE-A70B-2BAAAAFFE3FC}.Debug|x64.ActiveCfg = Debug|iPhone
		{44612105-2135-4DCE-A70B-2BAAAAFFE3FC}.Debug|x64.Build.0 = Debug|iPhone
		{44612105-2135-4DCE-A70B-2BAAAAFFE3FC}.Debug|x64.Deploy.0 = Debug|iPhone
		{44612105-2135-4DCE-A70B-2BAAAAFFE3FC}.Debug|x86.ActiveCfg = Debug|iPhone
		{44612105-2135-4DCE-A70B-2BAAAAFFE3FC}.Debug|x86.Build.0 = Debug|iPhone
		{44612105-2135-4DCE-A70B-2BAAAAFFE3FC}.Debug|x86.Deploy.0 = Debug|iPhone
		{44612105-2135-4DCE-A70B-2BAAAAFFE3FC}.Release|Any CPU.ActiveCfg = Release|iPhone
		{44612105-2135-4DCE-A70B-2BAAAAFFE3FC}.Release|Any CPU.Build.0 = Release|iPhone
		{44612105-2135-4DCE-A70B-2BAAAAFFE3FC}.Release|Any CPU.Deploy.0 = Release|iPhone
		{44612105-2135-4DCE-A70B-2BAAAAFFE3FC}.Release|ARM.ActiveCfg = Release|iPhone
		{44612105-2135-4DCE-A70B-2BAAAAFFE3FC}.Release|ARM.Build.0 = Release|iPhone
		{44612105-2135-4DCE-A70B-2BAAAAFFE3FC}.Release|ARM.Deploy.0 = Release|iPhone
		{44612105-2135-4DCE-A70B-2BAAAAFFE3FC}.Release|iPhone.ActiveCfg = Release|iPhone
		{44612105-2135-4DCE-A70B-2BAAAAFFE3FC}.Release|iPhone.Build.0 = Release|iPhone
		{44612105-2135-4DCE-A70B-2BAAAAFFE3FC}.Release|iPhone.Deploy.0 = Release|iPhone
		{44612105-2135-4DCE-A70B-2BAAAAFFE3FC}.Release|iPhoneSimulator.ActiveCfg = Release|iPhoneSimulator
		{44612105-2135-4DCE-A70B-2BAAAAFFE3FC}.Release|iPhoneSimulator.Build.0 = Release|iPhoneSimulator
		{44612105-2135-4DCE-A70B-2BAAAAFFE3FC}.Release|iPhoneSimulator.Deploy.0 = Release|iPhoneSimulator
		{44612105-2135-4DCE-A70B-2BAAAAFFE3FC}.Release|x64.ActiveCfg = Release|iPhone
		{44612105-2135-4DCE-A70B-2BAAAAFFE3FC}.Release|x64.Build.0 = Release|iPhone
		{44612105-2135-4DCE-A70B-2BAAAAFFE3FC}.Release|x64.Deploy.0 = Release|iPhone
		{44612105-2135-4DCE-A70B-2BAAAAFFE3FC}.Release|x86.ActiveCfg = Release|iPhone
		{44612105-2135-4DCE-A70B-2BAAAAFFE3FC}.Release|x86.Build.0 = Release|iPhone
		{44612105-2135-4DCE-A70B-2BAAAAFFE3FC}.Release|x86.Deploy.0 = Release|iPhone
		{7F8C2AA7-5248-486F-9D07-7D67957F2729}.Ad-Hoc|Any CPU.ActiveCfg = Release|x86
		{7F8C2AA7-5248-486F-9D07-7D67957F2729}.Ad-Hoc|Any CPU.Build.0 = Release|x86
		{7F8C2AA7-5248-486F-9D07-7D67957F2729}.Ad-Hoc|Any CPU.Deploy.0 = Release|x86
		{7F8C2AA7-5248-486F-9D07-7D67957F2729}.Ad-Hoc|ARM.ActiveCfg = Release|ARM
		{7F8C2AA7-5248-486F-9D07-7D67957F2729}.Ad-Hoc|ARM.Build.0 = Release|ARM
		{7F8C2AA7-5248-486F-9D07-7D67957F2729}.Ad-Hoc|ARM.Deploy.0 = Release|ARM
		{7F8C2AA7-5248-486F-9D07-7D67957F2729}.Ad-Hoc|iPhone.ActiveCfg = Release|x86
		{7F8C2AA7-5248-486F-9D07-7D67957F2729}.Ad-Hoc|iPhone.Build.0 = Release|x86
		{7F8C2AA7-5248-486F-9D07-7D67957F2729}.Ad-Hoc|iPhone.Deploy.0 = Release|x86
		{7F8C2AA7-5248-486F-9D07-7D67957F2729}.Ad-Hoc|iPhoneSimulator.ActiveCfg = Release|x86
		{7F8C2AA7-5248-486F-9D07-7D67957F2729}.Ad-Hoc|iPhoneSimulator.Build.0 = Release|x86
		{7F8C2AA7-5248-486F-9D07-7D67957F2729}.Ad-Hoc|iPhoneSimulator.Deploy.0 = Release|x86
		{7F8C2AA7-5248-486F-9D07-7D67957F2729}.Ad-Hoc|x64.ActiveCfg = Release|x64
		{7F8C2AA7-5248-486F-9D07-7D67957F2729}.Ad-Hoc|x64.Build.0 = Release|x64
		{7F8C2AA7-5248-486F-9D07-7D67957F2729}.Ad-Hoc|x64.Deploy.0 = Release|x64
		{7F8C2AA7-5248-486F-9D07-7D67957F2729}.Ad-Hoc|x86.ActiveCfg = Release|x86
		{7F8C2AA7-5248-486F-9D07-7D67957F2729}.Ad-Hoc|x86.Build.0 = Release|x86
		{7F8C2AA7-5248-486F-9D07-7D67957F2729}.Ad-Hoc|x86.Deploy.0 = Release|x86
		{7F8C2AA7-5248-486F-9D07-7D67957F2729}.AppStore|Any CPU.ActiveCfg = Release|x86
		{7F8C2AA7-5248-486F-9D07-7D67957F2729}.AppStore|Any CPU.Build.0 = Release|x86
		{7F8C2AA7-5248-486F-9D07-7D67957F2729}.AppStore|Any CPU.Deploy.0 = Release|x86
		{7F8C2AA7-5248-486F-9D07-7D67957F2729}.AppStore|ARM.ActiveCfg = Release|ARM
		{7F8C2AA7-5248-486F-9D07-7D67957F2729}.AppStore|ARM.Build.0 = Release|ARM
		{7F8C2AA7-5248-486F-9D07-7D67957F2729}.AppStore|ARM.Deploy.0 = Release|ARM
		{7F8C2AA7-5248-486F-9D07-7D67957F2729}.AppStore|iPhone.ActiveCfg = Release|x86
		{7F8C2AA7-5248-486F-9D07-7D67957F2729}.AppStore|iPhone.Build.0 = Release|x86
		{7F8C2AA7-5248-486F-9D07-7D67957F2729}.AppStore|iPhone.Deploy.0 = Release|x86
		{7F8C2AA7-5248-486F-9D07-7D67957F2729}.AppStore|iPhoneSimulator.ActiveCfg = Release|x86
		{7F8C2AA7-5248-486F-9D07-7D67957F2729}.AppStore|iPhoneSimulator.Build.0 = Release|x86
		{7F8C2AA7-5248-486F-9D07-7D67957F2729}.AppStore|iPhoneSimulator.Deploy.0 = Release|x86
		{7F8C2AA7-5248-486F-9D07-7D67957F2729}.AppStore|x64.ActiveCfg = Release|x64
		{7F8C2AA7-5248-486F-9D07-7D67957F2729}.AppStore|x64.Build.0 = Release|x64
		{7F8C2AA7-5248-486F-9D07-7D67957F2729}.AppStore|x64.Deploy.0 = Release|x64
		{7F8C2AA7-5248-486F-9D07-7D67957F2729}.AppStore|x86.ActiveCfg = Release|x86
		{7F8C2AA7-5248-486F-9D07-7D67957F2729}.AppStore|x86.Build.0 = Release|x86
		{7F8C2AA7-5248-486F-9D07-7D67957F2729}.AppStore|x86.Deploy.0 = Release|x86
		{7F8C2AA7-5248-486F-9D07-7D67957F2729}.Debug|Any CPU.ActiveCfg = Debug|x86
		{7F8C2AA7-5248-486F-9D07-7D67957F2729}.Debug|Any CPU.Build.0 = Debug|x86
		{7F8C2AA7-5248-486F-9D07-7D67957F2729}.Debug|Any CPU.Deploy.0 = Debug|x86
		{7F8C2AA7-5248-486F-9D07-7D67957F2729}.Debug|ARM.ActiveCfg = Debug|ARM
		{7F8C2AA7-5248-486F-9D07-7D67957F2729}.Debug|ARM.Build.0 = Debug|ARM
		{7F8C2AA7-5248-486F-9D07-7D67957F2729}.Debug|ARM.Deploy.0 = Debug|ARM
		{7F8C2AA7-5248-486F-9D07-7D67957F2729}.Debug|iPhone.ActiveCfg = Debug|x86
		{7F8C2AA7-5248-486F-9D07-7D67957F2729}.Debug|iPhone.Build.0 = Debug|x86
		{7F8C2AA7-5248-486F-9D07-7D67957F2729}.Debug|iPhone.Deploy.0 = Debug|x86
		{7F8C2AA7-5248-486F-9D07-7D67957F2729}.Debug|iPhoneSimulator.ActiveCfg = Debug|x86
		{7F8C2AA7-5248-486F-9D07-7D67957F2729}.Debug|iPhoneSimulator.Build.0 = Debug|x86
		{7F8C2AA7-5248-486F-9D07-7D67957F2729}.Debug|iPhoneSimulator.Deploy.0 = Debug|x86
		{7F8C2AA7-5248-486F-9D07-7D67957F2729}.Debug|x64.ActiveCfg = Debug|x64
		{7F8C2AA7-5248-486F-9D07-7D67957F2729}.Debug|x64.Build.0 = Debug|x64
		{7F8C2AA7-5248-486F-9D07-7D67957F2729}.Debug|x64.Deploy.0 = Debug|x64
		{7F8C2AA7-5248-486F-9D07-7D67957F2729}.Debug|x86.ActiveCfg = Debug|x86
		{7F8C2AA7-5248-486F-9D07-7D67957F2729}.Debug|x86.Build.0 = Debug|x86
		{7F8C2AA7-5248-486F-9D07-7D67957F2729}.Debug|x86.Deploy.0 = Debug|x86
		{7F8C2AA7-5248-486F-9D07-7D67957F2729}.Release|Any CPU.ActiveCfg = Release|x86
		{7F8C2AA7-5248-486F-9D07-7D67957F2729}.Release|Any CPU.Build.0 = Release|x86
		{7F8C2AA7-5248-486F-9D07-7D67957F2729}.Release|Any CPU.Deploy.0 = Release|x86
		{7F8C2AA7-5248-486F-9D07-7D67957F2729}.Release|ARM.ActiveCfg = Release|ARM
		{7F8C2AA7-5248-486F-9D07-7D67957F2729}.Release|ARM.Build.0 = Release|ARM
		{7F8C2AA7-5248-486F-9D07-7D67957F2729}.Release|ARM.Deploy.0 = Release|ARM
		{7F8C2AA7-5248-486F-9D07-7D67957F2729}.Release|iPhone.ActiveCfg = Release|x86
		{7F8C2AA7-5248-486F-9D07-7D67957F2729}.Release|iPhone.Build.0 = Release|x86
		{7F8C2AA7-5248-486F-9D07-7D67957F2729}.Release|iPhone.Deploy.0 = Release|x86
		{7F8C2AA7-5248-486F-9D07-7D67957F2729}.Release|iPhoneSimulator.ActiveCfg = Release|x86
		{7F8C2AA7-5248-486F-9D07-7D67957F2729}.Release|iPhoneSimulator.Build.0 = Release|x86
		{7F8C2AA7-5248-486F-9D07-7D67957F2729}.Release|iPhoneSimulator.Deploy.0 = Release|x86
		{7F8C2AA7-5248-486F-9D07-7D67957F2729}.Release|x64.ActiveCfg = Release|x64
		{7F8C2AA7-5248-486F-9D07-7D67957F2729}.Release|x64.Build.0 = Release|x64
		{7F8C2AA7-5248-486F-9D07-7D67957F2729}.Release|x64.Deploy.0 = Release|x64
		{7F8C2AA7-5248-486F-9D07-7D67957F2729}.Release|x86.ActiveCfg = Release|x86
		{7F8C2AA7-5248-486F-9D07-7D67957F2729}.Release|x86.Build.0 = Release|x86
		{7F8C2AA7-5248-486F-9D07-7D67957F2729}.Release|x86.Deploy.0 = Release|x86
		{77A274A3-7D01-4A30-A5AB-DAC9B0D3C1FA}.Ad-Hoc|Any CPU.ActiveCfg = Debug|Any CPU
		{77A274A3-7D01-4A30-A5AB-DAC9B0D3C1FA}.Ad-Hoc|Any CPU.Build.0 = Debug|Any CPU
		{77A274A3-7D01-4A30-A5AB-DAC9B0D3C1FA}.Ad-Hoc|Any CPU.Deploy.0 = Debug|Any CPU
		{77A274A3-7D01-4A30-A5AB-DAC9B0D3C1FA}.Ad-Hoc|ARM.ActiveCfg = Debug|Any CPU
		{77A274A3-7D01-4A30-A5AB-DAC9B0D3C1FA}.Ad-Hoc|ARM.Build.0 = Debug|Any CPU
		{77A274A3-7D01-4A30-A5AB-DAC9B0D3C1FA}.Ad-Hoc|ARM.Deploy.0 = Debug|Any CPU
		{77A274A3-7D01-4A30-A5AB-DAC9B0D3C1FA}.Ad-Hoc|iPhone.ActiveCfg = Debug|Any CPU
		{77A274A3-7D01-4A30-A5AB-DAC9B0D3C1FA}.Ad-Hoc|iPhone.Build.0 = Debug|Any CPU
		{77A274A3-7D01-4A30-A5AB-DAC9B0D3C1FA}.Ad-Hoc|iPhone.Deploy.0 = Debug|Any CPU
		{77A274A3-7D01-4A30-A5AB-DAC9B0D3C1FA}.Ad-Hoc|iPhoneSimulator.ActiveCfg = Debug|Any CPU
		{77A274A3-7D01-4A30-A5AB-DAC9B0D3C1FA}.Ad-Hoc|iPhoneSimulator.Build.0 = Debug|Any CPU
		{77A274A3-7D01-4A30-A5AB-DAC9B0D3C1FA}.Ad-Hoc|iPhoneSimulator.Deploy.0 = Debug|Any CPU
		{77A274A3-7D01-4A30-A5AB-DAC9B0D3C1FA}.Ad-Hoc|x64.ActiveCfg = Debug|Any CPU
		{77A274A3-7D01-4A30-A5AB-DAC9B0D3C1FA}.Ad-Hoc|x64.Build.0 = Debug|Any CPU
		{77A274A3-7D01-4A30-A5AB-DAC9B0D3C1FA}.Ad-Hoc|x64.Deploy.0 = Debug|Any CPU
		{77A274A3-7D01-4A30-A5AB-DAC9B0D3C1FA}.Ad-Hoc|x86.ActiveCfg = Debug|Any CPU
		{77A274A3-7D01-4A30-A5AB-DAC9B0D3C1FA}.Ad-Hoc|x86.Build.0 = Debug|Any CPU
		{77A274A3-7D01-4A30-A5AB-DAC9B0D3C1FA}.Ad-Hoc|x86.Deploy.0 = Debug|Any CPU
		{77A274A3-7D01-4A30-A5AB-DAC9B0D3C1FA}.AppStore|Any CPU.ActiveCfg = Debug|Any CPU
		{77A274A3-7D01-4A30-A5AB-DAC9B0D3C1FA}.AppStore|Any CPU.Build.0 = Debug|Any CPU
		{77A274A3-7D01-4A30-A5AB-DAC9B0D3C1FA}.AppStore|Any CPU.Deploy.0 = Debug|Any CPU
		{77A274A3-7D01-4A30-A5AB-DAC9B0D3C1FA}.AppStore|ARM.ActiveCfg = Debug|Any CPU
		{77A274A3-7D01-4A30-A5AB-DAC9B0D3C1FA}.AppStore|ARM.Build.0 = Debug|Any CPU
		{77A274A3-7D01-4A30-A5AB-DAC9B0D3C1FA}.AppStore|ARM.Deploy.0 = Debug|Any CPU
		{77A274A3-7D01-4A30-A5AB-DAC9B0D3C1FA}.AppStore|iPhone.ActiveCfg = Debug|Any CPU
		{77A274A3-7D01-4A30-A5AB-DAC9B0D3C1FA}.AppStore|iPhone.Build.0 = Debug|Any CPU
		{77A274A3-7D01-4A30-A5AB-DAC9B0D3C1FA}.AppStore|iPhone.Deploy.0 = Debug|Any CPU
		{77A274A3-7D01-4A30-A5AB-DAC9B0D3C1FA}.AppStore|iPhoneSimulator.ActiveCfg = Debug|Any CPU
		{77A274A3-7D01-4A30-A5AB-DAC9B0D3C1FA}.AppStore|iPhoneSimulator.Build.0 = Debug|Any CPU
		{77A274A3-7D01-4A30-A5AB-DAC9B0D3C1FA}.AppStore|iPhoneSimulator.Deploy.0 = Debug|Any CPU
		{77A274A3-7D01-4A30-A5AB-DAC9B0D3C1FA}.AppStore|x64.ActiveCfg = Debug|Any CPU
		{77A274A3-7D01-4A30-A5AB-DAC9B0D3C1FA}.AppStore|x64.Build.0 = Debug|Any CPU
		{77A274A3-7D01-4A30-A5AB-DAC9B0D3C1FA}.AppStore|x64.Deploy.0 = Debug|Any CPU
		{77A274A3-7D01-4A30-A5AB-DAC9B0D3C1FA}.AppStore|x86.ActiveCfg = Debug|Any CPU
		{77A274A3-7D01-4A30-A5AB-DAC9B0D3C1FA}.AppStore|x86.Build.0 = Debug|Any CPU
		{77A274A3-7D01-4A30-A5AB-DAC9B0D3C1FA}.AppStore|x86.Deploy.0 = Debug|Any CPU
		{77A274A3-7D01-4A30-A5AB-DAC9B0D3C1FA}.Debug|Any CPU.ActiveCfg = Debug|Any CPU
		{77A274A3-7D01-4A30-A5AB-DAC9B0D3C1FA}.Debug|Any CPU.Build.0 = Debug|Any CPU
		{77A274A3-7D01-4A30-A5AB-DAC9B0D3C1FA}.Debug|Any CPU.Deploy.0 = Debug|Any CPU
		{77A274A3-7D01-4A30-A5AB-DAC9B0D3C1FA}.Debug|ARM.ActiveCfg = Debug|Any CPU
		{77A274A3-7D01-4A30-A5AB-DAC9B0D3C1FA}.Debug|ARM.Build.0 = Debug|Any CPU
		{77A274A3-7D01-4A30-A5AB-DAC9B0D3C1FA}.Debug|ARM.Deploy.0 = Debug|Any CPU
		{77A274A3-7D01-4A30-A5AB-DAC9B0D3C1FA}.Debug|iPhone.ActiveCfg = Debug|Any CPU
		{77A274A3-7D01-4A30-A5AB-DAC9B0D3C1FA}.Debug|iPhone.Build.0 = Debug|Any CPU
		{77A274A3-7D01-4A30-A5AB-DAC9B0D3C1FA}.Debug|iPhone.Deploy.0 = Debug|Any CPU
		{77A274A3-7D01-4A30-A5AB-DAC9B0D3C1FA}.Debug|iPhoneSimulator.ActiveCfg = Debug|Any CPU
		{77A274A3-7D01-4A30-A5AB-DAC9B0D3C1FA}.Debug|iPhoneSimulator.Build.0 = Debug|Any CPU
		{77A274A3-7D01-4A30-A5AB-DAC9B0D3C1FA}.Debug|iPhoneSimulator.Deploy.0 = Debug|Any CPU
		{77A274A3-7D01-4A30-A5AB-DAC9B0D3C1FA}.Debug|x64.ActiveCfg = Debug|Any CPU
		{77A274A3-7D01-4A30-A5AB-DAC9B0D3C1FA}.Debug|x64.Build.0 = Debug|Any CPU
		{77A274A3-7D01-4A30-A5AB-DAC9B0D3C1FA}.Debug|x64.Deploy.0 = Debug|Any CPU
		{77A274A3-7D01-4A30-A5AB-DAC9B0D3C1FA}.Debug|x86.ActiveCfg = Debug|Any CPU
		{77A274A3-7D01-4A30-A5AB-DAC9B0D3C1FA}.Debug|x86.Build.0 = Debug|Any CPU
		{77A274A3-7D01-4A30-A5AB-DAC9B0D3C1FA}.Debug|x86.Deploy.0 = Debug|Any CPU
		{77A274A3-7D01-4A30-A5AB-DAC9B0D3C1FA}.Release|Any CPU.ActiveCfg = Release|Any CPU
		{77A274A3-7D01-4A30-A5AB-DAC9B0D3C1FA}.Release|Any CPU.Build.0 = Release|Any CPU
		{77A274A3-7D01-4A30-A5AB-DAC9B0D3C1FA}.Release|Any CPU.Deploy.0 = Release|Any CPU
		{77A274A3-7D01-4A30-A5AB-DAC9B0D3C1FA}.Release|ARM.ActiveCfg = Release|Any CPU
		{77A274A3-7D01-4A30-A5AB-DAC9B0D3C1FA}.Release|ARM.Build.0 = Release|Any CPU
		{77A274A3-7D01-4A30-A5AB-DAC9B0D3C1FA}.Release|ARM.Deploy.0 = Release|Any CPU
		{77A274A3-7D01-4A30-A5AB-DAC9B0D3C1FA}.Release|iPhone.ActiveCfg = Release|Any CPU
		{77A274A3-7D01-4A30-A5AB-DAC9B0D3C1FA}.Release|iPhone.Build.0 = Release|Any CPU
		{77A274A3-7D01-4A30-A5AB-DAC9B0D3C1FA}.Release|iPhone.Deploy.0 = Release|Any CPU
		{77A274A3-7D01-4A30-A5AB-DAC9B0D3C1FA}.Release|iPhoneSimulator.ActiveCfg = Release|Any CPU
		{77A274A3-7D01-4A30-A5AB-DAC9B0D3C1FA}.Release|iPhoneSimulator.Build.0 = Release|Any CPU
		{77A274A3-7D01-4A30-A5AB-DAC9B0D3C1FA}.Release|iPhoneSimulator.Deploy.0 = Release|Any CPU
		{77A274A3-7D01-4A30-A5AB-DAC9B0D3C1FA}.Release|x64.ActiveCfg = Release|Any CPU
		{77A274A3-7D01-4A30-A5AB-DAC9B0D3C1FA}.Release|x64.Build.0 = Release|Any CPU
		{77A274A3-7D01-4A30-A5AB-DAC9B0D3C1FA}.Release|x64.Deploy.0 = Release|Any CPU
		{77A274A3-7D01-4A30-A5AB-DAC9B0D3C1FA}.Release|x86.ActiveCfg = Release|Any CPU
		{77A274A3-7D01-4A30-A5AB-DAC9B0D3C1FA}.Release|x86.Build.0 = Release|Any CPU
		{77A274A3-7D01-4A30-A5AB-DAC9B0D3C1FA}.Release|x86.Deploy.0 = Release|Any CPU
	EndGlobalSection
	GlobalSection(SolutionProperties) = preSolution
		HideSolutionNode = FALSE
	EndGlobalSection
	GlobalSection(ExtensibilityGlobals) = postSolution
		SolutionGuid = {2FFCD2E3-1E8E-4FB7-9409-1CB89B009397}
	EndGlobalSection
EndGlobal
