
Microsoft Visual Studio Solution File, Format Version 12.00
# Visual Studio 15
VisualStudioVersion = 15.0.28307.1022
MinimumVisualStudioVersion = 10.0.40219.1
Project("{FAE04EC0-301F-11D3-BF4B-00C04F79EFBC}") = "P05_ControleXF.Android", "P05_ControleXF\P05_ControleXF.Android\P05_ControleXF.Android.csproj", "{591B7CE6-45FD-491E-B243-B9B6CB474DFD}"
EndProject
Project("{FAE04EC0-301F-11D3-BF4B-00C04F79EFBC}") = "P05_ControleXF.iOS", "P05_ControleXF\P05_ControleXF.iOS\P05_ControleXF.iOS.csproj", "{A50852B3-2710-44B7-A7F3-456461248A12}"
EndProject
Project("{FAE04EC0-301F-11D3-BF4B-00C04F79EFBC}") = "P05_ControleXF.UWP", "P05_ControleXF\P05_ControleXF.UWP\P05_ControleXF.UWP.csproj", "{6151EF77-74A5-45A6-ACA1-0A5BCF16DA3E}"
EndProject
Project("{FAE04EC0-301F-11D3-BF4B-00C04F79EFBC}") = "P05_ControleXF", "P05_ControleXF\P05_ControleXF\P05_ControleXF.csproj", "{07059AE7-0E8B-4A13-9302-2B6272A7BCA6}"
EndProject
Global
	GlobalSection(SolutionConfigurationPlatforms) = preSolution
		Ad-Hoc|Any CPU = Ad-Hoc|Any CPU
		Ad-Hoc|ARM = Ad-Hoc|ARM
		Ad-Hoc|iPhone = Ad-Hoc|iPhone
		Ad-Hoc|iPhoneSimulator = Ad-Hoc|iPhoneSimulator
		Ad-Hoc|x64 = Ad-Hoc|x64
		Ad-Hoc|x86 = Ad-Hoc|x86
		AppStore|Any CPU = AppStore|Any CPU
		AppStore|ARM = AppStore|ARM
		AppStore|iPhone = AppStore|iPhone
		AppStore|iPhoneSimulator = AppStore|iPhoneSimulator
		AppStore|x64 = AppStore|x64
		AppStore|x86 = AppStore|x86
		Debug|Any CPU = Debug|Any CPU
		Debug|ARM = Debug|ARM
		Debug|iPhone = Debug|iPhone
		Debug|iPhoneSimulator = Debug|iPhoneSimulator
		Debug|x64 = Debug|x64
		Debug|x86 = Debug|x86
		Release|Any CPU = Release|Any CPU
		Release|ARM = Release|ARM
		Release|iPhone = Release|iPhone
		Release|iPhoneSimulator = Release|iPhoneSimulator
		Release|x64 = Release|x64
		Release|x86 = Release|x86
	EndGlobalSection
	GlobalSection(ProjectConfigurationPlatforms) = postSolution
		{591B7CE6-45FD-491E-B243-B9B6CB474DFD}.Ad-Hoc|Any CPU.ActiveCfg = Release|Any CPU
		{591B7CE6-45FD-491E-B243-B9B6CB474DFD}.Ad-Hoc|Any CPU.Build.0 = Release|Any CPU
		{591B7CE6-45FD-491E-B243-B9B6CB474DFD}.Ad-Hoc|Any CPU.Deploy.0 = Release|Any CPU
		{591B7CE6-45FD-491E-B243-B9B6CB474DFD}.Ad-Hoc|ARM.ActiveCfg = Release|Any CPU
		{591B7CE6-45FD-491E-B243-B9B6CB474DFD}.Ad-Hoc|ARM.Build.0 = Release|Any CPU
		{591B7CE6-45FD-491E-B243-B9B6CB474DFD}.Ad-Hoc|ARM.Deploy.0 = Release|Any CPU
		{591B7CE6-45FD-491E-B243-B9B6CB474DFD}.Ad-Hoc|iPhone.ActiveCfg = Release|Any CPU
		{591B7CE6-45FD-491E-B243-B9B6CB474DFD}.Ad-Hoc|iPhone.Build.0 = Release|Any CPU
		{591B7CE6-45FD-491E-B243-B9B6CB474DFD}.Ad-Hoc|iPhone.Deploy.0 = Release|Any CPU
		{591B7CE6-45FD-491E-B243-B9B6CB474DFD}.Ad-Hoc|iPhoneSimulator.ActiveCfg = Release|Any CPU
		{591B7CE6-45FD-491E-B243-B9B6CB474DFD}.Ad-Hoc|iPhoneSimulator.Build.0 = Release|Any CPU
		{591B7CE6-45FD-491E-B243-B9B6CB474DFD}.Ad-Hoc|iPhoneSimulator.Deploy.0 = Release|Any CPU
		{591B7CE6-45FD-491E-B243-B9B6CB474DFD}.Ad-Hoc|x64.ActiveCfg = Release|Any CPU
		{591B7CE6-45FD-491E-B243-B9B6CB474DFD}.Ad-Hoc|x64.Build.0 = Release|Any CPU
		{591B7CE6-45FD-491E-B243-B9B6CB474DFD}.Ad-Hoc|x64.Deploy.0 = Release|Any CPU
		{591B7CE6-45FD-491E-B243-B9B6CB474DFD}.Ad-Hoc|x86.ActiveCfg = Release|Any CPU
		{591B7CE6-45FD-491E-B243-B9B6CB474DFD}.Ad-Hoc|x86.Build.0 = Release|Any CPU
		{591B7CE6-45FD-491E-B243-B9B6CB474DFD}.Ad-Hoc|x86.Deploy.0 = Release|Any CPU
		{591B7CE6-45FD-491E-B243-B9B6CB474DFD}.AppStore|Any CPU.ActiveCfg = Release|Any CPU
		{591B7CE6-45FD-491E-B243-B9B6CB474DFD}.AppStore|Any CPU.Build.0 = Release|Any CPU
		{591B7CE6-45FD-491E-B243-B9B6CB474DFD}.AppStore|Any CPU.Deploy.0 = Release|Any CPU
		{591B7CE6-45FD-491E-B243-B9B6CB474DFD}.AppStore|ARM.ActiveCfg = Release|Any CPU
		{591B7CE6-45FD-491E-B243-B9B6CB474DFD}.AppStore|ARM.Build.0 = Release|Any CPU
		{591B7CE6-45FD-491E-B243-B9B6CB474DFD}.AppStore|ARM.Deploy.0 = Release|Any CPU
		{591B7CE6-45FD-491E-B243-B9B6CB474DFD}.AppStore|iPhone.ActiveCfg = Release|Any CPU
		{591B7CE6-45FD-491E-B243-B9B6CB474DFD}.AppStore|iPhone.Build.0 = Release|Any CPU
		{591B7CE6-45FD-491E-B243-B9B6CB474DFD}.AppStore|iPhone.Deploy.0 = Release|Any CPU
		{591B7CE6-45FD-491E-B243-B9B6CB474DFD}.AppStore|iPhoneSimulator.ActiveCfg = Release|Any CPU
		{591B7CE6-45FD-491E-B243-B9B6CB474DFD}.AppStore|iPhoneSimulator.Build.0 = Release|Any CPU
		{591B7CE6-45FD-491E-B243-B9B6CB474DFD}.AppStore|iPhoneSimulator.Deploy.0 = Release|Any CPU
		{591B7CE6-45FD-491E-B243-B9B6CB474DFD}.AppStore|x64.ActiveCfg = Release|Any CPU
		{591B7CE6-45FD-491E-B243-B9B6CB474DFD}.AppStore|x64.Build.0 = Release|Any CPU
		{591B7CE6-45FD-491E-B243-B9B6CB474DFD}.AppStore|x64.Deploy.0 = Release|Any CPU
		{591B7CE6-45FD-491E-B243-B9B6CB474DFD}.AppStore|x86.ActiveCfg = Release|Any CPU
		{591B7CE6-45FD-491E-B243-B9B6CB474DFD}.AppStore|x86.Build.0 = Release|Any CPU
		{591B7CE6-45FD-491E-B243-B9B6CB474DFD}.AppStore|x86.Deploy.0 = Release|Any CPU
		{591B7CE6-45FD-491E-B243-B9B6CB474DFD}.Debug|Any CPU.ActiveCfg = Debug|Any CPU
		{591B7CE6-45FD-491E-B243-B9B6CB474DFD}.Debug|Any CPU.Build.0 = Debug|Any CPU
		{591B7CE6-45FD-491E-B243-B9B6CB474DFD}.Debug|Any CPU.Deploy.0 = Debug|Any CPU
		{591B7CE6-45FD-491E-B243-B9B6CB474DFD}.Debug|ARM.ActiveCfg = Debug|Any CPU
		{591B7CE6-45FD-491E-B243-B9B6CB474DFD}.Debug|ARM.Build.0 = Debug|Any CPU
		{591B7CE6-45FD-491E-B243-B9B6CB474DFD}.Debug|ARM.Deploy.0 = Debug|Any CPU
		{591B7CE6-45FD-491E-B243-B9B6CB474DFD}.Debug|iPhone.ActiveCfg = Debug|Any CPU
		{591B7CE6-45FD-491E-B243-B9B6CB474DFD}.Debug|iPhone.Build.0 = Debug|Any CPU
		{591B7CE6-45FD-491E-B243-B9B6CB474DFD}.Debug|iPhone.Deploy.0 = Debug|Any CPU
		{591B7CE6-45FD-491E-B243-B9B6CB474DFD}.Debug|iPhoneSimulator.ActiveCfg = Debug|Any CPU
		{591B7CE6-45FD-491E-B243-B9B6CB474DFD}.Debug|iPhoneSimulator.Build.0 = Debug|Any CPU
		{591B7CE6-45FD-491E-B243-B9B6CB474DFD}.Debug|iPhoneSimulator.Deploy.0 = Debug|Any CPU
		{591B7CE6-45FD-491E-B243-B9B6CB474DFD}.Debug|x64.ActiveCfg = Debug|Any CPU
		{591B7CE6-45FD-491E-B243-B9B6CB474DFD}.Debug|x64.Build.0 = Debug|Any CPU
		{591B7CE6-45FD-491E-B243-B9B6CB474DFD}.Debug|x64.Deploy.0 = Debug|Any CPU
		{591B7CE6-45FD-491E-B243-B9B6CB474DFD}.Debug|x86.ActiveCfg = Debug|Any CPU
		{591B7CE6-45FD-491E-B243-B9B6CB474DFD}.Debug|x86.Build.0 = Debug|Any CPU
		{591B7CE6-45FD-491E-B243-B9B6CB474DFD}.Debug|x86.Deploy.0 = Debug|Any CPU
		{591B7CE6-45FD-491E-B243-B9B6CB474DFD}.Release|Any CPU.ActiveCfg = Release|Any CPU
		{591B7CE6-45FD-491E-B243-B9B6CB474DFD}.Release|Any CPU.Build.0 = Release|Any CPU
		{591B7CE6-45FD-491E-B243-B9B6CB474DFD}.Release|Any CPU.Deploy.0 = Release|Any CPU
		{591B7CE6-45FD-491E-B243-B9B6CB474DFD}.Release|ARM.ActiveCfg = Release|Any CPU
		{591B7CE6-45FD-491E-B243-B9B6CB474DFD}.Release|ARM.Build.0 = Release|Any CPU
		{591B7CE6-45FD-491E-B243-B9B6CB474DFD}.Release|ARM.Deploy.0 = Release|Any CPU
		{591B7CE6-45FD-491E-B243-B9B6CB474DFD}.Release|iPhone.ActiveCfg = Release|Any CPU
		{591B7CE6-45FD-491E-B243-B9B6CB474DFD}.Release|iPhone.Build.0 = Release|Any CPU
		{591B7CE6-45FD-491E-B243-B9B6CB474DFD}.Release|iPhone.Deploy.0 = Release|Any CPU
		{591B7CE6-45FD-491E-B243-B9B6CB474DFD}.Release|iPhoneSimulator.ActiveCfg = Release|Any CPU
		{591B7CE6-45FD-491E-B243-B9B6CB474DFD}.Release|iPhoneSimulator.Build.0 = Release|Any CPU
		{591B7CE6-45FD-491E-B243-B9B6CB474DFD}.Release|iPhoneSimulator.Deploy.0 = Release|Any CPU
		{591B7CE6-45FD-491E-B243-B9B6CB474DFD}.Release|x64.ActiveCfg = Release|Any CPU
		{591B7CE6-45FD-491E-B243-B9B6CB474DFD}.Release|x64.Build.0 = Release|Any CPU
		{591B7CE6-45FD-491E-B243-B9B6CB474DFD}.Release|x64.Deploy.0 = Release|Any CPU
		{591B7CE6-45FD-491E-B243-B9B6CB474DFD}.Release|x86.ActiveCfg = Release|Any CPU
		{591B7CE6-45FD-491E-B243-B9B6CB474DFD}.Release|x86.Build.0 = Release|Any CPU
		{591B7CE6-45FD-491E-B243-B9B6CB474DFD}.Release|x86.Deploy.0 = Release|Any CPU
		{A50852B3-2710-44B7-A7F3-456461248A12}.Ad-Hoc|Any CPU.ActiveCfg = Ad-Hoc|iPhone
		{A50852B3-2710-44B7-A7F3-456461248A12}.Ad-Hoc|Any CPU.Build.0 = Ad-Hoc|iPhone
		{A50852B3-2710-44B7-A7F3-456461248A12}.Ad-Hoc|Any CPU.Deploy.0 = Ad-Hoc|iPhone
		{A50852B3-2710-44B7-A7F3-456461248A12}.Ad-Hoc|ARM.ActiveCfg = Ad-Hoc|iPhone
		{A50852B3-2710-44B7-A7F3-456461248A12}.Ad-Hoc|ARM.Build.0 = Ad-Hoc|iPhone
		{A50852B3-2710-44B7-A7F3-456461248A12}.Ad-Hoc|ARM.Deploy.0 = Ad-Hoc|iPhone
		{A50852B3-2710-44B7-A7F3-456461248A12}.Ad-Hoc|iPhone.ActiveCfg = Ad-Hoc|iPhone
		{A50852B3-2710-44B7-A7F3-456461248A12}.Ad-Hoc|iPhone.Build.0 = Ad-Hoc|iPhone
		{A50852B3-2710-44B7-A7F3-456461248A12}.Ad-Hoc|iPhone.Deploy.0 = Ad-Hoc|iPhone
		{A50852B3-2710-44B7-A7F3-456461248A12}.Ad-Hoc|iPhoneSimulator.ActiveCfg = Ad-Hoc|iPhoneSimulator
		{A50852B3-2710-44B7-A7F3-456461248A12}.Ad-Hoc|iPhoneSimulator.Build.0 = Ad-Hoc|iPhoneSimulator
		{A50852B3-2710-44B7-A7F3-456461248A12}.Ad-Hoc|iPhoneSimulator.Deploy.0 = Ad-Hoc|iPhoneSimulator
		{A50852B3-2710-44B7-A7F3-456461248A12}.Ad-Hoc|x64.ActiveCfg = Ad-Hoc|iPhone
		{A50852B3-2710-44B7-A7F3-456461248A12}.Ad-Hoc|x64.Build.0 = Ad-Hoc|iPhone
		{A50852B3-2710-44B7-A7F3-456461248A12}.Ad-Hoc|x64.Deploy.0 = Ad-Hoc|iPhone
		{A50852B3-2710-44B7-A7F3-456461248A12}.Ad-Hoc|x86.ActiveCfg = Ad-Hoc|iPhone
		{A50852B3-2710-44B7-A7F3-456461248A12}.Ad-Hoc|x86.Build.0 = Ad-Hoc|iPhone
		{A50852B3-2710-44B7-A7F3-456461248A12}.Ad-Hoc|x86.Deploy.0 = Ad-Hoc|iPhone
		{A50852B3-2710-44B7-A7F3-456461248A12}.AppStore|Any CPU.ActiveCfg = AppStore|iPhone
		{A50852B3-2710-44B7-A7F3-456461248A12}.AppStore|Any CPU.Build.0 = AppStore|iPhone
		{A50852B3-2710-44B7-A7F3-456461248A12}.AppStore|Any CPU.Deploy.0 = AppStore|iPhone
		{A50852B3-2710-44B7-A7F3-456461248A12}.AppStore|ARM.ActiveCfg = AppStore|iPhone
		{A50852B3-2710-44B7-A7F3-456461248A12}.AppStore|ARM.Build.0 = AppStore|iPhone
		{A50852B3-2710-44B7-A7F3-456461248A12}.AppStore|ARM.Deploy.0 = AppStore|iPhone
		{A50852B3-2710-44B7-A7F3-456461248A12}.AppStore|iPhone.ActiveCfg = AppStore|iPhone
		{A50852B3-2710-44B7-A7F3-456461248A12}.AppStore|iPhone.Build.0 = AppStore|iPhone
		{A50852B3-2710-44B7-A7F3-456461248A12}.AppStore|iPhone.Deploy.0 = AppStore|iPhone
		{A50852B3-2710-44B7-A7F3-456461248A12}.AppStore|iPhoneSimulator.ActiveCfg = AppStore|iPhoneSimulator
		{A50852B3-2710-44B7-A7F3-456461248A12}.AppStore|iPhoneSimulator.Build.0 = AppStore|iPhoneSimulator
		{A50852B3-2710-44B7-A7F3-456461248A12}.AppStore|iPhoneSimulator.Deploy.0 = AppStore|iPhoneSimulator
		{A50852B3-2710-44B7-A7F3-456461248A12}.AppStore|x64.ActiveCfg = AppStore|iPhone
		{A50852B3-2710-44B7-A7F3-456461248A12}.AppStore|x64.Build.0 = AppStore|iPhone
		{A50852B3-2710-44B7-A7F3-456461248A12}.AppStore|x64.Deploy.0 = AppStore|iPhone
		{A50852B3-2710-44B7-A7F3-456461248A12}.AppStore|x86.ActiveCfg = AppStore|iPhone
		{A50852B3-2710-44B7-A7F3-456461248A12}.AppStore|x86.Build.0 = AppStore|iPhone
		{A50852B3-2710-44B7-A7F3-456461248A12}.AppStore|x86.Deploy.0 = AppStore|iPhone
		{A50852B3-2710-44B7-A7F3-456461248A12}.Debug|Any CPU.ActiveCfg = Debug|iPhoneSimulator
		{A50852B3-2710-44B7-A7F3-456461248A12}.Debug|Any CPU.Build.0 = Debug|iPhoneSimulator
		{A50852B3-2710-44B7-A7F3-456461248A12}.Debug|Any CPU.Deploy.0 = Debug|iPhoneSimulator
		{A50852B3-2710-44B7-A7F3-456461248A12}.Debug|ARM.ActiveCfg = Debug|iPhone
		{A50852B3-2710-44B7-A7F3-456461248A12}.Debug|ARM.Build.0 = Debug|iPhone
		{A50852B3-2710-44B7-A7F3-456461248A12}.Debug|ARM.Deploy.0 = Debug|iPhone
		{A50852B3-2710-44B7-A7F3-456461248A12}.Debug|iPhone.ActiveCfg = Debug|iPhone
		{A50852B3-2710-44B7-A7F3-456461248A12}.Debug|iPhone.Build.0 = Debug|iPhone
		{A50852B3-2710-44B7-A7F3-456461248A12}.Debug|iPhone.Deploy.0 = Debug|iPhone
		{A50852B3-2710-44B7-A7F3-456461248A12}.Debug|iPhoneSimulator.ActiveCfg = Debug|iPhoneSimulator
		{A50852B3-2710-44B7-A7F3-456461248A12}.Debug|iPhoneSimulator.Build.0 = Debug|iPhoneSimulator
		{A50852B3-2710-44B7-A7F3-456461248A12}.Debug|iPhoneSimulator.Deploy.0 = Debug|iPhoneSimulator
		{A50852B3-2710-44B7-A7F3-456461248A12}.Debug|x64.ActiveCfg = Debug|iPhone
		{A50852B3-2710-44B7-A7F3-456461248A12}.Debug|x64.Build.0 = Debug|iPhone
		{A50852B3-2710-44B7-A7F3-456461248A12}.Debug|x64.Deploy.0 = Debug|iPhone
		{A50852B3-2710-44B7-A7F3-456461248A12}.Debug|x86.ActiveCfg = Debug|iPhone
		{A50852B3-2710-44B7-A7F3-456461248A12}.Debug|x86.Build.0 = Debug|iPhone
		{A50852B3-2710-44B7-A7F3-456461248A12}.Debug|x86.Deploy.0 = Debug|iPhone
		{A50852B3-2710-44B7-A7F3-456461248A12}.Release|Any CPU.ActiveCfg = Release|iPhone
		{A50852B3-2710-44B7-A7F3-456461248A12}.Release|Any CPU.Build.0 = Release|iPhone
		{A50852B3-2710-44B7-A7F3-456461248A12}.Release|Any CPU.Deploy.0 = Release|iPhone
		{A50852B3-2710-44B7-A7F3-456461248A12}.Release|ARM.ActiveCfg = Release|iPhone
		{A50852B3-2710-44B7-A7F3-456461248A12}.Release|ARM.Build.0 = Release|iPhone
		{A50852B3-2710-44B7-A7F3-456461248A12}.Release|ARM.Deploy.0 = Release|iPhone
		{A50852B3-2710-44B7-A7F3-456461248A12}.Release|iPhone.ActiveCfg = Release|iPhone
		{A50852B3-2710-44B7-A7F3-456461248A12}.Release|iPhone.Build.0 = Release|iPhone
		{A50852B3-2710-44B7-A7F3-456461248A12}.Release|iPhone.Deploy.0 = Release|iPhone
		{A50852B3-2710-44B7-A7F3-456461248A12}.Release|iPhoneSimulator.ActiveCfg = Release|iPhoneSimulator
		{A50852B3-2710-44B7-A7F3-456461248A12}.Release|iPhoneSimulator.Build.0 = Release|iPhoneSimulator
		{A50852B3-2710-44B7-A7F3-456461248A12}.Release|iPhoneSimulator.Deploy.0 = Release|iPhoneSimulator
		{A50852B3-2710-44B7-A7F3-456461248A12}.Release|x64.ActiveCfg = Release|iPhone
		{A50852B3-2710-44B7-A7F3-456461248A12}.Release|x64.Build.0 = Release|iPhone
		{A50852B3-2710-44B7-A7F3-456461248A12}.Release|x64.Deploy.0 = Release|iPhone
		{A50852B3-2710-44B7-A7F3-456461248A12}.Release|x86.ActiveCfg = Release|iPhone
		{A50852B3-2710-44B7-A7F3-456461248A12}.Release|x86.Build.0 = Release|iPhone
		{A50852B3-2710-44B7-A7F3-456461248A12}.Release|x86.Deploy.0 = Release|iPhone
		{6151EF77-74A5-45A6-ACA1-0A5BCF16DA3E}.Ad-Hoc|Any CPU.ActiveCfg = Release|x86
		{6151EF77-74A5-45A6-ACA1-0A5BCF16DA3E}.Ad-Hoc|Any CPU.Build.0 = Release|x86
		{6151EF77-74A5-45A6-ACA1-0A5BCF16DA3E}.Ad-Hoc|Any CPU.Deploy.0 = Release|x86
		{6151EF77-74A5-45A6-ACA1-0A5BCF16DA3E}.Ad-Hoc|ARM.ActiveCfg = Release|ARM
		{6151EF77-74A5-45A6-ACA1-0A5BCF16DA3E}.Ad-Hoc|ARM.Build.0 = Release|ARM
		{6151EF77-74A5-45A6-ACA1-0A5BCF16DA3E}.Ad-Hoc|ARM.Deploy.0 = Release|ARM
		{6151EF77-74A5-45A6-ACA1-0A5BCF16DA3E}.Ad-Hoc|iPhone.ActiveCfg = Release|x86
		{6151EF77-74A5-45A6-ACA1-0A5BCF16DA3E}.Ad-Hoc|iPhone.Build.0 = Release|x86
		{6151EF77-74A5-45A6-ACA1-0A5BCF16DA3E}.Ad-Hoc|iPhone.Deploy.0 = Release|x86
		{6151EF77-74A5-45A6-ACA1-0A5BCF16DA3E}.Ad-Hoc|iPhoneSimulator.ActiveCfg = Release|x86
		{6151EF77-74A5-45A6-ACA1-0A5BCF16DA3E}.Ad-Hoc|iPhoneSimulator.Build.0 = Release|x86
		{6151EF77-74A5-45A6-ACA1-0A5BCF16DA3E}.Ad-Hoc|iPhoneSimulator.Deploy.0 = Release|x86
		{6151EF77-74A5-45A6-ACA1-0A5BCF16DA3E}.Ad-Hoc|x64.ActiveCfg = Release|x64
		{6151EF77-74A5-45A6-ACA1-0A5BCF16DA3E}.Ad-Hoc|x64.Build.0 = Release|x64
		{6151EF77-74A5-45A6-ACA1-0A5BCF16DA3E}.Ad-Hoc|x64.Deploy.0 = Release|x64
		{6151EF77-74A5-45A6-ACA1-0A5BCF16DA3E}.Ad-Hoc|x86.ActiveCfg = Release|x86
		{6151EF77-74A5-45A6-ACA1-0A5BCF16DA3E}.Ad-Hoc|x86.Build.0 = Release|x86
		{6151EF77-74A5-45A6-ACA1-0A5BCF16DA3E}.Ad-Hoc|x86.Deploy.0 = Release|x86
		{6151EF77-74A5-45A6-ACA1-0A5BCF16DA3E}.AppStore|Any CPU.ActiveCfg = Release|x86
		{6151EF77-74A5-45A6-ACA1-0A5BCF16DA3E}.AppStore|Any CPU.Build.0 = Release|x86
		{6151EF77-74A5-45A6-ACA1-0A5BCF16DA3E}.AppStore|Any CPU.Deploy.0 = Release|x86
		{6151EF77-74A5-45A6-ACA1-0A5BCF16DA3E}.AppStore|ARM.ActiveCfg = Release|ARM
		{6151EF77-74A5-45A6-ACA1-0A5BCF16DA3E}.AppStore|ARM.Build.0 = Release|ARM
		{6151EF77-74A5-45A6-ACA1-0A5BCF16DA3E}.AppStore|ARM.Deploy.0 = Release|ARM
		{6151EF77-74A5-45A6-ACA1-0A5BCF16DA3E}.AppStore|iPhone.ActiveCfg = Release|x86
		{6151EF77-74A5-45A6-ACA1-0A5BCF16DA3E}.AppStore|iPhone.Build.0 = Release|x86
		{6151EF77-74A5-45A6-ACA1-0A5BCF16DA3E}.AppStore|iPhone.Deploy.0 = Release|x86
		{6151EF77-74A5-45A6-ACA1-0A5BCF16DA3E}.AppStore|iPhoneSimulator.ActiveCfg = Release|x86
		{6151EF77-74A5-45A6-ACA1-0A5BCF16DA3E}.AppStore|iPhoneSimulator.Build.0 = Release|x86
		{6151EF77-74A5-45A6-ACA1-0A5BCF16DA3E}.AppStore|iPhoneSimulator.Deploy.0 = Release|x86
		{6151EF77-74A5-45A6-ACA1-0A5BCF16DA3E}.AppStore|x64.ActiveCfg = Release|x64
		{6151EF77-74A5-45A6-ACA1-0A5BCF16DA3E}.AppStore|x64.Build.0 = Release|x64
		{6151EF77-74A5-45A6-ACA1-0A5BCF16DA3E}.AppStore|x64.Deploy.0 = Release|x64
		{6151EF77-74A5-45A6-ACA1-0A5BCF16DA3E}.AppStore|x86.ActiveCfg = Release|x86
		{6151EF77-74A5-45A6-ACA1-0A5BCF16DA3E}.AppStore|x86.Build.0 = Release|x86
		{6151EF77-74A5-45A6-ACA1-0A5BCF16DA3E}.AppStore|x86.Deploy.0 = Release|x86
		{6151EF77-74A5-45A6-ACA1-0A5BCF16DA3E}.Debug|Any CPU.ActiveCfg = Debug|x86
		{6151EF77-74A5-45A6-ACA1-0A5BCF16DA3E}.Debug|Any CPU.Build.0 = Debug|x86
		{6151EF77-74A5-45A6-ACA1-0A5BCF16DA3E}.Debug|Any CPU.Deploy.0 = Debug|x86
		{6151EF77-74A5-45A6-ACA1-0A5BCF16DA3E}.Debug|ARM.ActiveCfg = Debug|ARM
		{6151EF77-74A5-45A6-ACA1-0A5BCF16DA3E}.Debug|ARM.Build.0 = Debug|ARM
		{6151EF77-74A5-45A6-ACA1-0A5BCF16DA3E}.Debug|ARM.Deploy.0 = Debug|ARM
		{6151EF77-74A5-45A6-ACA1-0A5BCF16DA3E}.Debug|iPhone.ActiveCfg = Debug|x86
		{6151EF77-74A5-45A6-ACA1-0A5BCF16DA3E}.Debug|iPhone.Build.0 = Debug|x86
		{6151EF77-74A5-45A6-ACA1-0A5BCF16DA3E}.Debug|iPhone.Deploy.0 = Debug|x86
		{6151EF77-74A5-45A6-ACA1-0A5BCF16DA3E}.Debug|iPhoneSimulator.ActiveCfg = Debug|x86
		{6151EF77-74A5-45A6-ACA1-0A5BCF16DA3E}.Debug|iPhoneSimulator.Build.0 = Debug|x86
		{6151EF77-74A5-45A6-ACA1-0A5BCF16DA3E}.Debug|iPhoneSimulator.Deploy.0 = Debug|x86
		{6151EF77-74A5-45A6-ACA1-0A5BCF16DA3E}.Debug|x64.ActiveCfg = Debug|x64
		{6151EF77-74A5-45A6-ACA1-0A5BCF16DA3E}.Debug|x64.Build.0 = Debug|x64
		{6151EF77-74A5-45A6-ACA1-0A5BCF16DA3E}.Debug|x64.Deploy.0 = Debug|x64
		{6151EF77-74A5-45A6-ACA1-0A5BCF16DA3E}.Debug|x86.ActiveCfg = Debug|x86
		{6151EF77-74A5-45A6-ACA1-0A5BCF16DA3E}.Debug|x86.Build.0 = Debug|x86
		{6151EF77-74A5-45A6-ACA1-0A5BCF16DA3E}.Debug|x86.Deploy.0 = Debug|x86
		{6151EF77-74A5-45A6-ACA1-0A5BCF16DA3E}.Release|Any CPU.ActiveCfg = Release|x86
		{6151EF77-74A5-45A6-ACA1-0A5BCF16DA3E}.Release|Any CPU.Build.0 = Release|x86
		{6151EF77-74A5-45A6-ACA1-0A5BCF16DA3E}.Release|Any CPU.Deploy.0 = Release|x86
		{6151EF77-74A5-45A6-ACA1-0A5BCF16DA3E}.Release|ARM.ActiveCfg = Release|ARM
		{6151EF77-74A5-45A6-ACA1-0A5BCF16DA3E}.Release|ARM.Build.0 = Release|ARM
		{6151EF77-74A5-45A6-ACA1-0A5BCF16DA3E}.Release|ARM.Deploy.0 = Release|ARM
		{6151EF77-74A5-45A6-ACA1-0A5BCF16DA3E}.Release|iPhone.ActiveCfg = Release|x86
		{6151EF77-74A5-45A6-ACA1-0A5BCF16DA3E}.Release|iPhone.Build.0 = Release|x86
		{6151EF77-74A5-45A6-ACA1-0A5BCF16DA3E}.Release|iPhone.Deploy.0 = Release|x86
		{6151EF77-74A5-45A6-ACA1-0A5BCF16DA3E}.Release|iPhoneSimulator.ActiveCfg = Release|x86
		{6151EF77-74A5-45A6-ACA1-0A5BCF16DA3E}.Release|iPhoneSimulator.Build.0 = Release|x86
		{6151EF77-74A5-45A6-ACA1-0A5BCF16DA3E}.Release|iPhoneSimulator.Deploy.0 = Release|x86
		{6151EF77-74A5-45A6-ACA1-0A5BCF16DA3E}.Release|x64.ActiveCfg = Release|x64
		{6151EF77-74A5-45A6-ACA1-0A5BCF16DA3E}.Release|x64.Build.0 = Release|x64
		{6151EF77-74A5-45A6-ACA1-0A5BCF16DA3E}.Release|x64.Deploy.0 = Release|x64
		{6151EF77-74A5-45A6-ACA1-0A5BCF16DA3E}.Release|x86.ActiveCfg = Release|x86
		{6151EF77-74A5-45A6-ACA1-0A5BCF16DA3E}.Release|x86.Build.0 = Release|x86
		{6151EF77-74A5-45A6-ACA1-0A5BCF16DA3E}.Release|x86.Deploy.0 = Release|x86
		{07059AE7-0E8B-4A13-9302-2B6272A7BCA6}.Ad-Hoc|Any CPU.ActiveCfg = Debug|Any CPU
		{07059AE7-0E8B-4A13-9302-2B6272A7BCA6}.Ad-Hoc|Any CPU.Build.0 = Debug|Any CPU
		{07059AE7-0E8B-4A13-9302-2B6272A7BCA6}.Ad-Hoc|Any CPU.Deploy.0 = Debug|Any CPU
		{07059AE7-0E8B-4A13-9302-2B6272A7BCA6}.Ad-Hoc|ARM.ActiveCfg = Debug|Any CPU
		{07059AE7-0E8B-4A13-9302-2B6272A7BCA6}.Ad-Hoc|ARM.Build.0 = Debug|Any CPU
		{07059AE7-0E8B-4A13-9302-2B6272A7BCA6}.Ad-Hoc|ARM.Deploy.0 = Debug|Any CPU
		{07059AE7-0E8B-4A13-9302-2B6272A7BCA6}.Ad-Hoc|iPhone.ActiveCfg = Debug|Any CPU
		{07059AE7-0E8B-4A13-9302-2B6272A7BCA6}.Ad-Hoc|iPhone.Build.0 = Debug|Any CPU
		{07059AE7-0E8B-4A13-9302-2B6272A7BCA6}.Ad-Hoc|iPhone.Deploy.0 = Debug|Any CPU
		{07059AE7-0E8B-4A13-9302-2B6272A7BCA6}.Ad-Hoc|iPhoneSimulator.ActiveCfg = Debug|Any CPU
		{07059AE7-0E8B-4A13-9302-2B6272A7BCA6}.Ad-Hoc|iPhoneSimulator.Build.0 = Debug|Any CPU
		{07059AE7-0E8B-4A13-9302-2B6272A7BCA6}.Ad-Hoc|iPhoneSimulator.Deploy.0 = Debug|Any CPU
		{07059AE7-0E8B-4A13-9302-2B6272A7BCA6}.Ad-Hoc|x64.ActiveCfg = Debug|Any CPU
		{07059AE7-0E8B-4A13-9302-2B6272A7BCA6}.Ad-Hoc|x64.Build.0 = Debug|Any CPU
		{07059AE7-0E8B-4A13-9302-2B6272A7BCA6}.Ad-Hoc|x64.Deploy.0 = Debug|Any CPU
		{07059AE7-0E8B-4A13-9302-2B6272A7BCA6}.Ad-Hoc|x86.ActiveCfg = Debug|Any CPU
		{07059AE7-0E8B-4A13-9302-2B6272A7BCA6}.Ad-Hoc|x86.Build.0 = Debug|Any CPU
		{07059AE7-0E8B-4A13-9302-2B6272A7BCA6}.Ad-Hoc|x86.Deploy.0 = Debug|Any CPU
		{07059AE7-0E8B-4A13-9302-2B6272A7BCA6}.AppStore|Any CPU.ActiveCfg = Debug|Any CPU
		{07059AE7-0E8B-4A13-9302-2B6272A7BCA6}.AppStore|Any CPU.Build.0 = Debug|Any CPU
		{07059AE7-0E8B-4A13-9302-2B6272A7BCA6}.AppStore|Any CPU.Deploy.0 = Debug|Any CPU
		{07059AE7-0E8B-4A13-9302-2B6272A7BCA6}.AppStore|ARM.ActiveCfg = Debug|Any CPU
		{07059AE7-0E8B-4A13-9302-2B6272A7BCA6}.AppStore|ARM.Build.0 = Debug|Any CPU
		{07059AE7-0E8B-4A13-9302-2B6272A7BCA6}.AppStore|ARM.Deploy.0 = Debug|Any CPU
		{07059AE7-0E8B-4A13-9302-2B6272A7BCA6}.AppStore|iPhone.ActiveCfg = Debug|Any CPU
		{07059AE7-0E8B-4A13-9302-2B6272A7BCA6}.AppStore|iPhone.Build.0 = Debug|Any CPU
		{07059AE7-0E8B-4A13-9302-2B6272A7BCA6}.AppStore|iPhone.Deploy.0 = Debug|Any CPU
		{07059AE7-0E8B-4A13-9302-2B6272A7BCA6}.AppStore|iPhoneSimulator.ActiveCfg = Debug|Any CPU
		{07059AE7-0E8B-4A13-9302-2B6272A7BCA6}.AppStore|iPhoneSimulator.Build.0 = Debug|Any CPU
		{07059AE7-0E8B-4A13-9302-2B6272A7BCA6}.AppStore|iPhoneSimulator.Deploy.0 = Debug|Any CPU
		{07059AE7-0E8B-4A13-9302-2B6272A7BCA6}.AppStore|x64.ActiveCfg = Debug|Any CPU
		{07059AE7-0E8B-4A13-9302-2B6272A7BCA6}.AppStore|x64.Build.0 = Debug|Any CPU
		{07059AE7-0E8B-4A13-9302-2B6272A7BCA6}.AppStore|x64.Deploy.0 = Debug|Any CPU
		{07059AE7-0E8B-4A13-9302-2B6272A7BCA6}.AppStore|x86.ActiveCfg = Debug|Any CPU
		{07059AE7-0E8B-4A13-9302-2B6272A7BCA6}.AppStore|x86.Build.0 = Debug|Any CPU
		{07059AE7-0E8B-4A13-9302-2B6272A7BCA6}.AppStore|x86.Deploy.0 = Debug|Any CPU
		{07059AE7-0E8B-4A13-9302-2B6272A7BCA6}.Debug|Any CPU.ActiveCfg = Debug|Any CPU
		{07059AE7-0E8B-4A13-9302-2B6272A7BCA6}.Debug|Any CPU.Build.0 = Debug|Any CPU
		{07059AE7-0E8B-4A13-9302-2B6272A7BCA6}.Debug|Any CPU.Deploy.0 = Debug|Any CPU
		{07059AE7-0E8B-4A13-9302-2B6272A7BCA6}.Debug|ARM.ActiveCfg = Debug|Any CPU
		{07059AE7-0E8B-4A13-9302-2B6272A7BCA6}.Debug|ARM.Build.0 = Debug|Any CPU
		{07059AE7-0E8B-4A13-9302-2B6272A7BCA6}.Debug|ARM.Deploy.0 = Debug|Any CPU
		{07059AE7-0E8B-4A13-9302-2B6272A7BCA6}.Debug|iPhone.ActiveCfg = Debug|Any CPU
		{07059AE7-0E8B-4A13-9302-2B6272A7BCA6}.Debug|iPhone.Build.0 = Debug|Any CPU
		{07059AE7-0E8B-4A13-9302-2B6272A7BCA6}.Debug|iPhone.Deploy.0 = Debug|Any CPU
		{07059AE7-0E8B-4A13-9302-2B6272A7BCA6}.Debug|iPhoneSimulator.ActiveCfg = Debug|Any CPU
		{07059AE7-0E8B-4A13-9302-2B6272A7BCA6}.Debug|iPhoneSimulator.Build.0 = Debug|Any CPU
		{07059AE7-0E8B-4A13-9302-2B6272A7BCA6}.Debug|iPhoneSimulator.Deploy.0 = Debug|Any CPU
		{07059AE7-0E8B-4A13-9302-2B6272A7BCA6}.Debug|x64.ActiveCfg = Debug|Any CPU
		{07059AE7-0E8B-4A13-9302-2B6272A7BCA6}.Debug|x64.Build.0 = Debug|Any CPU
		{07059AE7-0E8B-4A13-9302-2B6272A7BCA6}.Debug|x64.Deploy.0 = Debug|Any CPU
		{07059AE7-0E8B-4A13-9302-2B6272A7BCA6}.Debug|x86.ActiveCfg = Debug|Any CPU
		{07059AE7-0E8B-4A13-9302-2B6272A7BCA6}.Debug|x86.Build.0 = Debug|Any CPU
		{07059AE7-0E8B-4A13-9302-2B6272A7BCA6}.Debug|x86.Deploy.0 = Debug|Any CPU
		{07059AE7-0E8B-4A13-9302-2B6272A7BCA6}.Release|Any CPU.ActiveCfg = Release|Any CPU
		{07059AE7-0E8B-4A13-9302-2B6272A7BCA6}.Release|Any CPU.Build.0 = Release|Any CPU
		{07059AE7-0E8B-4A13-9302-2B6272A7BCA6}.Release|Any CPU.Deploy.0 = Release|Any CPU
		{07059AE7-0E8B-4A13-9302-2B6272A7BCA6}.Release|ARM.ActiveCfg = Release|Any CPU
		{07059AE7-0E8B-4A13-9302-2B6272A7BCA6}.Release|ARM.Build.0 = Release|Any CPU
		{07059AE7-0E8B-4A13-9302-2B6272A7BCA6}.Release|ARM.Deploy.0 = Release|Any CPU
		{07059AE7-0E8B-4A13-9302-2B6272A7BCA6}.Release|iPhone.ActiveCfg = Release|Any CPU
		{07059AE7-0E8B-4A13-9302-2B6272A7BCA6}.Release|iPhone.Build.0 = Release|Any CPU
		{07059AE7-0E8B-4A13-9302-2B6272A7BCA6}.Release|iPhone.Deploy.0 = Release|Any CPU
		{07059AE7-0E8B-4A13-9302-2B6272A7BCA6}.Release|iPhoneSimulator.ActiveCfg = Release|Any CPU
		{07059AE7-0E8B-4A13-9302-2B6272A7BCA6}.Release|iPhoneSimulator.Build.0 = Release|Any CPU
		{07059AE7-0E8B-4A13-9302-2B6272A7BCA6}.Release|iPhoneSimulator.Deploy.0 = Release|Any CPU
		{07059AE7-0E8B-4A13-9302-2B6272A7BCA6}.Release|x64.ActiveCfg = Release|Any CPU
		{07059AE7-0E8B-4A13-9302-2B6272A7BCA6}.Release|x64.Build.0 = Release|Any CPU
		{07059AE7-0E8B-4A13-9302-2B6272A7BCA6}.Release|x64.Deploy.0 = Release|Any CPU
		{07059AE7-0E8B-4A13-9302-2B6272A7BCA6}.Release|x86.ActiveCfg = Release|Any CPU
		{07059AE7-0E8B-4A13-9302-2B6272A7BCA6}.Release|x86.Build.0 = Release|Any CPU
		{07059AE7-0E8B-4A13-9302-2B6272A7BCA6}.Release|x86.Deploy.0 = Release|Any CPU
	EndGlobalSection
	GlobalSection(SolutionProperties) = preSolution
		HideSolutionNode = FALSE
	EndGlobalSection
	GlobalSection(ExtensibilityGlobals) = postSolution
		SolutionGuid = {E8A2D15B-8436-4CF8-932A-8509034C1835}
	EndGlobalSection
EndGlobal
