
Microsoft Visual Studio Solution File, Format Version 12.00
# Visual Studio 15
VisualStudioVersion = 15.0.28307.1022
MinimumVisualStudioVersion = 10.0.40219.1
Project("{FAE04EC0-301F-11D3-BF4B-00C04F79EFBC}") = "P10_Vagas.Android", "P10_Vagas\P10_Vagas.Android\P10_Vagas.Android.csproj", "{7EF0F55F-701E-4543-B5D8-4E324C3302A9}"
EndProject
Project("{FAE04EC0-301F-11D3-BF4B-00C04F79EFBC}") = "P10_Vagas.iOS", "P10_Vagas\P10_Vagas.iOS\P10_Vagas.iOS.csproj", "{8D0FBB0F-048D-4AB0-8346-2F03F0F918ED}"
EndProject
Project("{FAE04EC0-301F-11D3-BF4B-00C04F79EFBC}") = "P10_Vagas.UWP", "P10_Vagas\P10_Vagas.UWP\P10_Vagas.UWP.csproj", "{10EB5659-1B95-4525-A376-C01CDDD4F569}"
EndProject
Project("{FAE04EC0-301F-11D3-BF4B-00C04F79EFBC}") = "P10_Vagas", "P10_Vagas\P10_Vagas\P10_Vagas.csproj", "{983318CA-A8B2-43C9-B2A0-39BDC1CA4E67}"
EndProject
Global
	GlobalSection(SolutionConfigurationPlatforms) = preSolution
		Ad-Hoc|Any CPU = Ad-Hoc|Any CPU
		Ad-Hoc|ARM = Ad-Hoc|ARM
		Ad-Hoc|iPhone = Ad-Hoc|iPhone
		Ad-Hoc|iPhoneSimulator = Ad-Hoc|iPhoneSimulator
		Ad-Hoc|x64 = Ad-Hoc|x64
		Ad-Hoc|x86 = Ad-Hoc|x86
		AppStore|Any CPU = AppStore|Any CPU
		AppStore|ARM = AppStore|ARM
		AppStore|iPhone = AppStore|iPhone
		AppStore|iPhoneSimulator = AppStore|iPhoneSimulator
		AppStore|x64 = AppStore|x64
		AppStore|x86 = AppStore|x86
		Debug|Any CPU = Debug|Any CPU
		Debug|ARM = Debug|ARM
		Debug|iPhone = Debug|iPhone
		Debug|iPhoneSimulator = Debug|iPhoneSimulator
		Debug|x64 = Debug|x64
		Debug|x86 = Debug|x86
		Release|Any CPU = Release|Any CPU
		Release|ARM = Release|ARM
		Release|iPhone = Release|iPhone
		Release|iPhoneSimulator = Release|iPhoneSimulator
		Release|x64 = Release|x64
		Release|x86 = Release|x86
	EndGlobalSection
	GlobalSection(ProjectConfigurationPlatforms) = postSolution
		{7EF0F55F-701E-4543-B5D8-4E324C3302A9}.Ad-Hoc|Any CPU.ActiveCfg = Release|Any CPU
		{7EF0F55F-701E-4543-B5D8-4E324C3302A9}.Ad-Hoc|Any CPU.Build.0 = Release|Any CPU
		{7EF0F55F-701E-4543-B5D8-4E324C3302A9}.Ad-Hoc|Any CPU.Deploy.0 = Release|Any CPU
		{7EF0F55F-701E-4543-B5D8-4E324C3302A9}.Ad-Hoc|ARM.ActiveCfg = Release|Any CPU
		{7EF0F55F-701E-4543-B5D8-4E324C3302A9}.Ad-Hoc|ARM.Build.0 = Release|Any CPU
		{7EF0F55F-701E-4543-B5D8-4E324C3302A9}.Ad-Hoc|ARM.Deploy.0 = Release|Any CPU
		{7EF0F55F-701E-4543-B5D8-4E324C3302A9}.Ad-Hoc|iPhone.ActiveCfg = Release|Any CPU
		{7EF0F55F-701E-4543-B5D8-4E324C3302A9}.Ad-Hoc|iPhone.Build.0 = Release|Any CPU
		{7EF0F55F-701E-4543-B5D8-4E324C3302A9}.Ad-Hoc|iPhone.Deploy.0 = Release|Any CPU
		{7EF0F55F-701E-4543-B5D8-4E324C3302A9}.Ad-Hoc|iPhoneSimulator.ActiveCfg = Release|Any CPU
		{7EF0F55F-701E-4543-B5D8-4E324C3302A9}.Ad-Hoc|iPhoneSimulator.Build.0 = Release|Any CPU
		{7EF0F55F-701E-4543-B5D8-4E324C3302A9}.Ad-Hoc|iPhoneSimulator.Deploy.0 = Release|Any CPU
		{7EF0F55F-701E-4543-B5D8-4E324C3302A9}.Ad-Hoc|x64.ActiveCfg = Release|Any CPU
		{7EF0F55F-701E-4543-B5D8-4E324C3302A9}.Ad-Hoc|x64.Build.0 = Release|Any CPU
		{7EF0F55F-701E-4543-B5D8-4E324C3302A9}.Ad-Hoc|x64.Deploy.0 = Release|Any CPU
		{7EF0F55F-701E-4543-B5D8-4E324C3302A9}.Ad-Hoc|x86.ActiveCfg = Release|Any CPU
		{7EF0F55F-701E-4543-B5D8-4E324C3302A9}.Ad-Hoc|x86.Build.0 = Release|Any CPU
		{7EF0F55F-701E-4543-B5D8-4E324C3302A9}.Ad-Hoc|x86.Deploy.0 = Release|Any CPU
		{7EF0F55F-701E-4543-B5D8-4E324C3302A9}.AppStore|Any CPU.ActiveCfg = Release|Any CPU
		{7EF0F55F-701E-4543-B5D8-4E324C3302A9}.AppStore|Any CPU.Build.0 = Release|Any CPU
		{7EF0F55F-701E-4543-B5D8-4E324C3302A9}.AppStore|Any CPU.Deploy.0 = Release|Any CPU
		{7EF0F55F-701E-4543-B5D8-4E324C3302A9}.AppStore|ARM.ActiveCfg = Release|Any CPU
		{7EF0F55F-701E-4543-B5D8-4E324C3302A9}.AppStore|ARM.Build.0 = Release|Any CPU
		{7EF0F55F-701E-4543-B5D8-4E324C3302A9}.AppStore|ARM.Deploy.0 = Release|Any CPU
		{7EF0F55F-701E-4543-B5D8-4E324C3302A9}.AppStore|iPhone.ActiveCfg = Release|Any CPU
		{7EF0F55F-701E-4543-B5D8-4E324C3302A9}.AppStore|iPhone.Build.0 = Release|Any CPU
		{7EF0F55F-701E-4543-B5D8-4E324C3302A9}.AppStore|iPhone.Deploy.0 = Release|Any CPU
		{7EF0F55F-701E-4543-B5D8-4E324C3302A9}.AppStore|iPhoneSimulator.ActiveCfg = Release|Any CPU
		{7EF0F55F-701E-4543-B5D8-4E324C3302A9}.AppStore|iPhoneSimulator.Build.0 = Release|Any CPU
		{7EF0F55F-701E-4543-B5D8-4E324C3302A9}.AppStore|iPhoneSimulator.Deploy.0 = Release|Any CPU
		{7EF0F55F-701E-4543-B5D8-4E324C3302A9}.AppStore|x64.ActiveCfg = Release|Any CPU
		{7EF0F55F-701E-4543-B5D8-4E324C3302A9}.AppStore|x64.Build.0 = Release|Any CPU
		{7EF0F55F-701E-4543-B5D8-4E324C3302A9}.AppStore|x64.Deploy.0 = Release|Any CPU
		{7EF0F55F-701E-4543-B5D8-4E324C3302A9}.AppStore|x86.ActiveCfg = Release|Any CPU
		{7EF0F55F-701E-4543-B5D8-4E324C3302A9}.AppStore|x86.Build.0 = Release|Any CPU
		{7EF0F55F-701E-4543-B5D8-4E324C3302A9}.AppStore|x86.Deploy.0 = Release|Any CPU
		{7EF0F55F-701E-4543-B5D8-4E324C3302A9}.Debug|Any CPU.ActiveCfg = Debug|Any CPU
		{7EF0F55F-701E-4543-B5D8-4E324C3302A9}.Debug|Any CPU.Build.0 = Debug|Any CPU
		{7EF0F55F-701E-4543-B5D8-4E324C3302A9}.Debug|Any CPU.Deploy.0 = Debug|Any CPU
		{7EF0F55F-701E-4543-B5D8-4E324C3302A9}.Debug|ARM.ActiveCfg = Debug|Any CPU
		{7EF0F55F-701E-4543-B5D8-4E324C3302A9}.Debug|ARM.Build.0 = Debug|Any CPU
		{7EF0F55F-701E-4543-B5D8-4E324C3302A9}.Debug|ARM.Deploy.0 = Debug|Any CPU
		{7EF0F55F-701E-4543-B5D8-4E324C3302A9}.Debug|iPhone.ActiveCfg = Debug|Any CPU
		{7EF0F55F-701E-4543-B5D8-4E324C3302A9}.Debug|iPhone.Build.0 = Debug|Any CPU
		{7EF0F55F-701E-4543-B5D8-4E324C3302A9}.Debug|iPhone.Deploy.0 = Debug|Any CPU
		{7EF0F55F-701E-4543-B5D8-4E324C3302A9}.Debug|iPhoneSimulator.ActiveCfg = Debug|Any CPU
		{7EF0F55F-701E-4543-B5D8-4E324C3302A9}.Debug|iPhoneSimulator.Build.0 = Debug|Any CPU
		{7EF0F55F-701E-4543-B5D8-4E324C3302A9}.Debug|iPhoneSimulator.Deploy.0 = Debug|Any CPU
		{7EF0F55F-701E-4543-B5D8-4E324C3302A9}.Debug|x64.ActiveCfg = Debug|Any CPU
		{7EF0F55F-701E-4543-B5D8-4E324C3302A9}.Debug|x64.Build.0 = Debug|Any CPU
		{7EF0F55F-701E-4543-B5D8-4E324C3302A9}.Debug|x64.Deploy.0 = Debug|Any CPU
		{7EF0F55F-701E-4543-B5D8-4E324C3302A9}.Debug|x86.ActiveCfg = Debug|Any CPU
		{7EF0F55F-701E-4543-B5D8-4E324C3302A9}.Debug|x86.Build.0 = Debug|Any CPU
		{7EF0F55F-701E-4543-B5D8-4E324C3302A9}.Debug|x86.Deploy.0 = Debug|Any CPU
		{7EF0F55F-701E-4543-B5D8-4E324C3302A9}.Release|Any CPU.ActiveCfg = Release|Any CPU
		{7EF0F55F-701E-4543-B5D8-4E324C3302A9}.Release|Any CPU.Build.0 = Release|Any CPU
		{7EF0F55F-701E-4543-B5D8-4E324C3302A9}.Release|Any CPU.Deploy.0 = Release|Any CPU
		{7EF0F55F-701E-4543-B5D8-4E324C3302A9}.Release|ARM.ActiveCfg = Release|Any CPU
		{7EF0F55F-701E-4543-B5D8-4E324C3302A9}.Release|ARM.Build.0 = Release|Any CPU
		{7EF0F55F-701E-4543-B5D8-4E324C3302A9}.Release|ARM.Deploy.0 = Release|Any CPU
		{7EF0F55F-701E-4543-B5D8-4E324C3302A9}.Release|iPhone.ActiveCfg = Release|Any CPU
		{7EF0F55F-701E-4543-B5D8-4E324C3302A9}.Release|iPhone.Build.0 = Release|Any CPU
		{7EF0F55F-701E-4543-B5D8-4E324C3302A9}.Release|iPhone.Deploy.0 = Release|Any CPU
		{7EF0F55F-701E-4543-B5D8-4E324C3302A9}.Release|iPhoneSimulator.ActiveCfg = Release|Any CPU
		{7EF0F55F-701E-4543-B5D8-4E324C3302A9}.Release|iPhoneSimulator.Build.0 = Release|Any CPU
		{7EF0F55F-701E-4543-B5D8-4E324C3302A9}.Release|iPhoneSimulator.Deploy.0 = Release|Any CPU
		{7EF0F55F-701E-4543-B5D8-4E324C3302A9}.Release|x64.ActiveCfg = Release|Any CPU
		{7EF0F55F-701E-4543-B5D8-4E324C3302A9}.Release|x64.Build.0 = Release|Any CPU
		{7EF0F55F-701E-4543-B5D8-4E324C3302A9}.Release|x64.Deploy.0 = Release|Any CPU
		{7EF0F55F-701E-4543-B5D8-4E324C3302A9}.Release|x86.ActiveCfg = Release|Any CPU
		{7EF0F55F-701E-4543-B5D8-4E324C3302A9}.Release|x86.Build.0 = Release|Any CPU
		{7EF0F55F-701E-4543-B5D8-4E324C3302A9}.Release|x86.Deploy.0 = Release|Any CPU
		{8D0FBB0F-048D-4AB0-8346-2F03F0F918ED}.Ad-Hoc|Any CPU.ActiveCfg = Ad-Hoc|iPhone
		{8D0FBB0F-048D-4AB0-8346-2F03F0F918ED}.Ad-Hoc|Any CPU.Build.0 = Ad-Hoc|iPhone
		{8D0FBB0F-048D-4AB0-8346-2F03F0F918ED}.Ad-Hoc|Any CPU.Deploy.0 = Ad-Hoc|iPhone
		{8D0FBB0F-048D-4AB0-8346-2F03F0F918ED}.Ad-Hoc|ARM.ActiveCfg = Ad-Hoc|iPhone
		{8D0FBB0F-048D-4AB0-8346-2F03F0F918ED}.Ad-Hoc|ARM.Build.0 = Ad-Hoc|iPhone
		{8D0FBB0F-048D-4AB0-8346-2F03F0F918ED}.Ad-Hoc|ARM.Deploy.0 = Ad-Hoc|iPhone
		{8D0FBB0F-048D-4AB0-8346-2F03F0F918ED}.Ad-Hoc|iPhone.ActiveCfg = Ad-Hoc|iPhone
		{8D0FBB0F-048D-4AB0-8346-2F03F0F918ED}.Ad-Hoc|iPhone.Build.0 = Ad-Hoc|iPhone
		{8D0FBB0F-048D-4AB0-8346-2F03F0F918ED}.Ad-Hoc|iPhone.Deploy.0 = Ad-Hoc|iPhone
		{8D0FBB0F-048D-4AB0-8346-2F03F0F918ED}.Ad-Hoc|iPhoneSimulator.ActiveCfg = Ad-Hoc|iPhoneSimulator
		{8D0FBB0F-048D-4AB0-8346-2F03F0F918ED}.Ad-Hoc|iPhoneSimulator.Build.0 = Ad-Hoc|iPhoneSimulator
		{8D0FBB0F-048D-4AB0-8346-2F03F0F918ED}.Ad-Hoc|iPhoneSimulator.Deploy.0 = Ad-Hoc|iPhoneSimulator
		{8D0FBB0F-048D-4AB0-8346-2F03F0F918ED}.Ad-Hoc|x64.ActiveCfg = Ad-Hoc|iPhone
		{8D0FBB0F-048D-4AB0-8346-2F03F0F918ED}.Ad-Hoc|x64.Build.0 = Ad-Hoc|iPhone
		{8D0FBB0F-048D-4AB0-8346-2F03F0F918ED}.Ad-Hoc|x64.Deploy.0 = Ad-Hoc|iPhone
		{8D0FBB0F-048D-4AB0-8346-2F03F0F918ED}.Ad-Hoc|x86.ActiveCfg = Ad-Hoc|iPhone
		{8D0FBB0F-048D-4AB0-8346-2F03F0F918ED}.Ad-Hoc|x86.Build.0 = Ad-Hoc|iPhone
		{8D0FBB0F-048D-4AB0-8346-2F03F0F918ED}.Ad-Hoc|x86.Deploy.0 = Ad-Hoc|iPhone
		{8D0FBB0F-048D-4AB0-8346-2F03F0F918ED}.AppStore|Any CPU.ActiveCfg = AppStore|iPhone
		{8D0FBB0F-048D-4AB0-8346-2F03F0F918ED}.AppStore|Any CPU.Build.0 = AppStore|iPhone
		{8D0FBB0F-048D-4AB0-8346-2F03F0F918ED}.AppStore|Any CPU.Deploy.0 = AppStore|iPhone
		{8D0FBB0F-048D-4AB0-8346-2F03F0F918ED}.AppStore|ARM.ActiveCfg = AppStore|iPhone
		{8D0FBB0F-048D-4AB0-8346-2F03F0F918ED}.AppStore|ARM.Build.0 = AppStore|iPhone
		{8D0FBB0F-048D-4AB0-8346-2F03F0F918ED}.AppStore|ARM.Deploy.0 = AppStore|iPhone
		{8D0FBB0F-048D-4AB0-8346-2F03F0F918ED}.AppStore|iPhone.ActiveCfg = AppStore|iPhone
		{8D0FBB0F-048D-4AB0-8346-2F03F0F918ED}.AppStore|iPhone.Build.0 = AppStore|iPhone
		{8D0FBB0F-048D-4AB0-8346-2F03F0F918ED}.AppStore|iPhone.Deploy.0 = AppStore|iPhone
		{8D0FBB0F-048D-4AB0-8346-2F03F0F918ED}.AppStore|iPhoneSimulator.ActiveCfg = AppStore|iPhoneSimulator
		{8D0FBB0F-048D-4AB0-8346-2F03F0F918ED}.AppStore|iPhoneSimulator.Build.0 = AppStore|iPhoneSimulator
		{8D0FBB0F-048D-4AB0-8346-2F03F0F918ED}.AppStore|iPhoneSimulator.Deploy.0 = AppStore|iPhoneSimulator
		{8D0FBB0F-048D-4AB0-8346-2F03F0F918ED}.AppStore|x64.ActiveCfg = AppStore|iPhone
		{8D0FBB0F-048D-4AB0-8346-2F03F0F918ED}.AppStore|x64.Build.0 = AppStore|iPhone
		{8D0FBB0F-048D-4AB0-8346-2F03F0F918ED}.AppStore|x64.Deploy.0 = AppStore|iPhone
		{8D0FBB0F-048D-4AB0-8346-2F03F0F918ED}.AppStore|x86.ActiveCfg = AppStore|iPhone
		{8D0FBB0F-048D-4AB0-8346-2F03F0F918ED}.AppStore|x86.Build.0 = AppStore|iPhone
		{8D0FBB0F-048D-4AB0-8346-2F03F0F918ED}.AppStore|x86.Deploy.0 = AppStore|iPhone
		{8D0FBB0F-048D-4AB0-8346-2F03F0F918ED}.Debug|Any CPU.ActiveCfg = Debug|iPhoneSimulator
		{8D0FBB0F-048D-4AB0-8346-2F03F0F918ED}.Debug|Any CPU.Build.0 = Debug|iPhoneSimulator
		{8D0FBB0F-048D-4AB0-8346-2F03F0F918ED}.Debug|Any CPU.Deploy.0 = Debug|iPhoneSimulator
		{8D0FBB0F-048D-4AB0-8346-2F03F0F918ED}.Debug|ARM.ActiveCfg = Debug|iPhone
		{8D0FBB0F-048D-4AB0-8346-2F03F0F918ED}.Debug|ARM.Build.0 = Debug|iPhone
		{8D0FBB0F-048D-4AB0-8346-2F03F0F918ED}.Debug|ARM.Deploy.0 = Debug|iPhone
		{8D0FBB0F-048D-4AB0-8346-2F03F0F918ED}.Debug|iPhone.ActiveCfg = Debug|iPhone
		{8D0FBB0F-048D-4AB0-8346-2F03F0F918ED}.Debug|iPhone.Build.0 = Debug|iPhone
		{8D0FBB0F-048D-4AB0-8346-2F03F0F918ED}.Debug|iPhone.Deploy.0 = Debug|iPhone
		{8D0FBB0F-048D-4AB0-8346-2F03F0F918ED}.Debug|iPhoneSimulator.ActiveCfg = Debug|iPhoneSimulator
		{8D0FBB0F-048D-4AB0-8346-2F03F0F918ED}.Debug|iPhoneSimulator.Build.0 = Debug|iPhoneSimulator
		{8D0FBB0F-048D-4AB0-8346-2F03F0F918ED}.Debug|iPhoneSimulator.Deploy.0 = Debug|iPhoneSimulator
		{8D0FBB0F-048D-4AB0-8346-2F03F0F918ED}.Debug|x64.ActiveCfg = Debug|iPhone
		{8D0FBB0F-048D-4AB0-8346-2F03F0F918ED}.Debug|x64.Build.0 = Debug|iPhone
		{8D0FBB0F-048D-4AB0-8346-2F03F0F918ED}.Debug|x64.Deploy.0 = Debug|iPhone
		{8D0FBB0F-048D-4AB0-8346-2F03F0F918ED}.Debug|x86.ActiveCfg = Debug|iPhone
		{8D0FBB0F-048D-4AB0-8346-2F03F0F918ED}.Debug|x86.Build.0 = Debug|iPhone
		{8D0FBB0F-048D-4AB0-8346-2F03F0F918ED}.Debug|x86.Deploy.0 = Debug|iPhone
		{8D0FBB0F-048D-4AB0-8346-2F03F0F918ED}.Release|Any CPU.ActiveCfg = Release|iPhone
		{8D0FBB0F-048D-4AB0-8346-2F03F0F918ED}.Release|Any CPU.Build.0 = Release|iPhone
		{8D0FBB0F-048D-4AB0-8346-2F03F0F918ED}.Release|Any CPU.Deploy.0 = Release|iPhone
		{8D0FBB0F-048D-4AB0-8346-2F03F0F918ED}.Release|ARM.ActiveCfg = Release|iPhone
		{8D0FBB0F-048D-4AB0-8346-2F03F0F918ED}.Release|ARM.Build.0 = Release|iPhone
		{8D0FBB0F-048D-4AB0-8346-2F03F0F918ED}.Release|ARM.Deploy.0 = Release|iPhone
		{8D0FBB0F-048D-4AB0-8346-2F03F0F918ED}.Release|iPhone.ActiveCfg = Release|iPhone
		{8D0FBB0F-048D-4AB0-8346-2F03F0F918ED}.Release|iPhone.Build.0 = Release|iPhone
		{8D0FBB0F-048D-4AB0-8346-2F03F0F918ED}.Release|iPhone.Deploy.0 = Release|iPhone
		{8D0FBB0F-048D-4AB0-8346-2F03F0F918ED}.Release|iPhoneSimulator.ActiveCfg = Release|iPhoneSimulator
		{8D0FBB0F-048D-4AB0-8346-2F03F0F918ED}.Release|iPhoneSimulator.Build.0 = Release|iPhoneSimulator
		{8D0FBB0F-048D-4AB0-8346-2F03F0F918ED}.Release|iPhoneSimulator.Deploy.0 = Release|iPhoneSimulator
		{8D0FBB0F-048D-4AB0-8346-2F03F0F918ED}.Release|x64.ActiveCfg = Release|iPhone
		{8D0FBB0F-048D-4AB0-8346-2F03F0F918ED}.Release|x64.Build.0 = Release|iPhone
		{8D0FBB0F-048D-4AB0-8346-2F03F0F918ED}.Release|x64.Deploy.0 = Release|iPhone
		{8D0FBB0F-048D-4AB0-8346-2F03F0F918ED}.Release|x86.ActiveCfg = Release|iPhone
		{8D0FBB0F-048D-4AB0-8346-2F03F0F918ED}.Release|x86.Build.0 = Release|iPhone
		{8D0FBB0F-048D-4AB0-8346-2F03F0F918ED}.Release|x86.Deploy.0 = Release|iPhone
		{10EB5659-1B95-4525-A376-C01CDDD4F569}.Ad-Hoc|Any CPU.ActiveCfg = Release|x86
		{10EB5659-1B95-4525-A376-C01CDDD4F569}.Ad-Hoc|Any CPU.Build.0 = Release|x86
		{10EB5659-1B95-4525-A376-C01CDDD4F569}.Ad-Hoc|Any CPU.Deploy.0 = Release|x86
		{10EB5659-1B95-4525-A376-C01CDDD4F569}.Ad-Hoc|ARM.ActiveCfg = Release|ARM
		{10EB5659-1B95-4525-A376-C01CDDD4F569}.Ad-Hoc|ARM.Build.0 = Release|ARM
		{10EB5659-1B95-4525-A376-C01CDDD4F569}.Ad-Hoc|ARM.Deploy.0 = Release|ARM
		{10EB5659-1B95-4525-A376-C01CDDD4F569}.Ad-Hoc|iPhone.ActiveCfg = Release|x86
		{10EB5659-1B95-4525-A376-C01CDDD4F569}.Ad-Hoc|iPhone.Build.0 = Release|x86
		{10EB5659-1B95-4525-A376-C01CDDD4F569}.Ad-Hoc|iPhone.Deploy.0 = Release|x86
		{10EB5659-1B95-4525-A376-C01CDDD4F569}.Ad-Hoc|iPhoneSimulator.ActiveCfg = Release|x86
		{10EB5659-1B95-4525-A376-C01CDDD4F569}.Ad-Hoc|iPhoneSimulator.Build.0 = Release|x86
		{10EB5659-1B95-4525-A376-C01CDDD4F569}.Ad-Hoc|iPhoneSimulator.Deploy.0 = Release|x86
		{10EB5659-1B95-4525-A376-C01CDDD4F569}.Ad-Hoc|x64.ActiveCfg = Release|x64
		{10EB5659-1B95-4525-A376-C01CDDD4F569}.Ad-Hoc|x64.Build.0 = Release|x64
		{10EB5659-1B95-4525-A376-C01CDDD4F569}.Ad-Hoc|x64.Deploy.0 = Release|x64
		{10EB5659-1B95-4525-A376-C01CDDD4F569}.Ad-Hoc|x86.ActiveCfg = Release|x86
		{10EB5659-1B95-4525-A376-C01CDDD4F569}.Ad-Hoc|x86.Build.0 = Release|x86
		{10EB5659-1B95-4525-A376-C01CDDD4F569}.Ad-Hoc|x86.Deploy.0 = Release|x86
		{10EB5659-1B95-4525-A376-C01CDDD4F569}.AppStore|Any CPU.ActiveCfg = Release|x86
		{10EB5659-1B95-4525-A376-C01CDDD4F569}.AppStore|Any CPU.Build.0 = Release|x86
		{10EB5659-1B95-4525-A376-C01CDDD4F569}.AppStore|Any CPU.Deploy.0 = Release|x86
		{10EB5659-1B95-4525-A376-C01CDDD4F569}.AppStore|ARM.ActiveCfg = Release|ARM
		{10EB5659-1B95-4525-A376-C01CDDD4F569}.AppStore|ARM.Build.0 = Release|ARM
		{10EB5659-1B95-4525-A376-C01CDDD4F569}.AppStore|ARM.Deploy.0 = Release|ARM
		{10EB5659-1B95-4525-A376-C01CDDD4F569}.AppStore|iPhone.ActiveCfg = Release|x86
		{10EB5659-1B95-4525-A376-C01CDDD4F569}.AppStore|iPhone.Build.0 = Release|x86
		{10EB5659-1B95-4525-A376-C01CDDD4F569}.AppStore|iPhone.Deploy.0 = Release|x86
		{10EB5659-1B95-4525-A376-C01CDDD4F569}.AppStore|iPhoneSimulator.ActiveCfg = Release|x86
		{10EB5659-1B95-4525-A376-C01CDDD4F569}.AppStore|iPhoneSimulator.Build.0 = Release|x86
		{10EB5659-1B95-4525-A376-C01CDDD4F569}.AppStore|iPhoneSimulator.Deploy.0 = Release|x86
		{10EB5659-1B95-4525-A376-C01CDDD4F569}.AppStore|x64.ActiveCfg = Release|x64
		{10EB5659-1B95-4525-A376-C01CDDD4F569}.AppStore|x64.Build.0 = Release|x64
		{10EB5659-1B95-4525-A376-C01CDDD4F569}.AppStore|x64.Deploy.0 = Release|x64
		{10EB5659-1B95-4525-A376-C01CDDD4F569}.AppStore|x86.ActiveCfg = Release|x86
		{10EB5659-1B95-4525-A376-C01CDDD4F569}.AppStore|x86.Build.0 = Release|x86
		{10EB5659-1B95-4525-A376-C01CDDD4F569}.AppStore|x86.Deploy.0 = Release|x86
		{10EB5659-1B95-4525-A376-C01CDDD4F569}.Debug|Any CPU.ActiveCfg = Debug|x86
		{10EB5659-1B95-4525-A376-C01CDDD4F569}.Debug|Any CPU.Build.0 = Debug|x86
		{10EB5659-1B95-4525-A376-C01CDDD4F569}.Debug|Any CPU.Deploy.0 = Debug|x86
		{10EB5659-1B95-4525-A376-C01CDDD4F569}.Debug|ARM.ActiveCfg = Debug|ARM
		{10EB5659-1B95-4525-A376-C01CDDD4F569}.Debug|ARM.Build.0 = Debug|ARM
		{10EB5659-1B95-4525-A376-C01CDDD4F569}.Debug|ARM.Deploy.0 = Debug|ARM
		{10EB5659-1B95-4525-A376-C01CDDD4F569}.Debug|iPhone.ActiveCfg = Debug|x86
		{10EB5659-1B95-4525-A376-C01CDDD4F569}.Debug|iPhone.Build.0 = Debug|x86
		{10EB5659-1B95-4525-A376-C01CDDD4F569}.Debug|iPhone.Deploy.0 = Debug|x86
		{10EB5659-1B95-4525-A376-C01CDDD4F569}.Debug|iPhoneSimulator.ActiveCfg = Debug|x86
		{10EB5659-1B95-4525-A376-C01CDDD4F569}.Debug|iPhoneSimulator.Build.0 = Debug|x86
		{10EB5659-1B95-4525-A376-C01CDDD4F569}.Debug|iPhoneSimulator.Deploy.0 = Debug|x86
		{10EB5659-1B95-4525-A376-C01CDDD4F569}.Debug|x64.ActiveCfg = Debug|x64
		{10EB5659-1B95-4525-A376-C01CDDD4F569}.Debug|x64.Build.0 = Debug|x64
		{10EB5659-1B95-4525-A376-C01CDDD4F569}.Debug|x64.Deploy.0 = Debug|x64
		{10EB5659-1B95-4525-A376-C01CDDD4F569}.Debug|x86.ActiveCfg = Debug|x86
		{10EB5659-1B95-4525-A376-C01CDDD4F569}.Debug|x86.Build.0 = Debug|x86
		{10EB5659-1B95-4525-A376-C01CDDD4F569}.Debug|x86.Deploy.0 = Debug|x86
		{10EB5659-1B95-4525-A376-C01CDDD4F569}.Release|Any CPU.ActiveCfg = Release|x86
		{10EB5659-1B95-4525-A376-C01CDDD4F569}.Release|Any CPU.Build.0 = Release|x86
		{10EB5659-1B95-4525-A376-C01CDDD4F569}.Release|Any CPU.Deploy.0 = Release|x86
		{10EB5659-1B95-4525-A376-C01CDDD4F569}.Release|ARM.ActiveCfg = Release|ARM
		{10EB5659-1B95-4525-A376-C01CDDD4F569}.Release|ARM.Build.0 = Release|ARM
		{10EB5659-1B95-4525-A376-C01CDDD4F569}.Release|ARM.Deploy.0 = Release|ARM
		{10EB5659-1B95-4525-A376-C01CDDD4F569}.Release|iPhone.ActiveCfg = Release|x86
		{10EB5659-1B95-4525-A376-C01CDDD4F569}.Release|iPhone.Build.0 = Release|x86
		{10EB5659-1B95-4525-A376-C01CDDD4F569}.Release|iPhone.Deploy.0 = Release|x86
		{10EB5659-1B95-4525-A376-C01CDDD4F569}.Release|iPhoneSimulator.ActiveCfg = Release|x86
		{10EB5659-1B95-4525-A376-C01CDDD4F569}.Release|iPhoneSimulator.Build.0 = Release|x86
		{10EB5659-1B95-4525-A376-C01CDDD4F569}.Release|iPhoneSimulator.Deploy.0 = Release|x86
		{10EB5659-1B95-4525-A376-C01CDDD4F569}.Release|x64.ActiveCfg = Release|x64
		{10EB5659-1B95-4525-A376-C01CDDD4F569}.Release|x64.Build.0 = Release|x64
		{10EB5659-1B95-4525-A376-C01CDDD4F569}.Release|x64.Deploy.0 = Release|x64
		{10EB5659-1B95-4525-A376-C01CDDD4F569}.Release|x86.ActiveCfg = Release|x86
		{10EB5659-1B95-4525-A376-C01CDDD4F569}.Release|x86.Build.0 = Release|x86
		{10EB5659-1B95-4525-A376-C01CDDD4F569}.Release|x86.Deploy.0 = Release|x86
		{983318CA-A8B2-43C9-B2A0-39BDC1CA4E67}.Ad-Hoc|Any CPU.ActiveCfg = Debug|Any CPU
		{983318CA-A8B2-43C9-B2A0-39BDC1CA4E67}.Ad-Hoc|Any CPU.Build.0 = Debug|Any CPU
		{983318CA-A8B2-43C9-B2A0-39BDC1CA4E67}.Ad-Hoc|Any CPU.Deploy.0 = Debug|Any CPU
		{983318CA-A8B2-43C9-B2A0-39BDC1CA4E67}.Ad-Hoc|ARM.ActiveCfg = Debug|Any CPU
		{983318CA-A8B2-43C9-B2A0-39BDC1CA4E67}.Ad-Hoc|ARM.Build.0 = Debug|Any CPU
		{983318CA-A8B2-43C9-B2A0-39BDC1CA4E67}.Ad-Hoc|ARM.Deploy.0 = Debug|Any CPU
		{983318CA-A8B2-43C9-B2A0-39BDC1CA4E67}.Ad-Hoc|iPhone.ActiveCfg = Debug|Any CPU
		{983318CA-A8B2-43C9-B2A0-39BDC1CA4E67}.Ad-Hoc|iPhone.Build.0 = Debug|Any CPU
		{983318CA-A8B2-43C9-B2A0-39BDC1CA4E67}.Ad-Hoc|iPhone.Deploy.0 = Debug|Any CPU
		{983318CA-A8B2-43C9-B2A0-39BDC1CA4E67}.Ad-Hoc|iPhoneSimulator.ActiveCfg = Debug|Any CPU
		{983318CA-A8B2-43C9-B2A0-39BDC1CA4E67}.Ad-Hoc|iPhoneSimulator.Build.0 = Debug|Any CPU
		{983318CA-A8B2-43C9-B2A0-39BDC1CA4E67}.Ad-Hoc|iPhoneSimulator.Deploy.0 = Debug|Any CPU
		{983318CA-A8B2-43C9-B2A0-39BDC1CA4E67}.Ad-Hoc|x64.ActiveCfg = Debug|Any CPU
		{983318CA-A8B2-43C9-B2A0-39BDC1CA4E67}.Ad-Hoc|x64.Build.0 = Debug|Any CPU
		{983318CA-A8B2-43C9-B2A0-39BDC1CA4E67}.Ad-Hoc|x64.Deploy.0 = Debug|Any CPU
		{983318CA-A8B2-43C9-B2A0-39BDC1CA4E67}.Ad-Hoc|x86.ActiveCfg = Debug|Any CPU
		{983318CA-A8B2-43C9-B2A0-39BDC1CA4E67}.Ad-Hoc|x86.Build.0 = Debug|Any CPU
		{983318CA-A8B2-43C9-B2A0-39BDC1CA4E67}.Ad-Hoc|x86.Deploy.0 = Debug|Any CPU
		{983318CA-A8B2-43C9-B2A0-39BDC1CA4E67}.AppStore|Any CPU.ActiveCfg = Debug|Any CPU
		{983318CA-A8B2-43C9-B2A0-39BDC1CA4E67}.AppStore|Any CPU.Build.0 = Debug|Any CPU
		{983318CA-A8B2-43C9-B2A0-39BDC1CA4E67}.AppStore|Any CPU.Deploy.0 = Debug|Any CPU
		{983318CA-A8B2-43C9-B2A0-39BDC1CA4E67}.AppStore|ARM.ActiveCfg = Debug|Any CPU
		{983318CA-A8B2-43C9-B2A0-39BDC1CA4E67}.AppStore|ARM.Build.0 = Debug|Any CPU
		{983318CA-A8B2-43C9-B2A0-39BDC1CA4E67}.AppStore|ARM.Deploy.0 = Debug|Any CPU
		{983318CA-A8B2-43C9-B2A0-39BDC1CA4E67}.AppStore|iPhone.ActiveCfg = Debug|Any CPU
		{983318CA-A8B2-43C9-B2A0-39BDC1CA4E67}.AppStore|iPhone.Build.0 = Debug|Any CPU
		{983318CA-A8B2-43C9-B2A0-39BDC1CA4E67}.AppStore|iPhone.Deploy.0 = Debug|Any CPU
		{983318CA-A8B2-43C9-B2A0-39BDC1CA4E67}.AppStore|iPhoneSimulator.ActiveCfg = Debug|Any CPU
		{983318CA-A8B2-43C9-B2A0-39BDC1CA4E67}.AppStore|iPhoneSimulator.Build.0 = Debug|Any CPU
		{983318CA-A8B2-43C9-B2A0-39BDC1CA4E67}.AppStore|iPhoneSimulator.Deploy.0 = Debug|Any CPU
		{983318CA-A8B2-43C9-B2A0-39BDC1CA4E67}.AppStore|x64.ActiveCfg = Debug|Any CPU
		{983318CA-A8B2-43C9-B2A0-39BDC1CA4E67}.AppStore|x64.Build.0 = Debug|Any CPU
		{983318CA-A8B2-43C9-B2A0-39BDC1CA4E67}.AppStore|x64.Deploy.0 = Debug|Any CPU
		{983318CA-A8B2-43C9-B2A0-39BDC1CA4E67}.AppStore|x86.ActiveCfg = Debug|Any CPU
		{983318CA-A8B2-43C9-B2A0-39BDC1CA4E67}.AppStore|x86.Build.0 = Debug|Any CPU
		{983318CA-A8B2-43C9-B2A0-39BDC1CA4E67}.AppStore|x86.Deploy.0 = Debug|Any CPU
		{983318CA-A8B2-43C9-B2A0-39BDC1CA4E67}.Debug|Any CPU.ActiveCfg = Debug|Any CPU
		{983318CA-A8B2-43C9-B2A0-39BDC1CA4E67}.Debug|Any CPU.Build.0 = Debug|Any CPU
		{983318CA-A8B2-43C9-B2A0-39BDC1CA4E67}.Debug|Any CPU.Deploy.0 = Debug|Any CPU
		{983318CA-A8B2-43C9-B2A0-39BDC1CA4E67}.Debug|ARM.ActiveCfg = Debug|Any CPU
		{983318CA-A8B2-43C9-B2A0-39BDC1CA4E67}.Debug|ARM.Build.0 = Debug|Any CPU
		{983318CA-A8B2-43C9-B2A0-39BDC1CA4E67}.Debug|ARM.Deploy.0 = Debug|Any CPU
		{983318CA-A8B2-43C9-B2A0-39BDC1CA4E67}.Debug|iPhone.ActiveCfg = Debug|Any CPU
		{983318CA-A8B2-43C9-B2A0-39BDC1CA4E67}.Debug|iPhone.Build.0 = Debug|Any CPU
		{983318CA-A8B2-43C9-B2A0-39BDC1CA4E67}.Debug|iPhone.Deploy.0 = Debug|Any CPU
		{983318CA-A8B2-43C9-B2A0-39BDC1CA4E67}.Debug|iPhoneSimulator.ActiveCfg = Debug|Any CPU
		{983318CA-A8B2-43C9-B2A0-39BDC1CA4E67}.Debug|iPhoneSimulator.Build.0 = Debug|Any CPU
		{983318CA-A8B2-43C9-B2A0-39BDC1CA4E67}.Debug|iPhoneSimulator.Deploy.0 = Debug|Any CPU
		{983318CA-A8B2-43C9-B2A0-39BDC1CA4E67}.Debug|x64.ActiveCfg = Debug|Any CPU
		{983318CA-A8B2-43C9-B2A0-39BDC1CA4E67}.Debug|x64.Build.0 = Debug|Any CPU
		{983318CA-A8B2-43C9-B2A0-39BDC1CA4E67}.Debug|x64.Deploy.0 = Debug|Any CPU
		{983318CA-A8B2-43C9-B2A0-39BDC1CA4E67}.Debug|x86.ActiveCfg = Debug|Any CPU
		{983318CA-A8B2-43C9-B2A0-39BDC1CA4E67}.Debug|x86.Build.0 = Debug|Any CPU
		{983318CA-A8B2-43C9-B2A0-39BDC1CA4E67}.Debug|x86.Deploy.0 = Debug|Any CPU
		{983318CA-A8B2-43C9-B2A0-39BDC1CA4E67}.Release|Any CPU.ActiveCfg = Release|Any CPU
		{983318CA-A8B2-43C9-B2A0-39BDC1CA4E67}.Release|Any CPU.Build.0 = Release|Any CPU
		{983318CA-A8B2-43C9-B2A0-39BDC1CA4E67}.Release|Any CPU.Deploy.0 = Release|Any CPU
		{983318CA-A8B2-43C9-B2A0-39BDC1CA4E67}.Release|ARM.ActiveCfg = Release|Any CPU
		{983318CA-A8B2-43C9-B2A0-39BDC1CA4E67}.Release|ARM.Build.0 = Release|Any CPU
		{983318CA-A8B2-43C9-B2A0-39BDC1CA4E67}.Release|ARM.Deploy.0 = Release|Any CPU
		{983318CA-A8B2-43C9-B2A0-39BDC1CA4E67}.Release|iPhone.ActiveCfg = Release|Any CPU
		{983318CA-A8B2-43C9-B2A0-39BDC1CA4E67}.Release|iPhone.Build.0 = Release|Any CPU
		{983318CA-A8B2-43C9-B2A0-39BDC1CA4E67}.Release|iPhone.Deploy.0 = Release|Any CPU
		{983318CA-A8B2-43C9-B2A0-39BDC1CA4E67}.Release|iPhoneSimulator.ActiveCfg = Release|Any CPU
		{983318CA-A8B2-43C9-B2A0-39BDC1CA4E67}.Release|iPhoneSimulator.Build.0 = Release|Any CPU
		{983318CA-A8B2-43C9-B2A0-39BDC1CA4E67}.Release|iPhoneSimulator.Deploy.0 = Release|Any CPU
		{983318CA-A8B2-43C9-B2A0-39BDC1CA4E67}.Release|x64.ActiveCfg = Release|Any CPU
		{983318CA-A8B2-43C9-B2A0-39BDC1CA4E67}.Release|x64.Build.0 = Release|Any CPU
		{983318CA-A8B2-43C9-B2A0-39BDC1CA4E67}.Release|x64.Deploy.0 = Release|Any CPU
		{983318CA-A8B2-43C9-B2A0-39BDC1CA4E67}.Release|x86.ActiveCfg = Release|Any CPU
		{983318CA-A8B2-43C9-B2A0-39BDC1CA4E67}.Release|x86.Build.0 = Release|Any CPU
		{983318CA-A8B2-43C9-B2A0-39BDC1CA4E67}.Release|x86.Deploy.0 = Release|Any CPU
	EndGlobalSection
	GlobalSection(SolutionProperties) = preSolution
		HideSolutionNode = FALSE
	EndGlobalSection
	GlobalSection(ExtensibilityGlobals) = postSolution
		SolutionGuid = {DBD15FDD-9652-4A38-9EC1-01F606A432C0}
	EndGlobalSection
EndGlobal
